
Microsoft Visual Studio Solution File, Format Version 12.00
# Visual Studio Version 16
VisualStudioVersion = 16.0.29201.188
MinimumVisualStudioVersion = 10.0.40219.1
Project("{2150E333-8FDC-42A3-9474-1A3956D46DE8}") = "ST.WebHosts", "ST.WebHosts", "{B51682FE-19A0-493E-A853-C2BC6DE0FE68}"
EndProject
Project("{2150E333-8FDC-42A3-9474-1A3956D46DE8}") = "ST.Extensions", "ST.Extensions", "{7AE24405-9DE2-4131-904B-F3ED0F6B104B}"
EndProject
Project("{2150E333-8FDC-42A3-9474-1A3956D46DE8}") = "ST.Identity.Extension", "ST.Identity.Extension", "{E75A6593-EA57-45A2-AC38-EBBBD7E7465E}"
EndProject
Project("{2150E333-8FDC-42A3-9474-1A3956D46DE8}") = "ST.Render.Extension", "ST.Render.Extension", "{F1554EFC-257E-4B7C-9FD2-49CF1E2AD3B6}"
EndProject
Project("{2150E333-8FDC-42A3-9474-1A3956D46DE8}") = "ST.Localization.Extension", "ST.Localization.Extension", "{EC563E5C-D43C-436D-A40D-2D182B1594B6}"
EndProject
Project("{2150E333-8FDC-42A3-9474-1A3956D46DE8}") = "ST.Email.Extension", "ST.Email.Extension", "{F92D0E7F-047D-40E0-A39A-428205AC5DF3}"
EndProject
Project("{2150E333-8FDC-42A3-9474-1A3956D46DE8}") = "ST.Audit.Extension", "ST.Audit.Extension", "{8EC756D3-F787-4048-B1D9-88A9A5F4FB2D}"
EndProject
Project("{2150E333-8FDC-42A3-9474-1A3956D46DE8}") = "ST.Backup.Extension", "ST.Backup.Extension", "{9083B567-B75A-4493-A7D8-4DED8C82FCDF}"
EndProject
Project("{2150E333-8FDC-42A3-9474-1A3956D46DE8}") = "ST.Cache.Extension", "ST.Cache.Extension", "{AC3F8177-7048-4AED-8E13-9498DE646C64}"
EndProject
Project("{2150E333-8FDC-42A3-9474-1A3956D46DE8}") = "ST.Processes.Extension", "ST.Processes.Extension", "{7F596461-2B6C-43FD-AABF-4691B8732AEF}"
EndProject
Project("{2150E333-8FDC-42A3-9474-1A3956D46DE8}") = "ST.Entities.Extension", "ST.Entities.Extension", "{4B6C8C28-B2EC-4EDD-B6D8-F90B125CB109}"
EndProject
Project("{2150E333-8FDC-42A3-9474-1A3956D46DE8}") = "ST.DynamicEntityStorage.Extension", "ST.DynamicEntityStorage.Extension", "{C1A9E7D3-08F4-400E-821D-BE23ED7C454B}"
EndProject
Project("{2150E333-8FDC-42A3-9474-1A3956D46DE8}") = "ST.Core.Extension", "ST.Core.Extension", "{DF6A01E5-548B-4FD8-9305-5A6E87B48DC1}"
EndProject
Project("{2150E333-8FDC-42A3-9474-1A3956D46DE8}") = "ST.Entities.Security.Extension", "ST.Entities.Security.Extension", "{58BB7663-9A72-4006-BF8C-3E6367BDCA99}"
EndProject
Project("{2150E333-8FDC-42A3-9474-1A3956D46DE8}") = "ST.Notifications.Extension", "ST.Notifications.Extension", "{3D0F6210-272F-410D-AEAA-A5722E8C6D95}"
EndProject
Project("{2150E333-8FDC-42A3-9474-1A3956D46DE8}") = "ST.Identity.Users.Razor.Extension", "ST.Identity.Users.Razor.Extension", "{F325328D-B366-4A2E-9644-90B26E2DD97F}"
EndProject
Project("{2150E333-8FDC-42A3-9474-1A3956D46DE8}") = "ST.MultiTenant.Extension", "ST.MultiTenant.Extension", "{6FE2EAEF-E294-4D4D-BE94-A03D3ABC1653}"
EndProject
Project("{2150E333-8FDC-42A3-9474-1A3956D46DE8}") = "ST.Forms.Razor.Extension", "ST.Forms.Razor.Extension", "{6F6983D9-4ABB-4623-88CA-31088CB29A39}"
EndProject
Project("{9A19103F-16F7-4668-BE54-9A1E7A4F7556}") = "ST.Procesess", "src\ST.Extensions\ST.Processes.Extension\ST.Processes\ST.Procesess.csproj", "{14E2739D-1425-4B4C-905B-FDB0D4F13FD3}"
EndProject
Project("{9A19103F-16F7-4668-BE54-9A1E7A4F7556}") = "ST.Process.Razor", "src\ST.Extensions\ST.Processes.Extension\ST.Process.Razor\ST.Process.Razor.csproj", "{ADB9B07F-4757-42CC-8C4E-FA558DA84712}"
EndProject
Project("{9A19103F-16F7-4668-BE54-9A1E7A4F7556}") = "ST.Entities.Security", "src\ST.Extensions\ST.Entities.Security.Extension\ST.Entities.Security\ST.Entities.Security.csproj", "{6EB650D2-CA95-4AC7-B828-788C3A77EF83}"
EndProject
Project("{9A19103F-16F7-4668-BE54-9A1E7A4F7556}") = "ST.Entities", "src\ST.Extensions\ST.Entities.Extension\ST.Entities\ST.Entities.csproj", "{82101844-F2A8-4F49-92E1-CA066A3489B5}"
EndProject
Project("{9A19103F-16F7-4668-BE54-9A1E7A4F7556}") = "ST.Entities.Abstractions", "src\ST.Extensions\ST.Entities.Extension\ST.Entities.Abstractions\ST.Entities.Abstractions.csproj", "{A363133F-3405-4719-B8DC-0F79590191B3}"
EndProject
Project("{9A19103F-16F7-4668-BE54-9A1E7A4F7556}") = "ST.DynamicEntityStorage", "src\ST.Extensions\ST.DynamicEntityStorage.Extension\ST.DynamicEntityStorage\ST.DynamicEntityStorage.csproj", "{74E8F9FA-69CF-4E39-8013-1FC2EE45DCA1}"
EndProject
Project("{9A19103F-16F7-4668-BE54-9A1E7A4F7556}") = "ST.DynamicEntityStorage.Abstractions", "src\ST.Extensions\ST.DynamicEntityStorage.Extension\ST.DynamicEntityStorage.Abstractions\ST.DynamicEntityStorage.Abstractions.csproj", "{BF4B2200-4686-4455-A858-F9F3097E3429}"
EndProject
Project("{9A19103F-16F7-4668-BE54-9A1E7A4F7556}") = "ST.Cache", "src\ST.Extensions\ST.Cache.Extension\ST.Cache\ST.Cache.csproj", "{28045FD5-07DD-4D49-8593-8888A49B867F}"
EndProject
Project("{9A19103F-16F7-4668-BE54-9A1E7A4F7556}") = "ST.Cache.Abstractions", "src\ST.Extensions\ST.Cache.Extension\ST.Cache.Abstractions\ST.Cache.Abstractions.csproj", "{FB6C1579-3C40-421A-8D12-5B07C147E132}"
EndProject
Project("{9A19103F-16F7-4668-BE54-9A1E7A4F7556}") = "ST.Cache.Razor", "src\ST.Extensions\ST.Cache.Extension\ST.Cache.Razor\ST.Cache.Razor.csproj", "{A9324646-DC89-493B-A212-B7A812BA66E5}"
EndProject
Project("{9A19103F-16F7-4668-BE54-9A1E7A4F7556}") = "ST.Audit", "src\ST.Extensions\ST.Audit.Extension\ST.Audit\ST.Audit.csproj", "{742E5831-32E3-4151-9924-BC1BECBA2FF8}"
EndProject
Project("{9A19103F-16F7-4668-BE54-9A1E7A4F7556}") = "ST.Backup.PostGresSql", "src\ST.Extensions\ST.Backup.Extension\ST.Backup\ST.Backup.PostGresSql.csproj", "{619A4626-93AE-4B7F-8EFC-E4D3DC024D34}"
EndProject
Project("{9A19103F-16F7-4668-BE54-9A1E7A4F7556}") = "ST.Backup.Razor", "src\ST.Extensions\ST.Backup.Extension\ST.Backup.Razor\ST.Backup.Razor.csproj", "{2B532AB2-48B6-4291-9EDB-53939A547CC1}"
EndProject
Project("{9A19103F-16F7-4668-BE54-9A1E7A4F7556}") = "ST.Forms.Razor", "src\ST.Extensions\ST.Forms.Razor.Extension\ST.Form.Razor\ST.Forms.Razor.csproj", "{2433D363-94C9-4205-B7A0-BF6880F33F34}"
EndProject
Project("{9A19103F-16F7-4668-BE54-9A1E7A4F7556}") = "ST.Identity", "src\ST.Extensions\ST.Identity.Extension\ST.Identity\ST.Identity.csproj", "{2C1F42A2-564B-48F2-85C9-25B24F02F2DB}"
EndProject
Project("{9A19103F-16F7-4668-BE54-9A1E7A4F7556}") = "ST.Identity.Abstractions", "src\ST.Extensions\ST.Identity.Extension\ST.Identity.Abstractions\ST.Identity.Abstractions.csproj", "{FB826993-BB6D-406F-B511-0502D1DAF36F}"
EndProject
Project("{9A19103F-16F7-4668-BE54-9A1E7A4F7556}") = "ST.Identity.Razor", "src\ST.Extensions\ST.Identity.Extension\ST.Identity.Razor\ST.Identity.Razor.csproj", "{FBBDA83E-2FD3-44EA-BDDC-A45D629B1779}"
EndProject
Project("{9A19103F-16F7-4668-BE54-9A1E7A4F7556}") = "ST.Identity.Razor.Users", "src\ST.Extensions\ST.Identity.Users.Razor.Extension\ST.Identity.Razor.Users\ST.Identity.Razor.Users.csproj", "{E4B616F7-8761-48CD-9CBB-283D67424978}"
EndProject
Project("{9A19103F-16F7-4668-BE54-9A1E7A4F7556}") = "ST.MultiTenant", "src\ST.Extensions\ST.MultiTenant.Extension\ST.MultiTenant\ST.MultiTenant.csproj", "{B6B12A9D-E2F8-4DEF-BC84-ADFC435869BB}"
EndProject
Project("{9A19103F-16F7-4668-BE54-9A1E7A4F7556}") = "ST.Notifications", "src\ST.Extensions\ST.Notifications.Extension\ST.Notifications\ST.Notifications.csproj", "{DBDF2E18-4E29-4228-BDC6-756883BC5049}"
EndProject
Project("{9A19103F-16F7-4668-BE54-9A1E7A4F7556}") = "ST.Notifications.Abstractions", "src\ST.Extensions\ST.Notifications.Extension\ST.Notifications.Abstractions\ST.Notifications.Abstractions.csproj", "{135358A4-ACE2-4434-8E5C-362997296EA1}"
EndProject
Project("{9A19103F-16F7-4668-BE54-9A1E7A4F7556}") = "ST.PageRender.Razor", "src\ST.Extensions\ST.Render.Extension\ST.PageRender.Razor\ST.PageRender.Razor.csproj", "{B0E88B42-AF53-4238-8821-FE0D15FCFA76}"
EndProject
Project("{9A19103F-16F7-4668-BE54-9A1E7A4F7556}") = "ST.Cms", "src\ST.WebHosts\ST.Cms\ST.Cms.csproj", "{1D930E11-4FF1-4614-90F6-23863C86EE49}"
EndProject
Project("{2150E333-8FDC-42A3-9474-1A3956D46DE8}") = "ST.Identity.Roles.Razor.Extension", "ST.Identity.Roles.Razor.Extension", "{8CA67A53-FA2E-4EC3-9768-8E337B62A522}"
EndProject
Project("{9A19103F-16F7-4668-BE54-9A1E7A4F7556}") = "ST.Identity.Roles.Razor", "src\ST.Extensions\ST.Identity.Roles.Razor.Extension\ST.Identity.Roles.Razor\ST.Identity.Roles.Razor.csproj", "{C570B0BE-8743-45B1-93AD-82C05290ED06}"
EndProject
Project("{2150E333-8FDC-42A3-9474-1A3956D46DE8}") = "ST.Identity.Groups.Razor.Extension", "ST.Identity.Groups.Razor.Extension", "{EBB17592-514B-4220-986D-C924DAEEAA52}"
EndProject
Project("{9A19103F-16F7-4668-BE54-9A1E7A4F7556}") = "ST.Identity.Groups.Razor", "src\ST.Extensions\ST.Identity.Groups.Razor.Extension\ST.Identity.Groups.Razor\ST.Identity.Groups.Razor.csproj", "{32EC6FBC-4F25-4BDF-9E3F-866D44574849}"
EndProject
Project("{9A19103F-16F7-4668-BE54-9A1E7A4F7556}") = "ST.MultiTenant.Abstractions", "src\ST.Extensions\ST.MultiTenant.Extension\ST.MultiTenant.Abstractions\ST.MultiTenant.Abstractions.csproj", "{4796302E-0940-4AD4-9CDC-41E24E4A9270}"
EndProject
Project("{2150E333-8FDC-42A3-9474-1A3956D46DE8}") = "ST.Calendar.Extension", "ST.Calendar.Extension", "{643195A2-88A6-4274-9444-2D7B68C63925}"
EndProject
Project("{9A19103F-16F7-4668-BE54-9A1E7A4F7556}") = "ST.Calendar.Razor", "src\ST.Extensions\ST.Calendar.Extensions\ST.InternalCalendar.Razor\ST.Calendar.Razor.csproj", "{8BAA9782-A10C-4869-B7C0-BAAD92963067}"
EndProject
Project("{2150E333-8FDC-42A3-9474-1A3956D46DE8}") = "ST.Report.Extension", "ST.Report.Extension", "{55BE1992-9394-4026-A742-6BDED6490C2E}"
EndProject
Project("{9A19103F-16F7-4668-BE54-9A1E7A4F7556}") = "ST.Report.Dynamic.Razor", "src\ST.Extensions\ST.Report.Extension\ST.Report.Dynamic.Razor\ST.Report.Dynamic.Razor.csproj", "{6372F010-10CA-4CD6-9487-D3EEEC39D71F}"
EndProject
Project("{9A19103F-16F7-4668-BE54-9A1E7A4F7556}") = "ST.Report.Abstractions", "src\ST.Extensions\ST.Report.Extension\ST.Report.Abstractions\ST.Report.Abstractions.csproj", "{2A6BF170-31FE-43F6-A1C1-0338CF2DFBEA}"
EndProject
Project("{9A19103F-16F7-4668-BE54-9A1E7A4F7556}") = "ST.Report.Dynamic", "src\ST.Extensions\ST.Report.Extension\ST.Report.Dynamic\ST.Report.Dynamic.csproj", "{852BD136-E1C7-4BC5-AEC7-C694D598D94E}"
EndProject
Project("{9A19103F-16F7-4668-BE54-9A1E7A4F7556}") = "ST.Forms.Abstractions", "src\ST.Extensions\ST.Forms.Razor.Extension\ST.Forms.Abstractions\ST.Forms.Abstractions.csproj", "{09720068-583B-4029-80EA-3F96F63EE8E2}"
EndProject
Project("{9A19103F-16F7-4668-BE54-9A1E7A4F7556}") = "ST.Forms", "src\ST.Extensions\ST.Forms.Razor.Extension\ST.Forms\ST.Forms.csproj", "{342F50CC-EFB4-4731-8402-9A030115AE47}"
EndProject
Project("{9A19103F-16F7-4668-BE54-9A1E7A4F7556}") = "ST.MultiTenant.Razor", "src\ST.Extensions\ST.MultiTenant.Extension\ST.MultiTenant.Razor\ST.MultiTenant.Razor.csproj", "{AC174814-1F8C-4960-9B4A-067EED8B5546}"
EndProject
Project("{9A19103F-16F7-4668-BE54-9A1E7A4F7556}") = "ST.Entities.EntityBuilder.MsSql", "src\ST.Extensions\ST.Entities.Extension\ST.Entities.EntityBuilder.MsSql\ST.Entities.EntityBuilder.MsSql.csproj", "{9F68CC74-9147-497E-B15F-70A2D5A7F2DA}"
EndProject
Project("{9A19103F-16F7-4668-BE54-9A1E7A4F7556}") = "ST.Entities.EntityBuilder.Postgres", "src\ST.Extensions\ST.Entities.Extension\ST.Entities.EntityBuilder.Postgres\ST.Entities.EntityBuilder.Postgres.csproj", "{B7AB42C6-3D13-4A40-B1DE-850917E795C9}"
EndProject
Project("{9A19103F-16F7-4668-BE54-9A1E7A4F7556}") = "ST.Identity.Profile", "src\ST.Extensions\ST.Identity.Extension\ST.Identity.Profile\ST.Identity.Profile.csproj", "{6D6984F4-EB54-4107-AED8-DFA3F0E7B890}"
EndProject
Project("{9A19103F-16F7-4668-BE54-9A1E7A4F7556}") = "ST.Identity.Profile.Abstractions", "src\ST.Extensions\ST.Identity.Extension\ST.Identity.Profile.Abstractions\ST.Identity.Profile.Abstractions.csproj", "{400C2124-8B49-49E0-B15F-C940A30DF2FE}"
EndProject
Project("{9A19103F-16F7-4668-BE54-9A1E7A4F7556}") = "ST.PageRender.Abstractions", "src\ST.Extensions\ST.Render.Extension\ST.PageRender.Abstractions\ST.PageRender.Abstractions.csproj", "{228BABBE-1F74-438F-B756-FBD8E28F2582}"
EndProject
Project("{9A19103F-16F7-4668-BE54-9A1E7A4F7556}") = "ST.PageRender", "src\ST.Extensions\ST.Render.Extension\ST.PageRender\ST.PageRender.csproj", "{9A6EBD6D-8BBD-4D5E-9922-35F129D3537B}"
EndProject
Project("{2150E333-8FDC-42A3-9474-1A3956D46DE8}") = "ST.Identity.Ldap.Extension", "ST.Identity.Ldap.Extension", "{90E2A272-2FE2-4462-9E2C-75491063AAE7}"
EndProject
Project("{9A19103F-16F7-4668-BE54-9A1E7A4F7556}") = "ST.Identity.LdapAuth.Abstractions", "src\ST.Extensions\ST.Identity.LdapExtension\ST.Identity.LdapAuth.Abstractions\ST.Identity.LdapAuth.Abstractions.csproj", "{F8A4DEBE-E3C1-4C88-A138-8135B8CCF2FD}"
EndProject
Project("{9A19103F-16F7-4668-BE54-9A1E7A4F7556}") = "ST.Identity.LdapAuth", "src\ST.Extensions\ST.Identity.LdapExtension\ST.Identity.LdapAuth\ST.Identity.LdapAuth.csproj", "{10C93CFA-CF98-4D61-80D4-BDF938C15AD0}"
EndProject
Project("{9A19103F-16F7-4668-BE54-9A1E7A4F7556}") = "ST.Entities.Razor", "src\ST.Extensions\ST.Entities.Extension\ST.Entities.Razor\ST.Entities.Razor.csproj", "{5EE32D18-3642-4FC8-9439-DA12B76D3AC5}"
EndProject
Project("{2150E333-8FDC-42A3-9474-1A3956D46DE8}") = "ST.TaskManager.Extension", "ST.TaskManager.Extension", "{8B9C9F63-6F92-4A64-B126-0DA74F8AD5AC}"
EndProject
Project("{9A19103F-16F7-4668-BE54-9A1E7A4F7556}") = "ST.TaskManager.Abstractions", "src\ST.Extensions\ST.TaskManager\ST.TaskManager.Abstractions\ST.TaskManager.Abstractions.csproj", "{1F315BF2-BD4A-4D65-AF65-8105A1474B0B}"
EndProject
Project("{9A19103F-16F7-4668-BE54-9A1E7A4F7556}") = "ST.Identity.IdentityServer4", "src\ST.Extensions\ST.Identity.Extension\ST.Identity.IdentityServer4\ST.Identity.IdentityServer4.csproj", "{7DA6E746-5915-404A-92F8-1F6989C37CD6}"
EndProject
Project("{9A19103F-16F7-4668-BE54-9A1E7A4F7556}") = "ST.Email.Abstractions", "src\ST.Extensions\ST.Email.Extension\ST.Email.Abstractions\ST.Email.Abstractions.csproj", "{7447A39F-9794-4FE1-B664-3BBE5F1F796E}"
EndProject
Project("{9A19103F-16F7-4668-BE54-9A1E7A4F7556}") = "ST.Backup.Abstractions", "src\ST.Extensions\ST.Backup.Extension\ST.Backup.Abstractions\ST.Backup.Abstractions.csproj", "{1527D910-79DA-459F-9099-34CB1A15A45F}"
EndProject
Project("{2150E333-8FDC-42A3-9474-1A3956D46DE8}") = "ST.Install.Extension", "ST.Install.Extension", "{D1EE82DD-CA47-4511-9FA7-E4724A08D1B7}"
EndProject
Project("{9A19103F-16F7-4668-BE54-9A1E7A4F7556}") = "ST.Install.Abstractions", "src\ST.Extensions\ST.Install.Extension\ST.Install.Abstractions\ST.Install.Abstractions.csproj", "{524F5ABF-AE45-4510-BB8E-FBE33CA62555}"
EndProject
Project("{9A19103F-16F7-4668-BE54-9A1E7A4F7556}") = "ST.Install.Razor", "src\ST.Extensions\ST.Install.Extension\ST.Install.Razor\ST.Install.Razor.csproj", "{F117C959-2E30-49F8-9E93-A06AB404F8F8}"
EndProject
Project("{2150E333-8FDC-42A3-9474-1A3956D46DE8}") = "ST.Application.Extension", "ST.Application.Extension", "{B595C1E9-D7E5-4A9D-8995-55720F89A815}"
EndProject
Project("{9A19103F-16F7-4668-BE54-9A1E7A4F7556}") = "ST.Application", "src\ST.Extensions\ST.Application.Extension\ST.Application\ST.Application.csproj", "{A2DC4B3F-0020-436A-A24F-E8E7769FAA51}"
EndProject
Project("{9A19103F-16F7-4668-BE54-9A1E7A4F7556}") = "ST.Audit.Razor", "src\ST.Extensions\ST.Audit.Extension\ST.Audit.Razor\ST.Audit.Razor.csproj", "{A3ED949E-AB1C-452B-9932-F5ABAC0C589C}"
EndProject
Project("{9A19103F-16F7-4668-BE54-9A1E7A4F7556}") = "ST.Install", "src\ST.Extensions\ST.Install.Extension\ST.Install\ST.Install.csproj", "{5889D629-EBB1-4D33-8A79-DEA15E722270}"
EndProject
Project("{2150E333-8FDC-42A3-9474-1A3956D46DE8}") = "ST.Ecommerce.Extension", "ST.Ecommerce.Extension", "{4ADAD96E-E01B-47C5-9589-7C6DEF589D66}"
EndProject
Project("{9A19103F-16F7-4668-BE54-9A1E7A4F7556}") = "ST.ECommerce.Abstractions", "src\ST.Extensions\ST.Ecommerce.Extension\ST.ECommerce.Abstractions\ST.ECommerce.Abstractions.csproj", "{2D22B7C1-DC4A-41AF-9132-D60276D5B94F}"
EndProject
Project("{9A19103F-16F7-4668-BE54-9A1E7A4F7556}") = "ST.ECommerce.BaseImplementations", "src\ST.Extensions\ST.Ecommerce.Extension\ST.ECommerce.BaseImplementations\ST.ECommerce.BaseImplementations.csproj", "{939A08A6-DFD9-4DE7-B016-F55C9CE8927E}"
EndProject
Project("{9A19103F-16F7-4668-BE54-9A1E7A4F7556}") = "ST.ECommerce.Razor", "src\ST.Extensions\ST.Ecommerce.Extension\ST.ECommerce.Razor\ST.ECommerce.Razor.csproj", "{817AD117-DE1E-4DB5-8F94-4D9653D51CC8}"
EndProject
Project("{9A19103F-16F7-4668-BE54-9A1E7A4F7556}") = "ST.Identity.Permissions.Abstractions", "src\ST.Extensions\ST.Identity.Extension\ST.Identity.Permissions.Abstractions\ST.Identity.Permissions.Abstractions.csproj", "{E71932BB-6CE9-4668-AE67-C87AE3738645}"
EndProject
Project("{9A19103F-16F7-4668-BE54-9A1E7A4F7556}") = "ST.Identity.Permissions", "src\ST.Extensions\ST.Identity.Extension\ST.Identity.Permissions\ST.Identity.Permissions.csproj", "{5AD326F8-C456-4D22-B846-14DB8D5E8FAF}"
EndProject
Project("{9A19103F-16F7-4668-BE54-9A1E7A4F7556}") = "ST.Notifications.Razor", "src\ST.Extensions\ST.Notifications.Extension\ST.Notifications.Razor\ST.Notifications.Razor.csproj", "{827C1E40-3FCE-44A8-A0E9-DA9B6466C4B1}"
EndProject
Project("{2150E333-8FDC-42A3-9474-1A3956D46DE8}") = "ST.Dashboard.Extension", "ST.Dashboard.Extension", "{DD8B27D9-E5F4-48BC-BADD-97C85DBCAB89}"
EndProject
Project("{9A19103F-16F7-4668-BE54-9A1E7A4F7556}") = "ST.Dashboard.Abstractions", "src\ST.Extensions\ST.Dashboard.Extension\ST.Dashboard.Abstractions\ST.Dashboard.Abstractions.csproj", "{F154FDB8-6FDD-4D69-AED5-80990E464B53}"
EndProject
Project("{9A19103F-16F7-4668-BE54-9A1E7A4F7556}") = "ST.Dashboard", "src\ST.Extensions\ST.Dashboard.Extension\ST.Dashboard\ST.Dashboard.csproj", "{847198FA-A63F-40BD-8557-0903A31A1210}"
EndProject
Project("{9A19103F-16F7-4668-BE54-9A1E7A4F7556}") = "ST.Dashboard.Razor", "src\ST.Extensions\ST.Dashboard.Extension\ST.Dashboard.Razor\ST.Dashboard.Razor.csproj", "{3AD43ABA-A881-4C59-AEE4-43C9670BDA44}"
EndProject
Project("{9A19103F-16F7-4668-BE54-9A1E7A4F7556}") = "ST.Entities.Security.Razor", "src\ST.Extensions\ST.Entities.Security.Extension\ST.Entities.Security.Razor\ST.Entities.Security.Razor.csproj", "{96403830-F7F6-4283-BECF-AB3DC90B034B}"
EndProject
Project("{9A19103F-16F7-4668-BE54-9A1E7A4F7556}") = "ST.Entities.Security.Abstractions", "src\ST.Extensions\ST.Entities.Security.Extension\ST.Entities.Security.Abstractions\ST.Entities.Security.Abstractions.csproj", "{4CA341A6-4B79-40D3-9612-E005C613EA76}"
EndProject
Project("{2150E333-8FDC-42A3-9474-1A3956D46DE8}") = "ST.Files.Extension", "ST.Files.Extension", "{6F57D840-05DD-43AC-8163-3C9F08AB6B8A}"
EndProject
Project("{9A19103F-16F7-4668-BE54-9A1E7A4F7556}") = "ST.Files", "src\ST.Extensions\ST.Files\ST.Files.csproj", "{C3277C35-2AA1-43C8-81FC-49AE7A7E521E}"
EndProject
Project("{9A19103F-16F7-4668-BE54-9A1E7A4F7556}") = "ST.Files.Abstraction", "src\ST.Extensions\ST.Files.Abstraction\ST.Files.Abstraction.csproj", "{ADAEE436-BBF3-4E50-809F-A23046D9DDDF}"
EndProject
Project("{9A19103F-16F7-4668-BE54-9A1E7A4F7556}") = "ST.Files.Razor", "src\ST.Extensions\ST.Files.Razor\ST.Files.Razor.csproj", "{D815C400-4859-49A3-AF42-761D6B2EEC85}"
EndProject
Project("{9A19103F-16F7-4668-BE54-9A1E7A4F7556}") = "ST.Files.Box", "src\ST.Extensions\ST.Files.Box\ST.Files.Box.csproj", "{C128E6AB-EC76-41BD-B10F-88F650EA270A}"
EndProject
Project("{2150E333-8FDC-42A3-9474-1A3956D46DE8}") = "ST.Files.Modules", "ST.Files.Modules", "{DE971731-1525-4213-9F38-9A104434EC0C}"
EndProject
Project("{2150E333-8FDC-42A3-9474-1A3956D46DE8}") = "ST.Files.Abstractions", "ST.Files.Abstractions", "{5F40BD8C-DC0F-48FA-9A1F-1893B896A575}"
EndProject
Project("{9A19103F-16F7-4668-BE54-9A1E7A4F7556}") = "ST.Files.Box.Abstraction", "src\ST.Extensions\ST.Files.Box.Abstraction\ST.Files.Box.Abstraction.csproj", "{84FA5472-4409-4288-B8E9-33E2247AA135}"
EndProject
Project("{9A19103F-16F7-4668-BE54-9A1E7A4F7556}") = "ST.Email", "src\ST.Extensions\ST.Email.Extension\ST.Email\ST.Email.csproj", "{E3EF3E53-5153-4B2D-8766-00D825BA166E}"
EndProject
Project("{9A19103F-16F7-4668-BE54-9A1E7A4F7556}") = "ST.Email.Razor", "src\ST.Extensions\ST.Email.Extension\ST.Email.Razor\ST.Email.Razor.csproj", "{09DFDEDE-F564-4AF2-BE64-A94335F895AE}"
EndProject
Project("{9A19103F-16F7-4668-BE54-9A1E7A4F7556}") = "ST.TaskManager", "src\ST.Extensions\ST.TaskManager\ST.TaskManager\ST.TaskManager.csproj", "{82AD0DDF-AC91-4896-91C9-727A74A9C6D2}"
EndProject
Project("{9A19103F-16F7-4668-BE54-9A1E7A4F7556}") = "ST.TaskManager.Razor", "src\ST.Extensions\ST.TaskManager\ST.TaskManager.Razor\ST.TaskManager.Razor.csproj", "{1845F3F6-9606-4F2C-978F-396C54A9EF92}"
EndProject
Project("{9A19103F-16F7-4668-BE54-9A1E7A4F7556}") = "ST.Audit.Abstractions", "src\ST.Extensions\ST.Audit.Extension\ST.Audit.Abstractions\ST.Audit.Abstractions.csproj", "{A4BA9604-A474-4DF8-8C9C-60A276E4B721}"
EndProject
Project("{FAE04EC0-301F-11D3-BF4B-00C04F79EFBC}") = "ST.Calendar.Abstractions", "src\ST.Extensions\ST.Calendar.Extensions\ST.Calendar.Abstraction\ST.Calendar.Abstractions.csproj", "{7EF953F8-D906-4420-A484-2BCE10CBB18C}"
EndProject
Project("{FAE04EC0-301F-11D3-BF4B-00C04F79EFBC}") = "ST.Calendar", "src\ST.Extensions\ST.Calendar.Extensions\ST.Calendar\ST.Calendar.csproj", "{92AC9ACC-052B-438B-8128-44F5AF02EA20}"
Project("{9A19103F-16F7-4668-BE54-9A1E7A4F7556}") = "ST.Localization.Abstractions", "src\ST.Extensions\ST.Localization.Extension\ST.Localization.Abstractions\ST.Localization.Abstractions.csproj", "{F399EC78-2488-41EF-ACCC-03F613D23A0F}"
EndProject
Project("{9A19103F-16F7-4668-BE54-9A1E7A4F7556}") = "ST.Localization.Services", "src\ST.Extensions\ST.Localization.Extension\ST.Localization\ST.Localization.Services.csproj", "{0FECE9E9-A06F-4D9B-A95F-96B0D1AEFBFE}"
EndProject
Project("{9A19103F-16F7-4668-BE54-9A1E7A4F7556}") = "ST.Localization.Razor", "src\ST.Extensions\ST.Localization.Extension\ST.Localization.Razor\ST.Localization.Razor.csproj", "{2F5E1A35-F80C-4BA1-97B3-95128B15F7C6}"
EndProject
Project("{9A19103F-16F7-4668-BE54-9A1E7A4F7556}") = "ST.Core", "src\ST.Extensions\ST.Core.Extension\ST.Core\ST.Core.csproj", "{76AD08DF-F19A-485F-9C47-5CCE06E102E1}"
EndProject
Project("{9A19103F-16F7-4668-BE54-9A1E7A4F7556}") = "ST.Core.Razor", "src\ST.Extensions\ST.Core.Extension\ST.Core.Razor\ST.Core.Razor.csproj", "{B153B830-714A-4FFB-937C-EB5370C8D3AB}"
EndProject
Project("{9A19103F-16F7-4668-BE54-9A1E7A4F7556}") = "ST.Application.Middleware", "src\ST.Extensions\ST.Application.Extension\ST.Application.Middleware\ST.Application.Middleware.csproj", "{A7DD4DE0-A0C8-4BF0-ADEB-A1196267ABA4}"
EndProject
Project("{9A19103F-16F7-4668-BE54-9A1E7A4F7556}") = "ST.Core.Benchmark", "src\ST.Extensions\ST.Core.Extension\ST.Core.Benchmark\ST.Core.Benchmark.csproj", "{44100038-4507-41A5-959F-84FDE99EE5C7}"
EndProject
Project("{FAE04EC0-301F-11D3-BF4B-00C04F79EFBC}") = "ST.Processes.Abstractions", "src\ST.Extensions\ST.Processes.Extension\ST.Processes.Abstractions\ST.Processes.Abstractions.csproj", "{2228A314-7F4E-4D53-BAF8-1929F0E684E9}"
EndProject
Global
	GlobalSection(SolutionConfigurationPlatforms) = preSolution
		Debug|Any CPU = Debug|Any CPU
		Release|Any CPU = Release|Any CPU
		Stage|Any CPU = Stage|Any CPU
	EndGlobalSection
	GlobalSection(ProjectConfigurationPlatforms) = postSolution
		{14E2739D-1425-4B4C-905B-FDB0D4F13FD3}.Debug|Any CPU.ActiveCfg = Debug|Any CPU
		{14E2739D-1425-4B4C-905B-FDB0D4F13FD3}.Debug|Any CPU.Build.0 = Debug|Any CPU
		{14E2739D-1425-4B4C-905B-FDB0D4F13FD3}.Release|Any CPU.ActiveCfg = Release|Any CPU
		{14E2739D-1425-4B4C-905B-FDB0D4F13FD3}.Release|Any CPU.Build.0 = Release|Any CPU
		{14E2739D-1425-4B4C-905B-FDB0D4F13FD3}.Stage|Any CPU.ActiveCfg = Stage|Any CPU
		{14E2739D-1425-4B4C-905B-FDB0D4F13FD3}.Stage|Any CPU.Build.0 = Stage|Any CPU
		{ADB9B07F-4757-42CC-8C4E-FA558DA84712}.Debug|Any CPU.ActiveCfg = Debug|Any CPU
		{ADB9B07F-4757-42CC-8C4E-FA558DA84712}.Debug|Any CPU.Build.0 = Debug|Any CPU
		{ADB9B07F-4757-42CC-8C4E-FA558DA84712}.Release|Any CPU.ActiveCfg = Release|Any CPU
		{ADB9B07F-4757-42CC-8C4E-FA558DA84712}.Release|Any CPU.Build.0 = Release|Any CPU
		{ADB9B07F-4757-42CC-8C4E-FA558DA84712}.Stage|Any CPU.ActiveCfg = Debug|Any CPU
		{ADB9B07F-4757-42CC-8C4E-FA558DA84712}.Stage|Any CPU.Build.0 = Debug|Any CPU
		{6EB650D2-CA95-4AC7-B828-788C3A77EF83}.Debug|Any CPU.ActiveCfg = Debug|Any CPU
		{6EB650D2-CA95-4AC7-B828-788C3A77EF83}.Debug|Any CPU.Build.0 = Debug|Any CPU
		{6EB650D2-CA95-4AC7-B828-788C3A77EF83}.Release|Any CPU.ActiveCfg = Release|Any CPU
		{6EB650D2-CA95-4AC7-B828-788C3A77EF83}.Release|Any CPU.Build.0 = Release|Any CPU
		{6EB650D2-CA95-4AC7-B828-788C3A77EF83}.Stage|Any CPU.ActiveCfg = Debug|Any CPU
		{6EB650D2-CA95-4AC7-B828-788C3A77EF83}.Stage|Any CPU.Build.0 = Debug|Any CPU
		{82101844-F2A8-4F49-92E1-CA066A3489B5}.Debug|Any CPU.ActiveCfg = Debug|Any CPU
		{82101844-F2A8-4F49-92E1-CA066A3489B5}.Debug|Any CPU.Build.0 = Debug|Any CPU
		{82101844-F2A8-4F49-92E1-CA066A3489B5}.Release|Any CPU.ActiveCfg = Release|Any CPU
		{82101844-F2A8-4F49-92E1-CA066A3489B5}.Release|Any CPU.Build.0 = Release|Any CPU
		{82101844-F2A8-4F49-92E1-CA066A3489B5}.Stage|Any CPU.ActiveCfg = Stage|Any CPU
		{82101844-F2A8-4F49-92E1-CA066A3489B5}.Stage|Any CPU.Build.0 = Stage|Any CPU
		{A363133F-3405-4719-B8DC-0F79590191B3}.Debug|Any CPU.ActiveCfg = Debug|Any CPU
		{A363133F-3405-4719-B8DC-0F79590191B3}.Debug|Any CPU.Build.0 = Debug|Any CPU
		{A363133F-3405-4719-B8DC-0F79590191B3}.Release|Any CPU.ActiveCfg = Release|Any CPU
		{A363133F-3405-4719-B8DC-0F79590191B3}.Release|Any CPU.Build.0 = Release|Any CPU
		{A363133F-3405-4719-B8DC-0F79590191B3}.Stage|Any CPU.ActiveCfg = Debug|Any CPU
		{A363133F-3405-4719-B8DC-0F79590191B3}.Stage|Any CPU.Build.0 = Debug|Any CPU
		{74E8F9FA-69CF-4E39-8013-1FC2EE45DCA1}.Debug|Any CPU.ActiveCfg = Debug|Any CPU
		{74E8F9FA-69CF-4E39-8013-1FC2EE45DCA1}.Debug|Any CPU.Build.0 = Debug|Any CPU
		{74E8F9FA-69CF-4E39-8013-1FC2EE45DCA1}.Release|Any CPU.ActiveCfg = Release|Any CPU
		{74E8F9FA-69CF-4E39-8013-1FC2EE45DCA1}.Release|Any CPU.Build.0 = Release|Any CPU
		{74E8F9FA-69CF-4E39-8013-1FC2EE45DCA1}.Stage|Any CPU.ActiveCfg = Debug|Any CPU
		{74E8F9FA-69CF-4E39-8013-1FC2EE45DCA1}.Stage|Any CPU.Build.0 = Debug|Any CPU
		{BF4B2200-4686-4455-A858-F9F3097E3429}.Debug|Any CPU.ActiveCfg = Debug|Any CPU
		{BF4B2200-4686-4455-A858-F9F3097E3429}.Debug|Any CPU.Build.0 = Debug|Any CPU
		{BF4B2200-4686-4455-A858-F9F3097E3429}.Release|Any CPU.ActiveCfg = Release|Any CPU
		{BF4B2200-4686-4455-A858-F9F3097E3429}.Release|Any CPU.Build.0 = Release|Any CPU
		{BF4B2200-4686-4455-A858-F9F3097E3429}.Stage|Any CPU.ActiveCfg = Debug|Any CPU
		{BF4B2200-4686-4455-A858-F9F3097E3429}.Stage|Any CPU.Build.0 = Debug|Any CPU
		{28045FD5-07DD-4D49-8593-8888A49B867F}.Debug|Any CPU.ActiveCfg = Debug|Any CPU
		{28045FD5-07DD-4D49-8593-8888A49B867F}.Debug|Any CPU.Build.0 = Debug|Any CPU
		{28045FD5-07DD-4D49-8593-8888A49B867F}.Release|Any CPU.ActiveCfg = Release|Any CPU
		{28045FD5-07DD-4D49-8593-8888A49B867F}.Release|Any CPU.Build.0 = Release|Any CPU
		{28045FD5-07DD-4D49-8593-8888A49B867F}.Stage|Any CPU.ActiveCfg = Debug|Any CPU
		{28045FD5-07DD-4D49-8593-8888A49B867F}.Stage|Any CPU.Build.0 = Debug|Any CPU
		{FB6C1579-3C40-421A-8D12-5B07C147E132}.Debug|Any CPU.ActiveCfg = Debug|Any CPU
		{FB6C1579-3C40-421A-8D12-5B07C147E132}.Debug|Any CPU.Build.0 = Debug|Any CPU
		{FB6C1579-3C40-421A-8D12-5B07C147E132}.Release|Any CPU.ActiveCfg = Release|Any CPU
		{FB6C1579-3C40-421A-8D12-5B07C147E132}.Release|Any CPU.Build.0 = Release|Any CPU
		{FB6C1579-3C40-421A-8D12-5B07C147E132}.Stage|Any CPU.ActiveCfg = Debug|Any CPU
		{FB6C1579-3C40-421A-8D12-5B07C147E132}.Stage|Any CPU.Build.0 = Debug|Any CPU
		{A9324646-DC89-493B-A212-B7A812BA66E5}.Debug|Any CPU.ActiveCfg = Debug|Any CPU
		{A9324646-DC89-493B-A212-B7A812BA66E5}.Debug|Any CPU.Build.0 = Debug|Any CPU
		{A9324646-DC89-493B-A212-B7A812BA66E5}.Release|Any CPU.ActiveCfg = Release|Any CPU
		{A9324646-DC89-493B-A212-B7A812BA66E5}.Release|Any CPU.Build.0 = Release|Any CPU
		{A9324646-DC89-493B-A212-B7A812BA66E5}.Stage|Any CPU.ActiveCfg = Debug|Any CPU
		{A9324646-DC89-493B-A212-B7A812BA66E5}.Stage|Any CPU.Build.0 = Debug|Any CPU
		{742E5831-32E3-4151-9924-BC1BECBA2FF8}.Debug|Any CPU.ActiveCfg = Debug|Any CPU
		{742E5831-32E3-4151-9924-BC1BECBA2FF8}.Debug|Any CPU.Build.0 = Debug|Any CPU
		{742E5831-32E3-4151-9924-BC1BECBA2FF8}.Release|Any CPU.ActiveCfg = Release|Any CPU
		{742E5831-32E3-4151-9924-BC1BECBA2FF8}.Release|Any CPU.Build.0 = Release|Any CPU
		{742E5831-32E3-4151-9924-BC1BECBA2FF8}.Stage|Any CPU.ActiveCfg = Stage|Any CPU
		{742E5831-32E3-4151-9924-BC1BECBA2FF8}.Stage|Any CPU.Build.0 = Stage|Any CPU
		{619A4626-93AE-4B7F-8EFC-E4D3DC024D34}.Debug|Any CPU.ActiveCfg = Debug|Any CPU
		{619A4626-93AE-4B7F-8EFC-E4D3DC024D34}.Debug|Any CPU.Build.0 = Debug|Any CPU
		{619A4626-93AE-4B7F-8EFC-E4D3DC024D34}.Release|Any CPU.ActiveCfg = Release|Any CPU
		{619A4626-93AE-4B7F-8EFC-E4D3DC024D34}.Release|Any CPU.Build.0 = Release|Any CPU
		{619A4626-93AE-4B7F-8EFC-E4D3DC024D34}.Stage|Any CPU.ActiveCfg = Debug|Any CPU
		{619A4626-93AE-4B7F-8EFC-E4D3DC024D34}.Stage|Any CPU.Build.0 = Debug|Any CPU
		{2B532AB2-48B6-4291-9EDB-53939A547CC1}.Debug|Any CPU.ActiveCfg = Debug|Any CPU
		{2B532AB2-48B6-4291-9EDB-53939A547CC1}.Debug|Any CPU.Build.0 = Debug|Any CPU
		{2B532AB2-48B6-4291-9EDB-53939A547CC1}.Release|Any CPU.ActiveCfg = Release|Any CPU
		{2B532AB2-48B6-4291-9EDB-53939A547CC1}.Release|Any CPU.Build.0 = Release|Any CPU
		{2B532AB2-48B6-4291-9EDB-53939A547CC1}.Stage|Any CPU.ActiveCfg = Debug|Any CPU
		{2B532AB2-48B6-4291-9EDB-53939A547CC1}.Stage|Any CPU.Build.0 = Debug|Any CPU
		{2433D363-94C9-4205-B7A0-BF6880F33F34}.Debug|Any CPU.ActiveCfg = Debug|Any CPU
		{2433D363-94C9-4205-B7A0-BF6880F33F34}.Debug|Any CPU.Build.0 = Debug|Any CPU
		{2433D363-94C9-4205-B7A0-BF6880F33F34}.Release|Any CPU.ActiveCfg = Release|Any CPU
		{2433D363-94C9-4205-B7A0-BF6880F33F34}.Release|Any CPU.Build.0 = Release|Any CPU
		{2433D363-94C9-4205-B7A0-BF6880F33F34}.Stage|Any CPU.ActiveCfg = Debug|Any CPU
		{2433D363-94C9-4205-B7A0-BF6880F33F34}.Stage|Any CPU.Build.0 = Debug|Any CPU
		{2C1F42A2-564B-48F2-85C9-25B24F02F2DB}.Debug|Any CPU.ActiveCfg = Debug|Any CPU
		{2C1F42A2-564B-48F2-85C9-25B24F02F2DB}.Debug|Any CPU.Build.0 = Debug|Any CPU
		{2C1F42A2-564B-48F2-85C9-25B24F02F2DB}.Release|Any CPU.ActiveCfg = Release|Any CPU
		{2C1F42A2-564B-48F2-85C9-25B24F02F2DB}.Release|Any CPU.Build.0 = Release|Any CPU
		{2C1F42A2-564B-48F2-85C9-25B24F02F2DB}.Stage|Any CPU.ActiveCfg = Stage|Any CPU
		{2C1F42A2-564B-48F2-85C9-25B24F02F2DB}.Stage|Any CPU.Build.0 = Stage|Any CPU
		{FB826993-BB6D-406F-B511-0502D1DAF36F}.Debug|Any CPU.ActiveCfg = Debug|Any CPU
		{FB826993-BB6D-406F-B511-0502D1DAF36F}.Debug|Any CPU.Build.0 = Debug|Any CPU
		{FB826993-BB6D-406F-B511-0502D1DAF36F}.Release|Any CPU.ActiveCfg = Release|Any CPU
		{FB826993-BB6D-406F-B511-0502D1DAF36F}.Release|Any CPU.Build.0 = Release|Any CPU
		{FB826993-BB6D-406F-B511-0502D1DAF36F}.Stage|Any CPU.ActiveCfg = Debug|Any CPU
		{FB826993-BB6D-406F-B511-0502D1DAF36F}.Stage|Any CPU.Build.0 = Debug|Any CPU
		{FBBDA83E-2FD3-44EA-BDDC-A45D629B1779}.Debug|Any CPU.ActiveCfg = Debug|Any CPU
		{FBBDA83E-2FD3-44EA-BDDC-A45D629B1779}.Debug|Any CPU.Build.0 = Debug|Any CPU
		{FBBDA83E-2FD3-44EA-BDDC-A45D629B1779}.Release|Any CPU.ActiveCfg = Release|Any CPU
		{FBBDA83E-2FD3-44EA-BDDC-A45D629B1779}.Release|Any CPU.Build.0 = Release|Any CPU
		{FBBDA83E-2FD3-44EA-BDDC-A45D629B1779}.Stage|Any CPU.ActiveCfg = Debug|Any CPU
		{FBBDA83E-2FD3-44EA-BDDC-A45D629B1779}.Stage|Any CPU.Build.0 = Debug|Any CPU
		{E4B616F7-8761-48CD-9CBB-283D67424978}.Debug|Any CPU.ActiveCfg = Debug|Any CPU
		{E4B616F7-8761-48CD-9CBB-283D67424978}.Debug|Any CPU.Build.0 = Debug|Any CPU
		{E4B616F7-8761-48CD-9CBB-283D67424978}.Release|Any CPU.ActiveCfg = Release|Any CPU
		{E4B616F7-8761-48CD-9CBB-283D67424978}.Release|Any CPU.Build.0 = Release|Any CPU
		{E4B616F7-8761-48CD-9CBB-283D67424978}.Stage|Any CPU.ActiveCfg = Debug|Any CPU
		{E4B616F7-8761-48CD-9CBB-283D67424978}.Stage|Any CPU.Build.0 = Debug|Any CPU
		{B6B12A9D-E2F8-4DEF-BC84-ADFC435869BB}.Debug|Any CPU.ActiveCfg = Debug|Any CPU
		{B6B12A9D-E2F8-4DEF-BC84-ADFC435869BB}.Debug|Any CPU.Build.0 = Debug|Any CPU
		{B6B12A9D-E2F8-4DEF-BC84-ADFC435869BB}.Release|Any CPU.ActiveCfg = Release|Any CPU
		{B6B12A9D-E2F8-4DEF-BC84-ADFC435869BB}.Release|Any CPU.Build.0 = Release|Any CPU
		{B6B12A9D-E2F8-4DEF-BC84-ADFC435869BB}.Stage|Any CPU.ActiveCfg = Debug|Any CPU
		{B6B12A9D-E2F8-4DEF-BC84-ADFC435869BB}.Stage|Any CPU.Build.0 = Debug|Any CPU
		{DBDF2E18-4E29-4228-BDC6-756883BC5049}.Debug|Any CPU.ActiveCfg = Debug|Any CPU
		{DBDF2E18-4E29-4228-BDC6-756883BC5049}.Debug|Any CPU.Build.0 = Debug|Any CPU
		{DBDF2E18-4E29-4228-BDC6-756883BC5049}.Release|Any CPU.ActiveCfg = Release|Any CPU
		{DBDF2E18-4E29-4228-BDC6-756883BC5049}.Release|Any CPU.Build.0 = Release|Any CPU
		{DBDF2E18-4E29-4228-BDC6-756883BC5049}.Stage|Any CPU.ActiveCfg = Stage|Any CPU
		{DBDF2E18-4E29-4228-BDC6-756883BC5049}.Stage|Any CPU.Build.0 = Stage|Any CPU
		{135358A4-ACE2-4434-8E5C-362997296EA1}.Debug|Any CPU.ActiveCfg = Debug|Any CPU
		{135358A4-ACE2-4434-8E5C-362997296EA1}.Debug|Any CPU.Build.0 = Debug|Any CPU
		{135358A4-ACE2-4434-8E5C-362997296EA1}.Release|Any CPU.ActiveCfg = Release|Any CPU
		{135358A4-ACE2-4434-8E5C-362997296EA1}.Release|Any CPU.Build.0 = Release|Any CPU
		{135358A4-ACE2-4434-8E5C-362997296EA1}.Stage|Any CPU.ActiveCfg = Debug|Any CPU
		{135358A4-ACE2-4434-8E5C-362997296EA1}.Stage|Any CPU.Build.0 = Debug|Any CPU
		{B0E88B42-AF53-4238-8821-FE0D15FCFA76}.Debug|Any CPU.ActiveCfg = Debug|Any CPU
		{B0E88B42-AF53-4238-8821-FE0D15FCFA76}.Debug|Any CPU.Build.0 = Debug|Any CPU
		{B0E88B42-AF53-4238-8821-FE0D15FCFA76}.Release|Any CPU.ActiveCfg = Release|Any CPU
		{B0E88B42-AF53-4238-8821-FE0D15FCFA76}.Release|Any CPU.Build.0 = Release|Any CPU
		{B0E88B42-AF53-4238-8821-FE0D15FCFA76}.Stage|Any CPU.ActiveCfg = Debug|Any CPU
		{B0E88B42-AF53-4238-8821-FE0D15FCFA76}.Stage|Any CPU.Build.0 = Debug|Any CPU
		{1D930E11-4FF1-4614-90F6-23863C86EE49}.Debug|Any CPU.ActiveCfg = Debug|Any CPU
		{1D930E11-4FF1-4614-90F6-23863C86EE49}.Debug|Any CPU.Build.0 = Debug|Any CPU
		{1D930E11-4FF1-4614-90F6-23863C86EE49}.Release|Any CPU.ActiveCfg = Release|Any CPU
		{1D930E11-4FF1-4614-90F6-23863C86EE49}.Release|Any CPU.Build.0 = Release|Any CPU
		{1D930E11-4FF1-4614-90F6-23863C86EE49}.Stage|Any CPU.ActiveCfg = Debug|Any CPU
		{1D930E11-4FF1-4614-90F6-23863C86EE49}.Stage|Any CPU.Build.0 = Debug|Any CPU
		{C570B0BE-8743-45B1-93AD-82C05290ED06}.Debug|Any CPU.ActiveCfg = Debug|Any CPU
		{C570B0BE-8743-45B1-93AD-82C05290ED06}.Debug|Any CPU.Build.0 = Debug|Any CPU
		{C570B0BE-8743-45B1-93AD-82C05290ED06}.Release|Any CPU.ActiveCfg = Release|Any CPU
		{C570B0BE-8743-45B1-93AD-82C05290ED06}.Release|Any CPU.Build.0 = Release|Any CPU
		{C570B0BE-8743-45B1-93AD-82C05290ED06}.Stage|Any CPU.ActiveCfg = Debug|Any CPU
		{C570B0BE-8743-45B1-93AD-82C05290ED06}.Stage|Any CPU.Build.0 = Debug|Any CPU
		{32EC6FBC-4F25-4BDF-9E3F-866D44574849}.Debug|Any CPU.ActiveCfg = Debug|Any CPU
		{32EC6FBC-4F25-4BDF-9E3F-866D44574849}.Debug|Any CPU.Build.0 = Debug|Any CPU
		{32EC6FBC-4F25-4BDF-9E3F-866D44574849}.Release|Any CPU.ActiveCfg = Release|Any CPU
		{32EC6FBC-4F25-4BDF-9E3F-866D44574849}.Release|Any CPU.Build.0 = Release|Any CPU
		{32EC6FBC-4F25-4BDF-9E3F-866D44574849}.Stage|Any CPU.ActiveCfg = Debug|Any CPU
		{32EC6FBC-4F25-4BDF-9E3F-866D44574849}.Stage|Any CPU.Build.0 = Debug|Any CPU
		{4796302E-0940-4AD4-9CDC-41E24E4A9270}.Debug|Any CPU.ActiveCfg = Debug|Any CPU
		{4796302E-0940-4AD4-9CDC-41E24E4A9270}.Debug|Any CPU.Build.0 = Debug|Any CPU
		{4796302E-0940-4AD4-9CDC-41E24E4A9270}.Release|Any CPU.ActiveCfg = Release|Any CPU
		{4796302E-0940-4AD4-9CDC-41E24E4A9270}.Release|Any CPU.Build.0 = Release|Any CPU
		{4796302E-0940-4AD4-9CDC-41E24E4A9270}.Stage|Any CPU.ActiveCfg = Debug|Any CPU
		{4796302E-0940-4AD4-9CDC-41E24E4A9270}.Stage|Any CPU.Build.0 = Debug|Any CPU
		{8BAA9782-A10C-4869-B7C0-BAAD92963067}.Debug|Any CPU.ActiveCfg = Debug|Any CPU
		{8BAA9782-A10C-4869-B7C0-BAAD92963067}.Debug|Any CPU.Build.0 = Debug|Any CPU
		{8BAA9782-A10C-4869-B7C0-BAAD92963067}.Release|Any CPU.ActiveCfg = Release|Any CPU
		{8BAA9782-A10C-4869-B7C0-BAAD92963067}.Release|Any CPU.Build.0 = Release|Any CPU
		{8BAA9782-A10C-4869-B7C0-BAAD92963067}.Stage|Any CPU.ActiveCfg = Debug|Any CPU
		{8BAA9782-A10C-4869-B7C0-BAAD92963067}.Stage|Any CPU.Build.0 = Debug|Any CPU
		{6372F010-10CA-4CD6-9487-D3EEEC39D71F}.Debug|Any CPU.ActiveCfg = Debug|Any CPU
		{6372F010-10CA-4CD6-9487-D3EEEC39D71F}.Debug|Any CPU.Build.0 = Debug|Any CPU
		{6372F010-10CA-4CD6-9487-D3EEEC39D71F}.Release|Any CPU.ActiveCfg = Release|Any CPU
		{6372F010-10CA-4CD6-9487-D3EEEC39D71F}.Release|Any CPU.Build.0 = Release|Any CPU
		{6372F010-10CA-4CD6-9487-D3EEEC39D71F}.Stage|Any CPU.ActiveCfg = Debug|Any CPU
		{6372F010-10CA-4CD6-9487-D3EEEC39D71F}.Stage|Any CPU.Build.0 = Debug|Any CPU
		{2A6BF170-31FE-43F6-A1C1-0338CF2DFBEA}.Debug|Any CPU.ActiveCfg = Debug|Any CPU
		{2A6BF170-31FE-43F6-A1C1-0338CF2DFBEA}.Debug|Any CPU.Build.0 = Debug|Any CPU
		{2A6BF170-31FE-43F6-A1C1-0338CF2DFBEA}.Release|Any CPU.ActiveCfg = Release|Any CPU
		{2A6BF170-31FE-43F6-A1C1-0338CF2DFBEA}.Release|Any CPU.Build.0 = Release|Any CPU
		{2A6BF170-31FE-43F6-A1C1-0338CF2DFBEA}.Stage|Any CPU.ActiveCfg = Debug|Any CPU
		{2A6BF170-31FE-43F6-A1C1-0338CF2DFBEA}.Stage|Any CPU.Build.0 = Debug|Any CPU
		{852BD136-E1C7-4BC5-AEC7-C694D598D94E}.Debug|Any CPU.ActiveCfg = Debug|Any CPU
		{852BD136-E1C7-4BC5-AEC7-C694D598D94E}.Debug|Any CPU.Build.0 = Debug|Any CPU
		{852BD136-E1C7-4BC5-AEC7-C694D598D94E}.Release|Any CPU.ActiveCfg = Release|Any CPU
		{852BD136-E1C7-4BC5-AEC7-C694D598D94E}.Release|Any CPU.Build.0 = Release|Any CPU
		{852BD136-E1C7-4BC5-AEC7-C694D598D94E}.Stage|Any CPU.ActiveCfg = Debug|Any CPU
		{852BD136-E1C7-4BC5-AEC7-C694D598D94E}.Stage|Any CPU.Build.0 = Debug|Any CPU
		{09720068-583B-4029-80EA-3F96F63EE8E2}.Debug|Any CPU.ActiveCfg = Debug|Any CPU
		{09720068-583B-4029-80EA-3F96F63EE8E2}.Debug|Any CPU.Build.0 = Debug|Any CPU
		{09720068-583B-4029-80EA-3F96F63EE8E2}.Release|Any CPU.ActiveCfg = Release|Any CPU
		{09720068-583B-4029-80EA-3F96F63EE8E2}.Release|Any CPU.Build.0 = Release|Any CPU
		{09720068-583B-4029-80EA-3F96F63EE8E2}.Stage|Any CPU.ActiveCfg = Debug|Any CPU
		{09720068-583B-4029-80EA-3F96F63EE8E2}.Stage|Any CPU.Build.0 = Debug|Any CPU
		{342F50CC-EFB4-4731-8402-9A030115AE47}.Debug|Any CPU.ActiveCfg = Debug|Any CPU
		{342F50CC-EFB4-4731-8402-9A030115AE47}.Debug|Any CPU.Build.0 = Debug|Any CPU
		{342F50CC-EFB4-4731-8402-9A030115AE47}.Release|Any CPU.ActiveCfg = Release|Any CPU
		{342F50CC-EFB4-4731-8402-9A030115AE47}.Release|Any CPU.Build.0 = Release|Any CPU
		{342F50CC-EFB4-4731-8402-9A030115AE47}.Stage|Any CPU.ActiveCfg = Debug|Any CPU
		{342F50CC-EFB4-4731-8402-9A030115AE47}.Stage|Any CPU.Build.0 = Debug|Any CPU
		{AC174814-1F8C-4960-9B4A-067EED8B5546}.Debug|Any CPU.ActiveCfg = Debug|Any CPU
		{AC174814-1F8C-4960-9B4A-067EED8B5546}.Debug|Any CPU.Build.0 = Debug|Any CPU
		{AC174814-1F8C-4960-9B4A-067EED8B5546}.Release|Any CPU.ActiveCfg = Release|Any CPU
		{AC174814-1F8C-4960-9B4A-067EED8B5546}.Release|Any CPU.Build.0 = Release|Any CPU
		{AC174814-1F8C-4960-9B4A-067EED8B5546}.Stage|Any CPU.ActiveCfg = Debug|Any CPU
		{AC174814-1F8C-4960-9B4A-067EED8B5546}.Stage|Any CPU.Build.0 = Debug|Any CPU
		{9F68CC74-9147-497E-B15F-70A2D5A7F2DA}.Debug|Any CPU.ActiveCfg = Debug|Any CPU
		{9F68CC74-9147-497E-B15F-70A2D5A7F2DA}.Debug|Any CPU.Build.0 = Debug|Any CPU
		{9F68CC74-9147-497E-B15F-70A2D5A7F2DA}.Release|Any CPU.ActiveCfg = Release|Any CPU
		{9F68CC74-9147-497E-B15F-70A2D5A7F2DA}.Release|Any CPU.Build.0 = Release|Any CPU
		{9F68CC74-9147-497E-B15F-70A2D5A7F2DA}.Stage|Any CPU.ActiveCfg = Debug|Any CPU
		{9F68CC74-9147-497E-B15F-70A2D5A7F2DA}.Stage|Any CPU.Build.0 = Debug|Any CPU
		{B7AB42C6-3D13-4A40-B1DE-850917E795C9}.Debug|Any CPU.ActiveCfg = Debug|Any CPU
		{B7AB42C6-3D13-4A40-B1DE-850917E795C9}.Debug|Any CPU.Build.0 = Debug|Any CPU
		{B7AB42C6-3D13-4A40-B1DE-850917E795C9}.Release|Any CPU.ActiveCfg = Release|Any CPU
		{B7AB42C6-3D13-4A40-B1DE-850917E795C9}.Release|Any CPU.Build.0 = Release|Any CPU
		{B7AB42C6-3D13-4A40-B1DE-850917E795C9}.Stage|Any CPU.ActiveCfg = Debug|Any CPU
		{B7AB42C6-3D13-4A40-B1DE-850917E795C9}.Stage|Any CPU.Build.0 = Debug|Any CPU
		{6D6984F4-EB54-4107-AED8-DFA3F0E7B890}.Debug|Any CPU.ActiveCfg = Debug|Any CPU
		{6D6984F4-EB54-4107-AED8-DFA3F0E7B890}.Debug|Any CPU.Build.0 = Debug|Any CPU
		{6D6984F4-EB54-4107-AED8-DFA3F0E7B890}.Release|Any CPU.ActiveCfg = Release|Any CPU
		{6D6984F4-EB54-4107-AED8-DFA3F0E7B890}.Release|Any CPU.Build.0 = Release|Any CPU
		{6D6984F4-EB54-4107-AED8-DFA3F0E7B890}.Stage|Any CPU.ActiveCfg = Debug|Any CPU
		{6D6984F4-EB54-4107-AED8-DFA3F0E7B890}.Stage|Any CPU.Build.0 = Debug|Any CPU
		{400C2124-8B49-49E0-B15F-C940A30DF2FE}.Debug|Any CPU.ActiveCfg = Debug|Any CPU
		{400C2124-8B49-49E0-B15F-C940A30DF2FE}.Debug|Any CPU.Build.0 = Debug|Any CPU
		{400C2124-8B49-49E0-B15F-C940A30DF2FE}.Release|Any CPU.ActiveCfg = Release|Any CPU
		{400C2124-8B49-49E0-B15F-C940A30DF2FE}.Release|Any CPU.Build.0 = Release|Any CPU
		{400C2124-8B49-49E0-B15F-C940A30DF2FE}.Stage|Any CPU.ActiveCfg = Debug|Any CPU
		{400C2124-8B49-49E0-B15F-C940A30DF2FE}.Stage|Any CPU.Build.0 = Debug|Any CPU
		{228BABBE-1F74-438F-B756-FBD8E28F2582}.Debug|Any CPU.ActiveCfg = Debug|Any CPU
		{228BABBE-1F74-438F-B756-FBD8E28F2582}.Debug|Any CPU.Build.0 = Debug|Any CPU
		{228BABBE-1F74-438F-B756-FBD8E28F2582}.Release|Any CPU.ActiveCfg = Release|Any CPU
		{228BABBE-1F74-438F-B756-FBD8E28F2582}.Release|Any CPU.Build.0 = Release|Any CPU
		{228BABBE-1F74-438F-B756-FBD8E28F2582}.Stage|Any CPU.ActiveCfg = Debug|Any CPU
		{228BABBE-1F74-438F-B756-FBD8E28F2582}.Stage|Any CPU.Build.0 = Debug|Any CPU
		{9A6EBD6D-8BBD-4D5E-9922-35F129D3537B}.Debug|Any CPU.ActiveCfg = Debug|Any CPU
		{9A6EBD6D-8BBD-4D5E-9922-35F129D3537B}.Debug|Any CPU.Build.0 = Debug|Any CPU
		{9A6EBD6D-8BBD-4D5E-9922-35F129D3537B}.Release|Any CPU.ActiveCfg = Release|Any CPU
		{9A6EBD6D-8BBD-4D5E-9922-35F129D3537B}.Release|Any CPU.Build.0 = Release|Any CPU
		{9A6EBD6D-8BBD-4D5E-9922-35F129D3537B}.Stage|Any CPU.ActiveCfg = Debug|Any CPU
		{9A6EBD6D-8BBD-4D5E-9922-35F129D3537B}.Stage|Any CPU.Build.0 = Debug|Any CPU
		{F8A4DEBE-E3C1-4C88-A138-8135B8CCF2FD}.Debug|Any CPU.ActiveCfg = Debug|Any CPU
		{F8A4DEBE-E3C1-4C88-A138-8135B8CCF2FD}.Debug|Any CPU.Build.0 = Debug|Any CPU
		{F8A4DEBE-E3C1-4C88-A138-8135B8CCF2FD}.Release|Any CPU.ActiveCfg = Release|Any CPU
		{F8A4DEBE-E3C1-4C88-A138-8135B8CCF2FD}.Release|Any CPU.Build.0 = Release|Any CPU
		{F8A4DEBE-E3C1-4C88-A138-8135B8CCF2FD}.Stage|Any CPU.ActiveCfg = Debug|Any CPU
		{F8A4DEBE-E3C1-4C88-A138-8135B8CCF2FD}.Stage|Any CPU.Build.0 = Debug|Any CPU
		{10C93CFA-CF98-4D61-80D4-BDF938C15AD0}.Debug|Any CPU.ActiveCfg = Debug|Any CPU
		{10C93CFA-CF98-4D61-80D4-BDF938C15AD0}.Debug|Any CPU.Build.0 = Debug|Any CPU
		{10C93CFA-CF98-4D61-80D4-BDF938C15AD0}.Release|Any CPU.ActiveCfg = Release|Any CPU
		{10C93CFA-CF98-4D61-80D4-BDF938C15AD0}.Release|Any CPU.Build.0 = Release|Any CPU
		{10C93CFA-CF98-4D61-80D4-BDF938C15AD0}.Stage|Any CPU.ActiveCfg = Debug|Any CPU
		{10C93CFA-CF98-4D61-80D4-BDF938C15AD0}.Stage|Any CPU.Build.0 = Debug|Any CPU
		{5EE32D18-3642-4FC8-9439-DA12B76D3AC5}.Debug|Any CPU.ActiveCfg = Debug|Any CPU
		{5EE32D18-3642-4FC8-9439-DA12B76D3AC5}.Debug|Any CPU.Build.0 = Debug|Any CPU
		{5EE32D18-3642-4FC8-9439-DA12B76D3AC5}.Release|Any CPU.ActiveCfg = Release|Any CPU
		{5EE32D18-3642-4FC8-9439-DA12B76D3AC5}.Release|Any CPU.Build.0 = Release|Any CPU
		{5EE32D18-3642-4FC8-9439-DA12B76D3AC5}.Stage|Any CPU.ActiveCfg = Debug|Any CPU
		{5EE32D18-3642-4FC8-9439-DA12B76D3AC5}.Stage|Any CPU.Build.0 = Debug|Any CPU
		{1F315BF2-BD4A-4D65-AF65-8105A1474B0B}.Debug|Any CPU.ActiveCfg = Debug|Any CPU
		{1F315BF2-BD4A-4D65-AF65-8105A1474B0B}.Debug|Any CPU.Build.0 = Debug|Any CPU
		{1F315BF2-BD4A-4D65-AF65-8105A1474B0B}.Release|Any CPU.ActiveCfg = Release|Any CPU
		{1F315BF2-BD4A-4D65-AF65-8105A1474B0B}.Release|Any CPU.Build.0 = Release|Any CPU
		{1F315BF2-BD4A-4D65-AF65-8105A1474B0B}.Stage|Any CPU.ActiveCfg = Debug|Any CPU
		{1F315BF2-BD4A-4D65-AF65-8105A1474B0B}.Stage|Any CPU.Build.0 = Debug|Any CPU
		{7DA6E746-5915-404A-92F8-1F6989C37CD6}.Debug|Any CPU.ActiveCfg = Debug|Any CPU
		{7DA6E746-5915-404A-92F8-1F6989C37CD6}.Debug|Any CPU.Build.0 = Debug|Any CPU
		{7DA6E746-5915-404A-92F8-1F6989C37CD6}.Release|Any CPU.ActiveCfg = Release|Any CPU
		{7DA6E746-5915-404A-92F8-1F6989C37CD6}.Release|Any CPU.Build.0 = Release|Any CPU
		{7DA6E746-5915-404A-92F8-1F6989C37CD6}.Stage|Any CPU.ActiveCfg = Debug|Any CPU
		{7DA6E746-5915-404A-92F8-1F6989C37CD6}.Stage|Any CPU.Build.0 = Debug|Any CPU
		{7447A39F-9794-4FE1-B664-3BBE5F1F796E}.Debug|Any CPU.ActiveCfg = Debug|Any CPU
		{7447A39F-9794-4FE1-B664-3BBE5F1F796E}.Debug|Any CPU.Build.0 = Debug|Any CPU
		{7447A39F-9794-4FE1-B664-3BBE5F1F796E}.Release|Any CPU.ActiveCfg = Release|Any CPU
		{7447A39F-9794-4FE1-B664-3BBE5F1F796E}.Release|Any CPU.Build.0 = Release|Any CPU
		{7447A39F-9794-4FE1-B664-3BBE5F1F796E}.Stage|Any CPU.ActiveCfg = Debug|Any CPU
		{7447A39F-9794-4FE1-B664-3BBE5F1F796E}.Stage|Any CPU.Build.0 = Debug|Any CPU
		{1527D910-79DA-459F-9099-34CB1A15A45F}.Debug|Any CPU.ActiveCfg = Debug|Any CPU
		{1527D910-79DA-459F-9099-34CB1A15A45F}.Debug|Any CPU.Build.0 = Debug|Any CPU
		{1527D910-79DA-459F-9099-34CB1A15A45F}.Release|Any CPU.ActiveCfg = Release|Any CPU
		{1527D910-79DA-459F-9099-34CB1A15A45F}.Release|Any CPU.Build.0 = Release|Any CPU
		{1527D910-79DA-459F-9099-34CB1A15A45F}.Stage|Any CPU.ActiveCfg = Debug|Any CPU
		{1527D910-79DA-459F-9099-34CB1A15A45F}.Stage|Any CPU.Build.0 = Debug|Any CPU
		{524F5ABF-AE45-4510-BB8E-FBE33CA62555}.Debug|Any CPU.ActiveCfg = Debug|Any CPU
		{524F5ABF-AE45-4510-BB8E-FBE33CA62555}.Debug|Any CPU.Build.0 = Debug|Any CPU
		{524F5ABF-AE45-4510-BB8E-FBE33CA62555}.Release|Any CPU.ActiveCfg = Release|Any CPU
		{524F5ABF-AE45-4510-BB8E-FBE33CA62555}.Release|Any CPU.Build.0 = Release|Any CPU
		{524F5ABF-AE45-4510-BB8E-FBE33CA62555}.Stage|Any CPU.ActiveCfg = Debug|Any CPU
		{524F5ABF-AE45-4510-BB8E-FBE33CA62555}.Stage|Any CPU.Build.0 = Debug|Any CPU
		{F117C959-2E30-49F8-9E93-A06AB404F8F8}.Debug|Any CPU.ActiveCfg = Debug|Any CPU
		{F117C959-2E30-49F8-9E93-A06AB404F8F8}.Debug|Any CPU.Build.0 = Debug|Any CPU
		{F117C959-2E30-49F8-9E93-A06AB404F8F8}.Release|Any CPU.ActiveCfg = Release|Any CPU
		{F117C959-2E30-49F8-9E93-A06AB404F8F8}.Release|Any CPU.Build.0 = Release|Any CPU
		{F117C959-2E30-49F8-9E93-A06AB404F8F8}.Stage|Any CPU.ActiveCfg = Debug|Any CPU
		{F117C959-2E30-49F8-9E93-A06AB404F8F8}.Stage|Any CPU.Build.0 = Debug|Any CPU
		{A2DC4B3F-0020-436A-A24F-E8E7769FAA51}.Debug|Any CPU.ActiveCfg = Debug|Any CPU
		{A2DC4B3F-0020-436A-A24F-E8E7769FAA51}.Debug|Any CPU.Build.0 = Debug|Any CPU
		{A2DC4B3F-0020-436A-A24F-E8E7769FAA51}.Release|Any CPU.ActiveCfg = Release|Any CPU
		{A2DC4B3F-0020-436A-A24F-E8E7769FAA51}.Release|Any CPU.Build.0 = Release|Any CPU
		{A2DC4B3F-0020-436A-A24F-E8E7769FAA51}.Stage|Any CPU.ActiveCfg = Debug|Any CPU
		{A2DC4B3F-0020-436A-A24F-E8E7769FAA51}.Stage|Any CPU.Build.0 = Debug|Any CPU
		{A3ED949E-AB1C-452B-9932-F5ABAC0C589C}.Debug|Any CPU.ActiveCfg = Debug|Any CPU
		{A3ED949E-AB1C-452B-9932-F5ABAC0C589C}.Debug|Any CPU.Build.0 = Debug|Any CPU
		{A3ED949E-AB1C-452B-9932-F5ABAC0C589C}.Release|Any CPU.ActiveCfg = Release|Any CPU
		{A3ED949E-AB1C-452B-9932-F5ABAC0C589C}.Release|Any CPU.Build.0 = Release|Any CPU
		{A3ED949E-AB1C-452B-9932-F5ABAC0C589C}.Stage|Any CPU.ActiveCfg = Debug|Any CPU
		{A3ED949E-AB1C-452B-9932-F5ABAC0C589C}.Stage|Any CPU.Build.0 = Debug|Any CPU
		{5889D629-EBB1-4D33-8A79-DEA15E722270}.Debug|Any CPU.ActiveCfg = Debug|Any CPU
		{5889D629-EBB1-4D33-8A79-DEA15E722270}.Debug|Any CPU.Build.0 = Debug|Any CPU
		{5889D629-EBB1-4D33-8A79-DEA15E722270}.Release|Any CPU.ActiveCfg = Release|Any CPU
		{5889D629-EBB1-4D33-8A79-DEA15E722270}.Release|Any CPU.Build.0 = Release|Any CPU
		{5889D629-EBB1-4D33-8A79-DEA15E722270}.Stage|Any CPU.ActiveCfg = Debug|Any CPU
		{5889D629-EBB1-4D33-8A79-DEA15E722270}.Stage|Any CPU.Build.0 = Debug|Any CPU
		{2D22B7C1-DC4A-41AF-9132-D60276D5B94F}.Debug|Any CPU.ActiveCfg = Debug|Any CPU
		{2D22B7C1-DC4A-41AF-9132-D60276D5B94F}.Debug|Any CPU.Build.0 = Debug|Any CPU
		{2D22B7C1-DC4A-41AF-9132-D60276D5B94F}.Release|Any CPU.ActiveCfg = Release|Any CPU
		{2D22B7C1-DC4A-41AF-9132-D60276D5B94F}.Release|Any CPU.Build.0 = Release|Any CPU
		{2D22B7C1-DC4A-41AF-9132-D60276D5B94F}.Stage|Any CPU.ActiveCfg = Debug|Any CPU
		{2D22B7C1-DC4A-41AF-9132-D60276D5B94F}.Stage|Any CPU.Build.0 = Debug|Any CPU
		{939A08A6-DFD9-4DE7-B016-F55C9CE8927E}.Debug|Any CPU.ActiveCfg = Debug|Any CPU
		{939A08A6-DFD9-4DE7-B016-F55C9CE8927E}.Debug|Any CPU.Build.0 = Debug|Any CPU
		{939A08A6-DFD9-4DE7-B016-F55C9CE8927E}.Release|Any CPU.ActiveCfg = Release|Any CPU
		{939A08A6-DFD9-4DE7-B016-F55C9CE8927E}.Release|Any CPU.Build.0 = Release|Any CPU
		{939A08A6-DFD9-4DE7-B016-F55C9CE8927E}.Stage|Any CPU.ActiveCfg = Debug|Any CPU
		{939A08A6-DFD9-4DE7-B016-F55C9CE8927E}.Stage|Any CPU.Build.0 = Debug|Any CPU
		{817AD117-DE1E-4DB5-8F94-4D9653D51CC8}.Debug|Any CPU.ActiveCfg = Debug|Any CPU
		{817AD117-DE1E-4DB5-8F94-4D9653D51CC8}.Debug|Any CPU.Build.0 = Debug|Any CPU
		{817AD117-DE1E-4DB5-8F94-4D9653D51CC8}.Release|Any CPU.ActiveCfg = Release|Any CPU
		{817AD117-DE1E-4DB5-8F94-4D9653D51CC8}.Release|Any CPU.Build.0 = Release|Any CPU
		{817AD117-DE1E-4DB5-8F94-4D9653D51CC8}.Stage|Any CPU.ActiveCfg = Debug|Any CPU
		{817AD117-DE1E-4DB5-8F94-4D9653D51CC8}.Stage|Any CPU.Build.0 = Debug|Any CPU
		{E71932BB-6CE9-4668-AE67-C87AE3738645}.Debug|Any CPU.ActiveCfg = Debug|Any CPU
		{E71932BB-6CE9-4668-AE67-C87AE3738645}.Debug|Any CPU.Build.0 = Debug|Any CPU
		{E71932BB-6CE9-4668-AE67-C87AE3738645}.Release|Any CPU.ActiveCfg = Release|Any CPU
		{E71932BB-6CE9-4668-AE67-C87AE3738645}.Release|Any CPU.Build.0 = Release|Any CPU
		{E71932BB-6CE9-4668-AE67-C87AE3738645}.Stage|Any CPU.ActiveCfg = Debug|Any CPU
		{E71932BB-6CE9-4668-AE67-C87AE3738645}.Stage|Any CPU.Build.0 = Debug|Any CPU
		{5AD326F8-C456-4D22-B846-14DB8D5E8FAF}.Debug|Any CPU.ActiveCfg = Debug|Any CPU
		{5AD326F8-C456-4D22-B846-14DB8D5E8FAF}.Debug|Any CPU.Build.0 = Debug|Any CPU
		{5AD326F8-C456-4D22-B846-14DB8D5E8FAF}.Release|Any CPU.ActiveCfg = Release|Any CPU
		{5AD326F8-C456-4D22-B846-14DB8D5E8FAF}.Release|Any CPU.Build.0 = Release|Any CPU
		{5AD326F8-C456-4D22-B846-14DB8D5E8FAF}.Stage|Any CPU.ActiveCfg = Debug|Any CPU
		{5AD326F8-C456-4D22-B846-14DB8D5E8FAF}.Stage|Any CPU.Build.0 = Debug|Any CPU
		{827C1E40-3FCE-44A8-A0E9-DA9B6466C4B1}.Debug|Any CPU.ActiveCfg = Debug|Any CPU
		{827C1E40-3FCE-44A8-A0E9-DA9B6466C4B1}.Debug|Any CPU.Build.0 = Debug|Any CPU
		{827C1E40-3FCE-44A8-A0E9-DA9B6466C4B1}.Release|Any CPU.ActiveCfg = Release|Any CPU
		{827C1E40-3FCE-44A8-A0E9-DA9B6466C4B1}.Release|Any CPU.Build.0 = Release|Any CPU
		{827C1E40-3FCE-44A8-A0E9-DA9B6466C4B1}.Stage|Any CPU.ActiveCfg = Debug|Any CPU
		{827C1E40-3FCE-44A8-A0E9-DA9B6466C4B1}.Stage|Any CPU.Build.0 = Debug|Any CPU
		{F154FDB8-6FDD-4D69-AED5-80990E464B53}.Debug|Any CPU.ActiveCfg = Debug|Any CPU
		{F154FDB8-6FDD-4D69-AED5-80990E464B53}.Debug|Any CPU.Build.0 = Debug|Any CPU
		{F154FDB8-6FDD-4D69-AED5-80990E464B53}.Release|Any CPU.ActiveCfg = Release|Any CPU
		{F154FDB8-6FDD-4D69-AED5-80990E464B53}.Release|Any CPU.Build.0 = Release|Any CPU
		{F154FDB8-6FDD-4D69-AED5-80990E464B53}.Stage|Any CPU.ActiveCfg = Debug|Any CPU
		{F154FDB8-6FDD-4D69-AED5-80990E464B53}.Stage|Any CPU.Build.0 = Debug|Any CPU
		{847198FA-A63F-40BD-8557-0903A31A1210}.Debug|Any CPU.ActiveCfg = Debug|Any CPU
		{847198FA-A63F-40BD-8557-0903A31A1210}.Debug|Any CPU.Build.0 = Debug|Any CPU
		{847198FA-A63F-40BD-8557-0903A31A1210}.Release|Any CPU.ActiveCfg = Release|Any CPU
		{847198FA-A63F-40BD-8557-0903A31A1210}.Release|Any CPU.Build.0 = Release|Any CPU
		{847198FA-A63F-40BD-8557-0903A31A1210}.Stage|Any CPU.ActiveCfg = Debug|Any CPU
		{847198FA-A63F-40BD-8557-0903A31A1210}.Stage|Any CPU.Build.0 = Debug|Any CPU
		{3AD43ABA-A881-4C59-AEE4-43C9670BDA44}.Debug|Any CPU.ActiveCfg = Debug|Any CPU
		{3AD43ABA-A881-4C59-AEE4-43C9670BDA44}.Debug|Any CPU.Build.0 = Debug|Any CPU
		{3AD43ABA-A881-4C59-AEE4-43C9670BDA44}.Release|Any CPU.ActiveCfg = Release|Any CPU
		{3AD43ABA-A881-4C59-AEE4-43C9670BDA44}.Release|Any CPU.Build.0 = Release|Any CPU
		{3AD43ABA-A881-4C59-AEE4-43C9670BDA44}.Stage|Any CPU.ActiveCfg = Debug|Any CPU
		{3AD43ABA-A881-4C59-AEE4-43C9670BDA44}.Stage|Any CPU.Build.0 = Debug|Any CPU
		{96403830-F7F6-4283-BECF-AB3DC90B034B}.Debug|Any CPU.ActiveCfg = Debug|Any CPU
		{96403830-F7F6-4283-BECF-AB3DC90B034B}.Debug|Any CPU.Build.0 = Debug|Any CPU
		{96403830-F7F6-4283-BECF-AB3DC90B034B}.Release|Any CPU.ActiveCfg = Release|Any CPU
		{96403830-F7F6-4283-BECF-AB3DC90B034B}.Release|Any CPU.Build.0 = Release|Any CPU
		{96403830-F7F6-4283-BECF-AB3DC90B034B}.Stage|Any CPU.ActiveCfg = Debug|Any CPU
		{96403830-F7F6-4283-BECF-AB3DC90B034B}.Stage|Any CPU.Build.0 = Debug|Any CPU
		{4CA341A6-4B79-40D3-9612-E005C613EA76}.Debug|Any CPU.ActiveCfg = Debug|Any CPU
		{4CA341A6-4B79-40D3-9612-E005C613EA76}.Debug|Any CPU.Build.0 = Debug|Any CPU
		{4CA341A6-4B79-40D3-9612-E005C613EA76}.Release|Any CPU.ActiveCfg = Release|Any CPU
		{4CA341A6-4B79-40D3-9612-E005C613EA76}.Release|Any CPU.Build.0 = Release|Any CPU
		{4CA341A6-4B79-40D3-9612-E005C613EA76}.Stage|Any CPU.ActiveCfg = Debug|Any CPU
		{4CA341A6-4B79-40D3-9612-E005C613EA76}.Stage|Any CPU.Build.0 = Debug|Any CPU
		{C3277C35-2AA1-43C8-81FC-49AE7A7E521E}.Debug|Any CPU.ActiveCfg = Debug|Any CPU
		{C3277C35-2AA1-43C8-81FC-49AE7A7E521E}.Debug|Any CPU.Build.0 = Debug|Any CPU
		{C3277C35-2AA1-43C8-81FC-49AE7A7E521E}.Release|Any CPU.ActiveCfg = Release|Any CPU
		{C3277C35-2AA1-43C8-81FC-49AE7A7E521E}.Release|Any CPU.Build.0 = Release|Any CPU
		{C3277C35-2AA1-43C8-81FC-49AE7A7E521E}.Stage|Any CPU.ActiveCfg = Debug|Any CPU
		{C3277C35-2AA1-43C8-81FC-49AE7A7E521E}.Stage|Any CPU.Build.0 = Debug|Any CPU
		{ADAEE436-BBF3-4E50-809F-A23046D9DDDF}.Debug|Any CPU.ActiveCfg = Debug|Any CPU
		{ADAEE436-BBF3-4E50-809F-A23046D9DDDF}.Debug|Any CPU.Build.0 = Debug|Any CPU
		{ADAEE436-BBF3-4E50-809F-A23046D9DDDF}.Release|Any CPU.ActiveCfg = Release|Any CPU
		{ADAEE436-BBF3-4E50-809F-A23046D9DDDF}.Release|Any CPU.Build.0 = Release|Any CPU
		{ADAEE436-BBF3-4E50-809F-A23046D9DDDF}.Stage|Any CPU.ActiveCfg = Debug|Any CPU
		{ADAEE436-BBF3-4E50-809F-A23046D9DDDF}.Stage|Any CPU.Build.0 = Debug|Any CPU
		{D815C400-4859-49A3-AF42-761D6B2EEC85}.Debug|Any CPU.ActiveCfg = Debug|Any CPU
		{D815C400-4859-49A3-AF42-761D6B2EEC85}.Debug|Any CPU.Build.0 = Debug|Any CPU
		{D815C400-4859-49A3-AF42-761D6B2EEC85}.Release|Any CPU.ActiveCfg = Release|Any CPU
		{D815C400-4859-49A3-AF42-761D6B2EEC85}.Release|Any CPU.Build.0 = Release|Any CPU
		{D815C400-4859-49A3-AF42-761D6B2EEC85}.Stage|Any CPU.ActiveCfg = Debug|Any CPU
		{D815C400-4859-49A3-AF42-761D6B2EEC85}.Stage|Any CPU.Build.0 = Debug|Any CPU
		{C128E6AB-EC76-41BD-B10F-88F650EA270A}.Debug|Any CPU.ActiveCfg = Debug|Any CPU
		{C128E6AB-EC76-41BD-B10F-88F650EA270A}.Debug|Any CPU.Build.0 = Debug|Any CPU
		{C128E6AB-EC76-41BD-B10F-88F650EA270A}.Release|Any CPU.ActiveCfg = Release|Any CPU
		{C128E6AB-EC76-41BD-B10F-88F650EA270A}.Release|Any CPU.Build.0 = Release|Any CPU
		{C128E6AB-EC76-41BD-B10F-88F650EA270A}.Stage|Any CPU.ActiveCfg = Debug|Any CPU
		{C128E6AB-EC76-41BD-B10F-88F650EA270A}.Stage|Any CPU.Build.0 = Debug|Any CPU
		{84FA5472-4409-4288-B8E9-33E2247AA135}.Debug|Any CPU.ActiveCfg = Debug|Any CPU
		{84FA5472-4409-4288-B8E9-33E2247AA135}.Debug|Any CPU.Build.0 = Debug|Any CPU
		{84FA5472-4409-4288-B8E9-33E2247AA135}.Release|Any CPU.ActiveCfg = Release|Any CPU
		{84FA5472-4409-4288-B8E9-33E2247AA135}.Release|Any CPU.Build.0 = Release|Any CPU
		{84FA5472-4409-4288-B8E9-33E2247AA135}.Stage|Any CPU.ActiveCfg = Debug|Any CPU
		{84FA5472-4409-4288-B8E9-33E2247AA135}.Stage|Any CPU.Build.0 = Debug|Any CPU
		{E3EF3E53-5153-4B2D-8766-00D825BA166E}.Debug|Any CPU.ActiveCfg = Debug|Any CPU
		{E3EF3E53-5153-4B2D-8766-00D825BA166E}.Debug|Any CPU.Build.0 = Debug|Any CPU
		{E3EF3E53-5153-4B2D-8766-00D825BA166E}.Release|Any CPU.ActiveCfg = Release|Any CPU
		{E3EF3E53-5153-4B2D-8766-00D825BA166E}.Release|Any CPU.Build.0 = Release|Any CPU
		{E3EF3E53-5153-4B2D-8766-00D825BA166E}.Stage|Any CPU.ActiveCfg = Debug|Any CPU
		{E3EF3E53-5153-4B2D-8766-00D825BA166E}.Stage|Any CPU.Build.0 = Debug|Any CPU
		{09DFDEDE-F564-4AF2-BE64-A94335F895AE}.Debug|Any CPU.ActiveCfg = Debug|Any CPU
		{09DFDEDE-F564-4AF2-BE64-A94335F895AE}.Debug|Any CPU.Build.0 = Debug|Any CPU
		{09DFDEDE-F564-4AF2-BE64-A94335F895AE}.Release|Any CPU.ActiveCfg = Release|Any CPU
		{09DFDEDE-F564-4AF2-BE64-A94335F895AE}.Release|Any CPU.Build.0 = Release|Any CPU
		{09DFDEDE-F564-4AF2-BE64-A94335F895AE}.Stage|Any CPU.ActiveCfg = Debug|Any CPU
		{09DFDEDE-F564-4AF2-BE64-A94335F895AE}.Stage|Any CPU.Build.0 = Debug|Any CPU
		{82AD0DDF-AC91-4896-91C9-727A74A9C6D2}.Debug|Any CPU.ActiveCfg = Debug|Any CPU
		{82AD0DDF-AC91-4896-91C9-727A74A9C6D2}.Debug|Any CPU.Build.0 = Debug|Any CPU
		{82AD0DDF-AC91-4896-91C9-727A74A9C6D2}.Release|Any CPU.ActiveCfg = Release|Any CPU
		{82AD0DDF-AC91-4896-91C9-727A74A9C6D2}.Release|Any CPU.Build.0 = Release|Any CPU
		{82AD0DDF-AC91-4896-91C9-727A74A9C6D2}.Stage|Any CPU.ActiveCfg = Debug|Any CPU
		{82AD0DDF-AC91-4896-91C9-727A74A9C6D2}.Stage|Any CPU.Build.0 = Debug|Any CPU
		{1845F3F6-9606-4F2C-978F-396C54A9EF92}.Debug|Any CPU.ActiveCfg = Debug|Any CPU
		{1845F3F6-9606-4F2C-978F-396C54A9EF92}.Debug|Any CPU.Build.0 = Debug|Any CPU
		{1845F3F6-9606-4F2C-978F-396C54A9EF92}.Release|Any CPU.ActiveCfg = Release|Any CPU
		{1845F3F6-9606-4F2C-978F-396C54A9EF92}.Release|Any CPU.Build.0 = Release|Any CPU
		{1845F3F6-9606-4F2C-978F-396C54A9EF92}.Stage|Any CPU.ActiveCfg = Debug|Any CPU
		{1845F3F6-9606-4F2C-978F-396C54A9EF92}.Stage|Any CPU.Build.0 = Debug|Any CPU
		{A4BA9604-A474-4DF8-8C9C-60A276E4B721}.Debug|Any CPU.ActiveCfg = Debug|Any CPU
		{A4BA9604-A474-4DF8-8C9C-60A276E4B721}.Debug|Any CPU.Build.0 = Debug|Any CPU
		{A4BA9604-A474-4DF8-8C9C-60A276E4B721}.Release|Any CPU.ActiveCfg = Release|Any CPU
		{A4BA9604-A474-4DF8-8C9C-60A276E4B721}.Release|Any CPU.Build.0 = Release|Any CPU
		{A4BA9604-A474-4DF8-8C9C-60A276E4B721}.Stage|Any CPU.ActiveCfg = Debug|Any CPU
		{A4BA9604-A474-4DF8-8C9C-60A276E4B721}.Stage|Any CPU.Build.0 = Debug|Any CPU
		{7EF953F8-D906-4420-A484-2BCE10CBB18C}.Debug|Any CPU.ActiveCfg = Debug|Any CPU
		{7EF953F8-D906-4420-A484-2BCE10CBB18C}.Debug|Any CPU.Build.0 = Debug|Any CPU
		{7EF953F8-D906-4420-A484-2BCE10CBB18C}.Release|Any CPU.ActiveCfg = Release|Any CPU
		{7EF953F8-D906-4420-A484-2BCE10CBB18C}.Release|Any CPU.Build.0 = Release|Any CPU
		{7EF953F8-D906-4420-A484-2BCE10CBB18C}.Stage|Any CPU.ActiveCfg = Debug|Any CPU
		{7EF953F8-D906-4420-A484-2BCE10CBB18C}.Stage|Any CPU.Build.0 = Debug|Any CPU
		{92AC9ACC-052B-438B-8128-44F5AF02EA20}.Debug|Any CPU.ActiveCfg = Debug|Any CPU
		{92AC9ACC-052B-438B-8128-44F5AF02EA20}.Debug|Any CPU.Build.0 = Debug|Any CPU
		{92AC9ACC-052B-438B-8128-44F5AF02EA20}.Release|Any CPU.ActiveCfg = Release|Any CPU
		{92AC9ACC-052B-438B-8128-44F5AF02EA20}.Release|Any CPU.Build.0 = Release|Any CPU
		{92AC9ACC-052B-438B-8128-44F5AF02EA20}.Stage|Any CPU.ActiveCfg = Debug|Any CPU
		{92AC9ACC-052B-438B-8128-44F5AF02EA20}.Stage|Any CPU.Build.0 = Debug|Any CPU
		{F399EC78-2488-41EF-ACCC-03F613D23A0F}.Debug|Any CPU.ActiveCfg = Debug|Any CPU
		{F399EC78-2488-41EF-ACCC-03F613D23A0F}.Debug|Any CPU.Build.0 = Debug|Any CPU
		{F399EC78-2488-41EF-ACCC-03F613D23A0F}.Release|Any CPU.ActiveCfg = Release|Any CPU
		{F399EC78-2488-41EF-ACCC-03F613D23A0F}.Release|Any CPU.Build.0 = Release|Any CPU
		{F399EC78-2488-41EF-ACCC-03F613D23A0F}.Stage|Any CPU.ActiveCfg = Debug|Any CPU
		{F399EC78-2488-41EF-ACCC-03F613D23A0F}.Stage|Any CPU.Build.0 = Debug|Any CPU
		{0FECE9E9-A06F-4D9B-A95F-96B0D1AEFBFE}.Debug|Any CPU.ActiveCfg = Debug|Any CPU
		{0FECE9E9-A06F-4D9B-A95F-96B0D1AEFBFE}.Debug|Any CPU.Build.0 = Debug|Any CPU
		{0FECE9E9-A06F-4D9B-A95F-96B0D1AEFBFE}.Release|Any CPU.ActiveCfg = Release|Any CPU
		{0FECE9E9-A06F-4D9B-A95F-96B0D1AEFBFE}.Release|Any CPU.Build.0 = Release|Any CPU
		{0FECE9E9-A06F-4D9B-A95F-96B0D1AEFBFE}.Stage|Any CPU.ActiveCfg = Debug|Any CPU
		{0FECE9E9-A06F-4D9B-A95F-96B0D1AEFBFE}.Stage|Any CPU.Build.0 = Debug|Any CPU
		{2F5E1A35-F80C-4BA1-97B3-95128B15F7C6}.Debug|Any CPU.ActiveCfg = Debug|Any CPU
		{2F5E1A35-F80C-4BA1-97B3-95128B15F7C6}.Debug|Any CPU.Build.0 = Debug|Any CPU
		{2F5E1A35-F80C-4BA1-97B3-95128B15F7C6}.Release|Any CPU.ActiveCfg = Release|Any CPU
		{2F5E1A35-F80C-4BA1-97B3-95128B15F7C6}.Release|Any CPU.Build.0 = Release|Any CPU
		{2F5E1A35-F80C-4BA1-97B3-95128B15F7C6}.Stage|Any CPU.ActiveCfg = Debug|Any CPU
		{2F5E1A35-F80C-4BA1-97B3-95128B15F7C6}.Stage|Any CPU.Build.0 = Debug|Any CPU
		{76AD08DF-F19A-485F-9C47-5CCE06E102E1}.Debug|Any CPU.ActiveCfg = Debug|Any CPU
		{76AD08DF-F19A-485F-9C47-5CCE06E102E1}.Debug|Any CPU.Build.0 = Debug|Any CPU
		{76AD08DF-F19A-485F-9C47-5CCE06E102E1}.Release|Any CPU.ActiveCfg = Release|Any CPU
		{76AD08DF-F19A-485F-9C47-5CCE06E102E1}.Release|Any CPU.Build.0 = Release|Any CPU
		{76AD08DF-F19A-485F-9C47-5CCE06E102E1}.Stage|Any CPU.ActiveCfg = Debug|Any CPU
		{76AD08DF-F19A-485F-9C47-5CCE06E102E1}.Stage|Any CPU.Build.0 = Debug|Any CPU
		{B153B830-714A-4FFB-937C-EB5370C8D3AB}.Debug|Any CPU.ActiveCfg = Debug|Any CPU
		{B153B830-714A-4FFB-937C-EB5370C8D3AB}.Debug|Any CPU.Build.0 = Debug|Any CPU
		{B153B830-714A-4FFB-937C-EB5370C8D3AB}.Release|Any CPU.ActiveCfg = Release|Any CPU
		{B153B830-714A-4FFB-937C-EB5370C8D3AB}.Release|Any CPU.Build.0 = Release|Any CPU
		{B153B830-714A-4FFB-937C-EB5370C8D3AB}.Stage|Any CPU.ActiveCfg = Debug|Any CPU
		{B153B830-714A-4FFB-937C-EB5370C8D3AB}.Stage|Any CPU.Build.0 = Debug|Any CPU
		{A7DD4DE0-A0C8-4BF0-ADEB-A1196267ABA4}.Debug|Any CPU.ActiveCfg = Debug|Any CPU
		{A7DD4DE0-A0C8-4BF0-ADEB-A1196267ABA4}.Debug|Any CPU.Build.0 = Debug|Any CPU
		{A7DD4DE0-A0C8-4BF0-ADEB-A1196267ABA4}.Release|Any CPU.ActiveCfg = Release|Any CPU
		{A7DD4DE0-A0C8-4BF0-ADEB-A1196267ABA4}.Release|Any CPU.Build.0 = Release|Any CPU
		{A7DD4DE0-A0C8-4BF0-ADEB-A1196267ABA4}.Stage|Any CPU.ActiveCfg = Debug|Any CPU
		{A7DD4DE0-A0C8-4BF0-ADEB-A1196267ABA4}.Stage|Any CPU.Build.0 = Debug|Any CPU
		{44100038-4507-41A5-959F-84FDE99EE5C7}.Debug|Any CPU.ActiveCfg = Debug|Any CPU
		{44100038-4507-41A5-959F-84FDE99EE5C7}.Debug|Any CPU.Build.0 = Debug|Any CPU
		{44100038-4507-41A5-959F-84FDE99EE5C7}.Release|Any CPU.ActiveCfg = Release|Any CPU
		{44100038-4507-41A5-959F-84FDE99EE5C7}.Release|Any CPU.Build.0 = Release|Any CPU
		{44100038-4507-41A5-959F-84FDE99EE5C7}.Stage|Any CPU.ActiveCfg = Debug|Any CPU
		{44100038-4507-41A5-959F-84FDE99EE5C7}.Stage|Any CPU.Build.0 = Debug|Any CPU
		{2228A314-7F4E-4D53-BAF8-1929F0E684E9}.Debug|Any CPU.ActiveCfg = Debug|Any CPU
		{2228A314-7F4E-4D53-BAF8-1929F0E684E9}.Debug|Any CPU.Build.0 = Debug|Any CPU
		{2228A314-7F4E-4D53-BAF8-1929F0E684E9}.Release|Any CPU.ActiveCfg = Release|Any CPU
		{2228A314-7F4E-4D53-BAF8-1929F0E684E9}.Release|Any CPU.Build.0 = Release|Any CPU
		{2228A314-7F4E-4D53-BAF8-1929F0E684E9}.Stage|Any CPU.ActiveCfg = Debug|Any CPU
		{2228A314-7F4E-4D53-BAF8-1929F0E684E9}.Stage|Any CPU.Build.0 = Debug|Any CPU
	EndGlobalSection
	GlobalSection(SolutionProperties) = preSolution
		HideSolutionNode = FALSE
	EndGlobalSection
	GlobalSection(NestedProjects) = preSolution
		{E75A6593-EA57-45A2-AC38-EBBBD7E7465E} = {7AE24405-9DE2-4131-904B-F3ED0F6B104B}
		{F1554EFC-257E-4B7C-9FD2-49CF1E2AD3B6} = {7AE24405-9DE2-4131-904B-F3ED0F6B104B}
		{EC563E5C-D43C-436D-A40D-2D182B1594B6} = {7AE24405-9DE2-4131-904B-F3ED0F6B104B}
		{F92D0E7F-047D-40E0-A39A-428205AC5DF3} = {7AE24405-9DE2-4131-904B-F3ED0F6B104B}
		{8EC756D3-F787-4048-B1D9-88A9A5F4FB2D} = {7AE24405-9DE2-4131-904B-F3ED0F6B104B}
		{9083B567-B75A-4493-A7D8-4DED8C82FCDF} = {7AE24405-9DE2-4131-904B-F3ED0F6B104B}
		{AC3F8177-7048-4AED-8E13-9498DE646C64} = {7AE24405-9DE2-4131-904B-F3ED0F6B104B}
		{7F596461-2B6C-43FD-AABF-4691B8732AEF} = {7AE24405-9DE2-4131-904B-F3ED0F6B104B}
		{4B6C8C28-B2EC-4EDD-B6D8-F90B125CB109} = {7AE24405-9DE2-4131-904B-F3ED0F6B104B}
		{C1A9E7D3-08F4-400E-821D-BE23ED7C454B} = {7AE24405-9DE2-4131-904B-F3ED0F6B104B}
		{DF6A01E5-548B-4FD8-9305-5A6E87B48DC1} = {7AE24405-9DE2-4131-904B-F3ED0F6B104B}
		{58BB7663-9A72-4006-BF8C-3E6367BDCA99} = {7AE24405-9DE2-4131-904B-F3ED0F6B104B}
		{3D0F6210-272F-410D-AEAA-A5722E8C6D95} = {7AE24405-9DE2-4131-904B-F3ED0F6B104B}
		{F325328D-B366-4A2E-9644-90B26E2DD97F} = {7AE24405-9DE2-4131-904B-F3ED0F6B104B}
		{6FE2EAEF-E294-4D4D-BE94-A03D3ABC1653} = {7AE24405-9DE2-4131-904B-F3ED0F6B104B}
		{6F6983D9-4ABB-4623-88CA-31088CB29A39} = {7AE24405-9DE2-4131-904B-F3ED0F6B104B}
		{14E2739D-1425-4B4C-905B-FDB0D4F13FD3} = {7F596461-2B6C-43FD-AABF-4691B8732AEF}
		{ADB9B07F-4757-42CC-8C4E-FA558DA84712} = {7F596461-2B6C-43FD-AABF-4691B8732AEF}
		{6EB650D2-CA95-4AC7-B828-788C3A77EF83} = {58BB7663-9A72-4006-BF8C-3E6367BDCA99}
		{82101844-F2A8-4F49-92E1-CA066A3489B5} = {4B6C8C28-B2EC-4EDD-B6D8-F90B125CB109}
		{A363133F-3405-4719-B8DC-0F79590191B3} = {4B6C8C28-B2EC-4EDD-B6D8-F90B125CB109}
		{74E8F9FA-69CF-4E39-8013-1FC2EE45DCA1} = {C1A9E7D3-08F4-400E-821D-BE23ED7C454B}
		{BF4B2200-4686-4455-A858-F9F3097E3429} = {C1A9E7D3-08F4-400E-821D-BE23ED7C454B}
		{28045FD5-07DD-4D49-8593-8888A49B867F} = {AC3F8177-7048-4AED-8E13-9498DE646C64}
		{FB6C1579-3C40-421A-8D12-5B07C147E132} = {AC3F8177-7048-4AED-8E13-9498DE646C64}
		{A9324646-DC89-493B-A212-B7A812BA66E5} = {AC3F8177-7048-4AED-8E13-9498DE646C64}
		{742E5831-32E3-4151-9924-BC1BECBA2FF8} = {8EC756D3-F787-4048-B1D9-88A9A5F4FB2D}
		{619A4626-93AE-4B7F-8EFC-E4D3DC024D34} = {9083B567-B75A-4493-A7D8-4DED8C82FCDF}
		{2B532AB2-48B6-4291-9EDB-53939A547CC1} = {9083B567-B75A-4493-A7D8-4DED8C82FCDF}
		{2433D363-94C9-4205-B7A0-BF6880F33F34} = {6F6983D9-4ABB-4623-88CA-31088CB29A39}
		{2C1F42A2-564B-48F2-85C9-25B24F02F2DB} = {E75A6593-EA57-45A2-AC38-EBBBD7E7465E}
		{FB826993-BB6D-406F-B511-0502D1DAF36F} = {E75A6593-EA57-45A2-AC38-EBBBD7E7465E}
		{FBBDA83E-2FD3-44EA-BDDC-A45D629B1779} = {E75A6593-EA57-45A2-AC38-EBBBD7E7465E}
		{E4B616F7-8761-48CD-9CBB-283D67424978} = {F325328D-B366-4A2E-9644-90B26E2DD97F}
		{B6B12A9D-E2F8-4DEF-BC84-ADFC435869BB} = {6FE2EAEF-E294-4D4D-BE94-A03D3ABC1653}
		{DBDF2E18-4E29-4228-BDC6-756883BC5049} = {3D0F6210-272F-410D-AEAA-A5722E8C6D95}
		{135358A4-ACE2-4434-8E5C-362997296EA1} = {3D0F6210-272F-410D-AEAA-A5722E8C6D95}
		{B0E88B42-AF53-4238-8821-FE0D15FCFA76} = {F1554EFC-257E-4B7C-9FD2-49CF1E2AD3B6}
		{1D930E11-4FF1-4614-90F6-23863C86EE49} = {B51682FE-19A0-493E-A853-C2BC6DE0FE68}
		{8CA67A53-FA2E-4EC3-9768-8E337B62A522} = {7AE24405-9DE2-4131-904B-F3ED0F6B104B}
		{C570B0BE-8743-45B1-93AD-82C05290ED06} = {8CA67A53-FA2E-4EC3-9768-8E337B62A522}
		{EBB17592-514B-4220-986D-C924DAEEAA52} = {7AE24405-9DE2-4131-904B-F3ED0F6B104B}
		{32EC6FBC-4F25-4BDF-9E3F-866D44574849} = {EBB17592-514B-4220-986D-C924DAEEAA52}
		{4796302E-0940-4AD4-9CDC-41E24E4A9270} = {6FE2EAEF-E294-4D4D-BE94-A03D3ABC1653}
		{643195A2-88A6-4274-9444-2D7B68C63925} = {7AE24405-9DE2-4131-904B-F3ED0F6B104B}
		{8BAA9782-A10C-4869-B7C0-BAAD92963067} = {643195A2-88A6-4274-9444-2D7B68C63925}
		{55BE1992-9394-4026-A742-6BDED6490C2E} = {7AE24405-9DE2-4131-904B-F3ED0F6B104B}
		{6372F010-10CA-4CD6-9487-D3EEEC39D71F} = {55BE1992-9394-4026-A742-6BDED6490C2E}
		{2A6BF170-31FE-43F6-A1C1-0338CF2DFBEA} = {55BE1992-9394-4026-A742-6BDED6490C2E}
		{852BD136-E1C7-4BC5-AEC7-C694D598D94E} = {55BE1992-9394-4026-A742-6BDED6490C2E}
		{09720068-583B-4029-80EA-3F96F63EE8E2} = {6F6983D9-4ABB-4623-88CA-31088CB29A39}
		{342F50CC-EFB4-4731-8402-9A030115AE47} = {6F6983D9-4ABB-4623-88CA-31088CB29A39}
		{AC174814-1F8C-4960-9B4A-067EED8B5546} = {6FE2EAEF-E294-4D4D-BE94-A03D3ABC1653}
		{9F68CC74-9147-497E-B15F-70A2D5A7F2DA} = {4B6C8C28-B2EC-4EDD-B6D8-F90B125CB109}
		{B7AB42C6-3D13-4A40-B1DE-850917E795C9} = {4B6C8C28-B2EC-4EDD-B6D8-F90B125CB109}
		{6D6984F4-EB54-4107-AED8-DFA3F0E7B890} = {E75A6593-EA57-45A2-AC38-EBBBD7E7465E}
		{400C2124-8B49-49E0-B15F-C940A30DF2FE} = {E75A6593-EA57-45A2-AC38-EBBBD7E7465E}
		{228BABBE-1F74-438F-B756-FBD8E28F2582} = {F1554EFC-257E-4B7C-9FD2-49CF1E2AD3B6}
		{9A6EBD6D-8BBD-4D5E-9922-35F129D3537B} = {F1554EFC-257E-4B7C-9FD2-49CF1E2AD3B6}
		{90E2A272-2FE2-4462-9E2C-75491063AAE7} = {7AE24405-9DE2-4131-904B-F3ED0F6B104B}
		{F8A4DEBE-E3C1-4C88-A138-8135B8CCF2FD} = {90E2A272-2FE2-4462-9E2C-75491063AAE7}
		{10C93CFA-CF98-4D61-80D4-BDF938C15AD0} = {90E2A272-2FE2-4462-9E2C-75491063AAE7}
		{5EE32D18-3642-4FC8-9439-DA12B76D3AC5} = {4B6C8C28-B2EC-4EDD-B6D8-F90B125CB109}
		{8B9C9F63-6F92-4A64-B126-0DA74F8AD5AC} = {7AE24405-9DE2-4131-904B-F3ED0F6B104B}
		{1F315BF2-BD4A-4D65-AF65-8105A1474B0B} = {8B9C9F63-6F92-4A64-B126-0DA74F8AD5AC}
		{7DA6E746-5915-404A-92F8-1F6989C37CD6} = {E75A6593-EA57-45A2-AC38-EBBBD7E7465E}
		{7447A39F-9794-4FE1-B664-3BBE5F1F796E} = {F92D0E7F-047D-40E0-A39A-428205AC5DF3}
		{1527D910-79DA-459F-9099-34CB1A15A45F} = {9083B567-B75A-4493-A7D8-4DED8C82FCDF}
		{D1EE82DD-CA47-4511-9FA7-E4724A08D1B7} = {7AE24405-9DE2-4131-904B-F3ED0F6B104B}
		{524F5ABF-AE45-4510-BB8E-FBE33CA62555} = {D1EE82DD-CA47-4511-9FA7-E4724A08D1B7}
		{F117C959-2E30-49F8-9E93-A06AB404F8F8} = {D1EE82DD-CA47-4511-9FA7-E4724A08D1B7}
		{B595C1E9-D7E5-4A9D-8995-55720F89A815} = {7AE24405-9DE2-4131-904B-F3ED0F6B104B}
		{A2DC4B3F-0020-436A-A24F-E8E7769FAA51} = {B595C1E9-D7E5-4A9D-8995-55720F89A815}
		{A3ED949E-AB1C-452B-9932-F5ABAC0C589C} = {8EC756D3-F787-4048-B1D9-88A9A5F4FB2D}
		{5889D629-EBB1-4D33-8A79-DEA15E722270} = {D1EE82DD-CA47-4511-9FA7-E4724A08D1B7}
		{4ADAD96E-E01B-47C5-9589-7C6DEF589D66} = {7AE24405-9DE2-4131-904B-F3ED0F6B104B}
		{2D22B7C1-DC4A-41AF-9132-D60276D5B94F} = {4ADAD96E-E01B-47C5-9589-7C6DEF589D66}
		{939A08A6-DFD9-4DE7-B016-F55C9CE8927E} = {4ADAD96E-E01B-47C5-9589-7C6DEF589D66}
		{817AD117-DE1E-4DB5-8F94-4D9653D51CC8} = {4ADAD96E-E01B-47C5-9589-7C6DEF589D66}
		{E71932BB-6CE9-4668-AE67-C87AE3738645} = {E75A6593-EA57-45A2-AC38-EBBBD7E7465E}
		{5AD326F8-C456-4D22-B846-14DB8D5E8FAF} = {E75A6593-EA57-45A2-AC38-EBBBD7E7465E}
		{827C1E40-3FCE-44A8-A0E9-DA9B6466C4B1} = {3D0F6210-272F-410D-AEAA-A5722E8C6D95}
		{DD8B27D9-E5F4-48BC-BADD-97C85DBCAB89} = {7AE24405-9DE2-4131-904B-F3ED0F6B104B}
		{F154FDB8-6FDD-4D69-AED5-80990E464B53} = {DD8B27D9-E5F4-48BC-BADD-97C85DBCAB89}
		{847198FA-A63F-40BD-8557-0903A31A1210} = {DD8B27D9-E5F4-48BC-BADD-97C85DBCAB89}
		{3AD43ABA-A881-4C59-AEE4-43C9670BDA44} = {DD8B27D9-E5F4-48BC-BADD-97C85DBCAB89}
		{96403830-F7F6-4283-BECF-AB3DC90B034B} = {58BB7663-9A72-4006-BF8C-3E6367BDCA99}
		{4CA341A6-4B79-40D3-9612-E005C613EA76} = {58BB7663-9A72-4006-BF8C-3E6367BDCA99}
		{6F57D840-05DD-43AC-8163-3C9F08AB6B8A} = {7AE24405-9DE2-4131-904B-F3ED0F6B104B}
		{C3277C35-2AA1-43C8-81FC-49AE7A7E521E} = {DE971731-1525-4213-9F38-9A104434EC0C}
		{ADAEE436-BBF3-4E50-809F-A23046D9DDDF} = {5F40BD8C-DC0F-48FA-9A1F-1893B896A575}
		{D815C400-4859-49A3-AF42-761D6B2EEC85} = {6F57D840-05DD-43AC-8163-3C9F08AB6B8A}
		{C128E6AB-EC76-41BD-B10F-88F650EA270A} = {DE971731-1525-4213-9F38-9A104434EC0C}
		{DE971731-1525-4213-9F38-9A104434EC0C} = {6F57D840-05DD-43AC-8163-3C9F08AB6B8A}
		{5F40BD8C-DC0F-48FA-9A1F-1893B896A575} = {6F57D840-05DD-43AC-8163-3C9F08AB6B8A}
		{84FA5472-4409-4288-B8E9-33E2247AA135} = {5F40BD8C-DC0F-48FA-9A1F-1893B896A575}
		{E3EF3E53-5153-4B2D-8766-00D825BA166E} = {F92D0E7F-047D-40E0-A39A-428205AC5DF3}
		{09DFDEDE-F564-4AF2-BE64-A94335F895AE} = {F92D0E7F-047D-40E0-A39A-428205AC5DF3}
		{82AD0DDF-AC91-4896-91C9-727A74A9C6D2} = {8B9C9F63-6F92-4A64-B126-0DA74F8AD5AC}
		{1845F3F6-9606-4F2C-978F-396C54A9EF92} = {8B9C9F63-6F92-4A64-B126-0DA74F8AD5AC}
		{A4BA9604-A474-4DF8-8C9C-60A276E4B721} = {8EC756D3-F787-4048-B1D9-88A9A5F4FB2D}
		{7EF953F8-D906-4420-A484-2BCE10CBB18C} = {643195A2-88A6-4274-9444-2D7B68C63925}
		{92AC9ACC-052B-438B-8128-44F5AF02EA20} = {643195A2-88A6-4274-9444-2D7B68C63925}
		{F399EC78-2488-41EF-ACCC-03F613D23A0F} = {EC563E5C-D43C-436D-A40D-2D182B1594B6}
		{0FECE9E9-A06F-4D9B-A95F-96B0D1AEFBFE} = {EC563E5C-D43C-436D-A40D-2D182B1594B6}
		{2F5E1A35-F80C-4BA1-97B3-95128B15F7C6} = {EC563E5C-D43C-436D-A40D-2D182B1594B6}
		{76AD08DF-F19A-485F-9C47-5CCE06E102E1} = {DF6A01E5-548B-4FD8-9305-5A6E87B48DC1}
		{B153B830-714A-4FFB-937C-EB5370C8D3AB} = {DF6A01E5-548B-4FD8-9305-5A6E87B48DC1}
		{A7DD4DE0-A0C8-4BF0-ADEB-A1196267ABA4} = {B595C1E9-D7E5-4A9D-8995-55720F89A815}
		{44100038-4507-41A5-959F-84FDE99EE5C7} = {DF6A01E5-548B-4FD8-9305-5A6E87B48DC1}
		{2228A314-7F4E-4D53-BAF8-1929F0E684E9} = {7F596461-2B6C-43FD-AABF-4691B8732AEF}
	EndGlobalSection
	GlobalSection(ExtensibilityGlobals) = postSolution
		SolutionGuid = {6A849486-D7B5-49D1-94F6-9D173ACBA581}
	EndGlobalSection
EndGlobal
