
Microsoft Visual Studio Solution File, Format Version 12.00
# Visual Studio Version 16
VisualStudioVersion = 16.0.28803.156
MinimumVisualStudioVersion = 10.0.40219.1
Project("{2150E333-8FDC-42A3-9474-1A3956D46DE8}") = "ST.WebHosts", "ST.WebHosts", "{B51682FE-19A0-493E-A853-C2BC6DE0FE68}"
EndProject
Project("{2150E333-8FDC-42A3-9474-1A3956D46DE8}") = "ST.Extensions", "ST.Extensions", "{7AE24405-9DE2-4131-904B-F3ED0F6B104B}"
EndProject
Project("{2150E333-8FDC-42A3-9474-1A3956D46DE8}") = "ST.Identity.Extension", "ST.Identity.Extension", "{E75A6593-EA57-45A2-AC38-EBBBD7E7465E}"
EndProject
Project("{2150E333-8FDC-42A3-9474-1A3956D46DE8}") = "ST.Render.Extension", "ST.Render.Extension", "{F1554EFC-257E-4B7C-9FD2-49CF1E2AD3B6}"
EndProject
Project("{2150E333-8FDC-42A3-9474-1A3956D46DE8}") = "ST.Localization.Razor.Extension", "ST.Localization.Razor.Extension", "{EC563E5C-D43C-436D-A40D-2D182B1594B6}"
EndProject
Project("{2150E333-8FDC-42A3-9474-1A3956D46DE8}") = "ST.Email.Razor.Extension", "ST.Email.Razor.Extension", "{F92D0E7F-047D-40E0-A39A-428205AC5DF3}"
EndProject
Project("{2150E333-8FDC-42A3-9474-1A3956D46DE8}") = "ST.Audit.Extension", "ST.Audit.Extension", "{8EC756D3-F787-4048-B1D9-88A9A5F4FB2D}"
EndProject
Project("{2150E333-8FDC-42A3-9474-1A3956D46DE8}") = "ST.Backup.Extension", "ST.Backup.Extension", "{9083B567-B75A-4493-A7D8-4DED8C82FCDF}"
EndProject
Project("{2150E333-8FDC-42A3-9474-1A3956D46DE8}") = "ST.Cache.Extension", "ST.Cache.Extension", "{AC3F8177-7048-4AED-8E13-9498DE646C64}"
EndProject
Project("{2150E333-8FDC-42A3-9474-1A3956D46DE8}") = "ST.Processes.Extension", "ST.Processes.Extension", "{7F596461-2B6C-43FD-AABF-4691B8732AEF}"
EndProject
Project("{2150E333-8FDC-42A3-9474-1A3956D46DE8}") = "ST.Entities.Extension", "ST.Entities.Extension", "{4B6C8C28-B2EC-4EDD-B6D8-F90B125CB109}"
EndProject
Project("{2150E333-8FDC-42A3-9474-1A3956D46DE8}") = "ST.DynamicEntityStorage.Extension", "ST.DynamicEntityStorage.Extension", "{C1A9E7D3-08F4-400E-821D-BE23ED7C454B}"
EndProject
Project("{2150E333-8FDC-42A3-9474-1A3956D46DE8}") = "ST.Core.Extension", "ST.Core.Extension", "{DF6A01E5-548B-4FD8-9305-5A6E87B48DC1}"
EndProject
Project("{2150E333-8FDC-42A3-9474-1A3956D46DE8}") = "ST.Entities.Security.Extension", "ST.Entities.Security.Extension", "{58BB7663-9A72-4006-BF8C-3E6367BDCA99}"
EndProject
Project("{2150E333-8FDC-42A3-9474-1A3956D46DE8}") = "ST.Notifications.Extension", "ST.Notifications.Extension", "{3D0F6210-272F-410D-AEAA-A5722E8C6D95}"
EndProject
Project("{2150E333-8FDC-42A3-9474-1A3956D46DE8}") = "ST.Identity.Users.Razor.Extension", "ST.Identity.Users.Razor.Extension", "{F325328D-B366-4A2E-9644-90B26E2DD97F}"
EndProject
Project("{2150E333-8FDC-42A3-9474-1A3956D46DE8}") = "ST.MultiTenant.Extension", "ST.MultiTenant.Extension", "{6FE2EAEF-E294-4D4D-BE94-A03D3ABC1653}"
EndProject
Project("{2150E333-8FDC-42A3-9474-1A3956D46DE8}") = "ST.Forms.Razor.Extension", "ST.Forms.Razor.Extension", "{6F6983D9-4ABB-4623-88CA-31088CB29A39}"
EndProject
Project("{9A19103F-16F7-4668-BE54-9A1E7A4F7556}") = "ST.eCommerce", "src\ST.WebHosts\ST.eCommerce\ST.eCommerce.csproj", "{4B41FE8A-31BB-4245-8699-E32051EADB47}"
EndProject
Project("{9A19103F-16F7-4668-BE54-9A1E7A4F7556}") = "ST.ProcessEngine", "src\ST.WebHosts\ST.ProcessEngine\ST.ProcessEngine.csproj", "{15D0DFCB-A6F0-4607-B3F6-060B6062E62C}"
EndProject
Project("{9A19103F-16F7-4668-BE54-9A1E7A4F7556}") = "ST.Procesess", "src\ST.Extensions\ST.Processes.Extension\ST.Processes\ST.Procesess.csproj", "{14E2739D-1425-4B4C-905B-FDB0D4F13FD3}"
EndProject
Project("{9A19103F-16F7-4668-BE54-9A1E7A4F7556}") = "ST.Process.Razor", "src\ST.Extensions\ST.Processes.Extension\ST.Process.Razor\ST.Process.Razor.csproj", "{ADB9B07F-4757-42CC-8C4E-FA558DA84712}"
EndProject
Project("{9A19103F-16F7-4668-BE54-9A1E7A4F7556}") = "ST.Entities.Security", "src\ST.Extensions\ST.Entities.Security.Extension\ST.Entities.Security\ST.Entities.Security.csproj", "{6EB650D2-CA95-4AC7-B828-788C3A77EF83}"
EndProject
Project("{9A19103F-16F7-4668-BE54-9A1E7A4F7556}") = "ST.Entities", "src\ST.Extensions\ST.Entities.Extension\ST.Entities\ST.Entities.csproj", "{82101844-F2A8-4F49-92E1-CA066A3489B5}"
EndProject
Project("{9A19103F-16F7-4668-BE54-9A1E7A4F7556}") = "ST.Entities.Abstractions", "src\ST.Extensions\ST.Entities.Extension\ST.Entities.Abstractions\ST.Entities.Abstractions.csproj", "{A363133F-3405-4719-B8DC-0F79590191B3}"
EndProject
Project("{9A19103F-16F7-4668-BE54-9A1E7A4F7556}") = "ST.DynamicEntityStorage", "src\ST.Extensions\ST.DynamicEntityStorage.Extension\ST.DynamicEntityStorage\ST.DynamicEntityStorage.csproj", "{74E8F9FA-69CF-4E39-8013-1FC2EE45DCA1}"
EndProject
Project("{9A19103F-16F7-4668-BE54-9A1E7A4F7556}") = "ST.DynamicEntityStorage.Abstractions", "src\ST.Extensions\ST.DynamicEntityStorage.Extension\ST.DynamicEntityStorage.Abstractions\ST.DynamicEntityStorage.Abstractions.csproj", "{BF4B2200-4686-4455-A858-F9F3097E3429}"
EndProject
Project("{9A19103F-16F7-4668-BE54-9A1E7A4F7556}") = "ST.Email.Razor", "src\ST.Extensions\ST.Email.Razor.Extension\ST.Email.Razor\ST.Email.Razor.csproj", "{3CA84AB5-D644-4D07-BAB9-03DD981B3F07}"
EndProject
Project("{9A19103F-16F7-4668-BE54-9A1E7A4F7556}") = "ST.Cache", "src\ST.Extensions\ST.Cache.Extension\ST.Cache\ST.Cache.csproj", "{28045FD5-07DD-4D49-8593-8888A49B867F}"
EndProject
Project("{9A19103F-16F7-4668-BE54-9A1E7A4F7556}") = "ST.Cache.Abstractions", "src\ST.Extensions\ST.Cache.Extension\ST.Cache.Abstractions\ST.Cache.Abstractions.csproj", "{FB6C1579-3C40-421A-8D12-5B07C147E132}"
EndProject
Project("{9A19103F-16F7-4668-BE54-9A1E7A4F7556}") = "ST.Cache.Razor", "src\ST.Extensions\ST.Cache.Extension\ST.Cache.Razor\ST.Cache.Razor.csproj", "{A9324646-DC89-493B-A212-B7A812BA66E5}"
EndProject
Project("{9A19103F-16F7-4668-BE54-9A1E7A4F7556}") = "ST.Audit", "src\ST.Extensions\ST.Audit.Extension\ST.Audit\ST.Audit.csproj", "{742E5831-32E3-4151-9924-BC1BECBA2FF8}"
EndProject
Project("{9A19103F-16F7-4668-BE54-9A1E7A4F7556}") = "ST.Backup", "src\ST.Extensions\ST.Backup.Extension\ST.Backup\ST.Backup.csproj", "{619A4626-93AE-4B7F-8EFC-E4D3DC024D34}"
EndProject
Project("{9A19103F-16F7-4668-BE54-9A1E7A4F7556}") = "ST.Backup.Razor", "src\ST.Extensions\ST.Backup.Extension\ST.Backup.Razor\ST.Backup.Razor.csproj", "{2B532AB2-48B6-4291-9EDB-53939A547CC1}"
EndProject
Project("{9A19103F-16F7-4668-BE54-9A1E7A4F7556}") = "ST.Core", "src\ST.Extensions\ST.Core.Extension\ST.Core.csproj", "{F46F02A5-85D5-4ACD-BA4E-0F76841057FF}"
EndProject
Project("{9A19103F-16F7-4668-BE54-9A1E7A4F7556}") = "ST.Forms.Razor", "src\ST.Extensions\ST.Forms.Razor.Extension\ST.Form.Razor\ST.Forms.Razor.csproj", "{2433D363-94C9-4205-B7A0-BF6880F33F34}"
EndProject
Project("{9A19103F-16F7-4668-BE54-9A1E7A4F7556}") = "ST.Identity", "src\ST.Extensions\ST.Identity.Extension\ST.Identity\ST.Identity.csproj", "{2C1F42A2-564B-48F2-85C9-25B24F02F2DB}"
EndProject
Project("{9A19103F-16F7-4668-BE54-9A1E7A4F7556}") = "ST.Identity.Abstractions", "src\ST.Extensions\ST.Identity.Extension\ST.Identity.Abstractions\ST.Identity.Abstractions.csproj", "{FB826993-BB6D-406F-B511-0502D1DAF36F}"
EndProject
Project("{9A19103F-16F7-4668-BE54-9A1E7A4F7556}") = "ST.Identity.Razor", "src\ST.Extensions\ST.Identity.Extension\ST.Identity.Razor\ST.Identity.Razor.csproj", "{FBBDA83E-2FD3-44EA-BDDC-A45D629B1779}"
EndProject
Project("{9A19103F-16F7-4668-BE54-9A1E7A4F7556}") = "ST.Identity.Razor.Users", "src\ST.Extensions\ST.Identity.Users.Razor.Extension\ST.Identity.Razor.Users\ST.Identity.Razor.Users.csproj", "{E4B616F7-8761-48CD-9CBB-283D67424978}"
EndProject
Project("{9A19103F-16F7-4668-BE54-9A1E7A4F7556}") = "ST.Localization.Razor", "src\ST.Extensions\ST.Localization.Razor.Extension\ST.Localization.Razor\ST.Localization.Razor.csproj", "{A9077E08-B7E9-4B6E-B294-6E6F9AAC21CD}"
EndProject
Project("{9A19103F-16F7-4668-BE54-9A1E7A4F7556}") = "ST.MultiTenant", "src\ST.Extensions\ST.MultiTenant.Extension\ST.MultiTenant\ST.MultiTenant.csproj", "{B6B12A9D-E2F8-4DEF-BC84-ADFC435869BB}"
EndProject
Project("{9A19103F-16F7-4668-BE54-9A1E7A4F7556}") = "ST.Notifications", "src\ST.Extensions\ST.Notifications.Extension\ST.Notifications\ST.Notifications.csproj", "{DBDF2E18-4E29-4228-BDC6-756883BC5049}"
EndProject
Project("{9A19103F-16F7-4668-BE54-9A1E7A4F7556}") = "ST.Notifications.Abstractions", "src\ST.Extensions\ST.Notifications.Extension\ST.Notifications.Abstractions\ST.Notifications.Abstractions.csproj", "{135358A4-ACE2-4434-8E5C-362997296EA1}"
EndProject
Project("{9A19103F-16F7-4668-BE54-9A1E7A4F7556}") = "ST.PageRender.Razor", "src\ST.Extensions\ST.Render.Extension\ST.PageRender.Razor\ST.PageRender.Razor.csproj", "{B0E88B42-AF53-4238-8821-FE0D15FCFA76}"
EndProject
Project("{9A19103F-16F7-4668-BE54-9A1E7A4F7556}") = "ST.Configuration", "src\ST.Extensions\ST.Configuration\ST.Configuration.csproj", "{91DC65B3-7885-4BC0-B636-0F4AD6F289B6}"
EndProject
Project("{9A19103F-16F7-4668-BE54-9A1E7A4F7556}") = "ST.Cms", "src\ST.WebHosts\ST.Cms\ST.Cms.csproj", "{1D930E11-4FF1-4614-90F6-23863C86EE49}"
EndProject
Project("{2150E333-8FDC-42A3-9474-1A3956D46DE8}") = "ST.Identity.Roles.Razor.Extension", "ST.Identity.Roles.Razor.Extension", "{8CA67A53-FA2E-4EC3-9768-8E337B62A522}"
EndProject
Project("{9A19103F-16F7-4668-BE54-9A1E7A4F7556}") = "ST.Identity.Roles.Razor", "src\ST.Extensions\ST.Identity.Roles.Razor.Extension\ST.Identity.Roles.Razor\ST.Identity.Roles.Razor.csproj", "{C570B0BE-8743-45B1-93AD-82C05290ED06}"
EndProject
Project("{2150E333-8FDC-42A3-9474-1A3956D46DE8}") = "ST.Identity.Groups.Razor.Extension", "ST.Identity.Groups.Razor.Extension", "{EBB17592-514B-4220-986D-C924DAEEAA52}"
EndProject
Project("{9A19103F-16F7-4668-BE54-9A1E7A4F7556}") = "ST.Identity.Groups.Razor", "src\ST.Extensions\ST.Identity.Groups.Razor.Extension\ST.Identity.Groups.Razor\ST.Identity.Groups.Razor.csproj", "{32EC6FBC-4F25-4BDF-9E3F-866D44574849}"
EndProject
Project("{FAE04EC0-301F-11D3-BF4B-00C04F79EFBC}") = "ST.MultiTenant.Abstractions", "src\ST.Extensions\ST.MultiTenant.Extension\ST.MultiTenant.Abstractions\ST.MultiTenant.Abstractions.csproj", "{4796302E-0940-4AD4-9CDC-41E24E4A9270}"
EndProject
Global
	GlobalSection(SolutionConfigurationPlatforms) = preSolution
		Debug|Any CPU = Debug|Any CPU
		Release|Any CPU = Release|Any CPU
		Stage|Any CPU = Stage|Any CPU
	EndGlobalSection
	GlobalSection(ProjectConfigurationPlatforms) = postSolution
		{4B41FE8A-31BB-4245-8699-E32051EADB47}.Debug|Any CPU.ActiveCfg = Debug|Any CPU
		{4B41FE8A-31BB-4245-8699-E32051EADB47}.Debug|Any CPU.Build.0 = Debug|Any CPU
		{4B41FE8A-31BB-4245-8699-E32051EADB47}.Release|Any CPU.ActiveCfg = Release|Any CPU
		{4B41FE8A-31BB-4245-8699-E32051EADB47}.Release|Any CPU.Build.0 = Release|Any CPU
		{4B41FE8A-31BB-4245-8699-E32051EADB47}.Stage|Any CPU.ActiveCfg = Debug|Any CPU
		{4B41FE8A-31BB-4245-8699-E32051EADB47}.Stage|Any CPU.Build.0 = Debug|Any CPU
		{15D0DFCB-A6F0-4607-B3F6-060B6062E62C}.Debug|Any CPU.ActiveCfg = Debug|Any CPU
		{15D0DFCB-A6F0-4607-B3F6-060B6062E62C}.Debug|Any CPU.Build.0 = Debug|Any CPU
		{15D0DFCB-A6F0-4607-B3F6-060B6062E62C}.Release|Any CPU.ActiveCfg = Release|Any CPU
		{15D0DFCB-A6F0-4607-B3F6-060B6062E62C}.Release|Any CPU.Build.0 = Release|Any CPU
		{15D0DFCB-A6F0-4607-B3F6-060B6062E62C}.Stage|Any CPU.ActiveCfg = Debug|Any CPU
		{15D0DFCB-A6F0-4607-B3F6-060B6062E62C}.Stage|Any CPU.Build.0 = Debug|Any CPU
		{14E2739D-1425-4B4C-905B-FDB0D4F13FD3}.Debug|Any CPU.ActiveCfg = Debug|Any CPU
		{14E2739D-1425-4B4C-905B-FDB0D4F13FD3}.Debug|Any CPU.Build.0 = Debug|Any CPU
		{14E2739D-1425-4B4C-905B-FDB0D4F13FD3}.Release|Any CPU.ActiveCfg = Release|Any CPU
		{14E2739D-1425-4B4C-905B-FDB0D4F13FD3}.Release|Any CPU.Build.0 = Release|Any CPU
		{14E2739D-1425-4B4C-905B-FDB0D4F13FD3}.Stage|Any CPU.ActiveCfg = Stage|Any CPU
		{14E2739D-1425-4B4C-905B-FDB0D4F13FD3}.Stage|Any CPU.Build.0 = Stage|Any CPU
		{ADB9B07F-4757-42CC-8C4E-FA558DA84712}.Debug|Any CPU.ActiveCfg = Debug|Any CPU
		{ADB9B07F-4757-42CC-8C4E-FA558DA84712}.Debug|Any CPU.Build.0 = Debug|Any CPU
		{ADB9B07F-4757-42CC-8C4E-FA558DA84712}.Release|Any CPU.ActiveCfg = Release|Any CPU
		{ADB9B07F-4757-42CC-8C4E-FA558DA84712}.Release|Any CPU.Build.0 = Release|Any CPU
		{ADB9B07F-4757-42CC-8C4E-FA558DA84712}.Stage|Any CPU.ActiveCfg = Debug|Any CPU
		{ADB9B07F-4757-42CC-8C4E-FA558DA84712}.Stage|Any CPU.Build.0 = Debug|Any CPU
		{6EB650D2-CA95-4AC7-B828-788C3A77EF83}.Debug|Any CPU.ActiveCfg = Debug|Any CPU
		{6EB650D2-CA95-4AC7-B828-788C3A77EF83}.Debug|Any CPU.Build.0 = Debug|Any CPU
		{6EB650D2-CA95-4AC7-B828-788C3A77EF83}.Release|Any CPU.ActiveCfg = Release|Any CPU
		{6EB650D2-CA95-4AC7-B828-788C3A77EF83}.Release|Any CPU.Build.0 = Release|Any CPU
		{6EB650D2-CA95-4AC7-B828-788C3A77EF83}.Stage|Any CPU.ActiveCfg = Debug|Any CPU
		{6EB650D2-CA95-4AC7-B828-788C3A77EF83}.Stage|Any CPU.Build.0 = Debug|Any CPU
		{82101844-F2A8-4F49-92E1-CA066A3489B5}.Debug|Any CPU.ActiveCfg = Debug|Any CPU
		{82101844-F2A8-4F49-92E1-CA066A3489B5}.Debug|Any CPU.Build.0 = Debug|Any CPU
		{82101844-F2A8-4F49-92E1-CA066A3489B5}.Release|Any CPU.ActiveCfg = Release|Any CPU
		{82101844-F2A8-4F49-92E1-CA066A3489B5}.Release|Any CPU.Build.0 = Release|Any CPU
		{82101844-F2A8-4F49-92E1-CA066A3489B5}.Stage|Any CPU.ActiveCfg = Stage|Any CPU
		{82101844-F2A8-4F49-92E1-CA066A3489B5}.Stage|Any CPU.Build.0 = Stage|Any CPU
		{A363133F-3405-4719-B8DC-0F79590191B3}.Debug|Any CPU.ActiveCfg = Debug|Any CPU
		{A363133F-3405-4719-B8DC-0F79590191B3}.Debug|Any CPU.Build.0 = Debug|Any CPU
		{A363133F-3405-4719-B8DC-0F79590191B3}.Release|Any CPU.ActiveCfg = Release|Any CPU
		{A363133F-3405-4719-B8DC-0F79590191B3}.Release|Any CPU.Build.0 = Release|Any CPU
		{A363133F-3405-4719-B8DC-0F79590191B3}.Stage|Any CPU.ActiveCfg = Debug|Any CPU
		{A363133F-3405-4719-B8DC-0F79590191B3}.Stage|Any CPU.Build.0 = Debug|Any CPU
		{74E8F9FA-69CF-4E39-8013-1FC2EE45DCA1}.Debug|Any CPU.ActiveCfg = Debug|Any CPU
		{74E8F9FA-69CF-4E39-8013-1FC2EE45DCA1}.Debug|Any CPU.Build.0 = Debug|Any CPU
		{74E8F9FA-69CF-4E39-8013-1FC2EE45DCA1}.Release|Any CPU.ActiveCfg = Release|Any CPU
		{74E8F9FA-69CF-4E39-8013-1FC2EE45DCA1}.Release|Any CPU.Build.0 = Release|Any CPU
		{74E8F9FA-69CF-4E39-8013-1FC2EE45DCA1}.Stage|Any CPU.ActiveCfg = Debug|Any CPU
		{74E8F9FA-69CF-4E39-8013-1FC2EE45DCA1}.Stage|Any CPU.Build.0 = Debug|Any CPU
		{BF4B2200-4686-4455-A858-F9F3097E3429}.Debug|Any CPU.ActiveCfg = Debug|Any CPU
		{BF4B2200-4686-4455-A858-F9F3097E3429}.Debug|Any CPU.Build.0 = Debug|Any CPU
		{BF4B2200-4686-4455-A858-F9F3097E3429}.Release|Any CPU.ActiveCfg = Release|Any CPU
		{BF4B2200-4686-4455-A858-F9F3097E3429}.Release|Any CPU.Build.0 = Release|Any CPU
		{BF4B2200-4686-4455-A858-F9F3097E3429}.Stage|Any CPU.ActiveCfg = Debug|Any CPU
		{BF4B2200-4686-4455-A858-F9F3097E3429}.Stage|Any CPU.Build.0 = Debug|Any CPU
		{3CA84AB5-D644-4D07-BAB9-03DD981B3F07}.Debug|Any CPU.ActiveCfg = Debug|Any CPU
		{3CA84AB5-D644-4D07-BAB9-03DD981B3F07}.Debug|Any CPU.Build.0 = Debug|Any CPU
		{3CA84AB5-D644-4D07-BAB9-03DD981B3F07}.Release|Any CPU.ActiveCfg = Release|Any CPU
		{3CA84AB5-D644-4D07-BAB9-03DD981B3F07}.Release|Any CPU.Build.0 = Release|Any CPU
		{3CA84AB5-D644-4D07-BAB9-03DD981B3F07}.Stage|Any CPU.ActiveCfg = Debug|Any CPU
		{3CA84AB5-D644-4D07-BAB9-03DD981B3F07}.Stage|Any CPU.Build.0 = Debug|Any CPU
		{28045FD5-07DD-4D49-8593-8888A49B867F}.Debug|Any CPU.ActiveCfg = Debug|Any CPU
		{28045FD5-07DD-4D49-8593-8888A49B867F}.Debug|Any CPU.Build.0 = Debug|Any CPU
		{28045FD5-07DD-4D49-8593-8888A49B867F}.Release|Any CPU.ActiveCfg = Release|Any CPU
		{28045FD5-07DD-4D49-8593-8888A49B867F}.Release|Any CPU.Build.0 = Release|Any CPU
		{28045FD5-07DD-4D49-8593-8888A49B867F}.Stage|Any CPU.ActiveCfg = Debug|Any CPU
		{28045FD5-07DD-4D49-8593-8888A49B867F}.Stage|Any CPU.Build.0 = Debug|Any CPU
		{FB6C1579-3C40-421A-8D12-5B07C147E132}.Debug|Any CPU.ActiveCfg = Debug|Any CPU
		{FB6C1579-3C40-421A-8D12-5B07C147E132}.Debug|Any CPU.Build.0 = Debug|Any CPU
		{FB6C1579-3C40-421A-8D12-5B07C147E132}.Release|Any CPU.ActiveCfg = Release|Any CPU
		{FB6C1579-3C40-421A-8D12-5B07C147E132}.Release|Any CPU.Build.0 = Release|Any CPU
		{FB6C1579-3C40-421A-8D12-5B07C147E132}.Stage|Any CPU.ActiveCfg = Debug|Any CPU
		{FB6C1579-3C40-421A-8D12-5B07C147E132}.Stage|Any CPU.Build.0 = Debug|Any CPU
		{A9324646-DC89-493B-A212-B7A812BA66E5}.Debug|Any CPU.ActiveCfg = Debug|Any CPU
		{A9324646-DC89-493B-A212-B7A812BA66E5}.Debug|Any CPU.Build.0 = Debug|Any CPU
		{A9324646-DC89-493B-A212-B7A812BA66E5}.Release|Any CPU.ActiveCfg = Release|Any CPU
		{A9324646-DC89-493B-A212-B7A812BA66E5}.Release|Any CPU.Build.0 = Release|Any CPU
		{A9324646-DC89-493B-A212-B7A812BA66E5}.Stage|Any CPU.ActiveCfg = Debug|Any CPU
		{A9324646-DC89-493B-A212-B7A812BA66E5}.Stage|Any CPU.Build.0 = Debug|Any CPU
		{742E5831-32E3-4151-9924-BC1BECBA2FF8}.Debug|Any CPU.ActiveCfg = Debug|Any CPU
		{742E5831-32E3-4151-9924-BC1BECBA2FF8}.Debug|Any CPU.Build.0 = Debug|Any CPU
		{742E5831-32E3-4151-9924-BC1BECBA2FF8}.Release|Any CPU.ActiveCfg = Release|Any CPU
		{742E5831-32E3-4151-9924-BC1BECBA2FF8}.Release|Any CPU.Build.0 = Release|Any CPU
		{742E5831-32E3-4151-9924-BC1BECBA2FF8}.Stage|Any CPU.ActiveCfg = Stage|Any CPU
		{742E5831-32E3-4151-9924-BC1BECBA2FF8}.Stage|Any CPU.Build.0 = Stage|Any CPU
		{619A4626-93AE-4B7F-8EFC-E4D3DC024D34}.Debug|Any CPU.ActiveCfg = Debug|Any CPU
		{619A4626-93AE-4B7F-8EFC-E4D3DC024D34}.Debug|Any CPU.Build.0 = Debug|Any CPU
		{619A4626-93AE-4B7F-8EFC-E4D3DC024D34}.Release|Any CPU.ActiveCfg = Release|Any CPU
		{619A4626-93AE-4B7F-8EFC-E4D3DC024D34}.Release|Any CPU.Build.0 = Release|Any CPU
		{619A4626-93AE-4B7F-8EFC-E4D3DC024D34}.Stage|Any CPU.ActiveCfg = Debug|Any CPU
		{619A4626-93AE-4B7F-8EFC-E4D3DC024D34}.Stage|Any CPU.Build.0 = Debug|Any CPU
		{2B532AB2-48B6-4291-9EDB-53939A547CC1}.Debug|Any CPU.ActiveCfg = Debug|Any CPU
		{2B532AB2-48B6-4291-9EDB-53939A547CC1}.Debug|Any CPU.Build.0 = Debug|Any CPU
		{2B532AB2-48B6-4291-9EDB-53939A547CC1}.Release|Any CPU.ActiveCfg = Release|Any CPU
		{2B532AB2-48B6-4291-9EDB-53939A547CC1}.Release|Any CPU.Build.0 = Release|Any CPU
		{2B532AB2-48B6-4291-9EDB-53939A547CC1}.Stage|Any CPU.ActiveCfg = Debug|Any CPU
		{2B532AB2-48B6-4291-9EDB-53939A547CC1}.Stage|Any CPU.Build.0 = Debug|Any CPU
		{F46F02A5-85D5-4ACD-BA4E-0F76841057FF}.Debug|Any CPU.ActiveCfg = Debug|Any CPU
		{F46F02A5-85D5-4ACD-BA4E-0F76841057FF}.Debug|Any CPU.Build.0 = Debug|Any CPU
		{F46F02A5-85D5-4ACD-BA4E-0F76841057FF}.Release|Any CPU.ActiveCfg = Release|Any CPU
		{F46F02A5-85D5-4ACD-BA4E-0F76841057FF}.Release|Any CPU.Build.0 = Release|Any CPU
		{F46F02A5-85D5-4ACD-BA4E-0F76841057FF}.Stage|Any CPU.ActiveCfg = Debug|Any CPU
		{F46F02A5-85D5-4ACD-BA4E-0F76841057FF}.Stage|Any CPU.Build.0 = Debug|Any CPU
		{2433D363-94C9-4205-B7A0-BF6880F33F34}.Debug|Any CPU.ActiveCfg = Debug|Any CPU
		{2433D363-94C9-4205-B7A0-BF6880F33F34}.Debug|Any CPU.Build.0 = Debug|Any CPU
		{2433D363-94C9-4205-B7A0-BF6880F33F34}.Release|Any CPU.ActiveCfg = Release|Any CPU
		{2433D363-94C9-4205-B7A0-BF6880F33F34}.Release|Any CPU.Build.0 = Release|Any CPU
		{2433D363-94C9-4205-B7A0-BF6880F33F34}.Stage|Any CPU.ActiveCfg = Debug|Any CPU
		{2433D363-94C9-4205-B7A0-BF6880F33F34}.Stage|Any CPU.Build.0 = Debug|Any CPU
		{2C1F42A2-564B-48F2-85C9-25B24F02F2DB}.Debug|Any CPU.ActiveCfg = Debug|Any CPU
		{2C1F42A2-564B-48F2-85C9-25B24F02F2DB}.Debug|Any CPU.Build.0 = Debug|Any CPU
		{2C1F42A2-564B-48F2-85C9-25B24F02F2DB}.Release|Any CPU.ActiveCfg = Release|Any CPU
		{2C1F42A2-564B-48F2-85C9-25B24F02F2DB}.Release|Any CPU.Build.0 = Release|Any CPU
		{2C1F42A2-564B-48F2-85C9-25B24F02F2DB}.Stage|Any CPU.ActiveCfg = Stage|Any CPU
		{2C1F42A2-564B-48F2-85C9-25B24F02F2DB}.Stage|Any CPU.Build.0 = Stage|Any CPU
		{FB826993-BB6D-406F-B511-0502D1DAF36F}.Debug|Any CPU.ActiveCfg = Debug|Any CPU
		{FB826993-BB6D-406F-B511-0502D1DAF36F}.Debug|Any CPU.Build.0 = Debug|Any CPU
		{FB826993-BB6D-406F-B511-0502D1DAF36F}.Release|Any CPU.ActiveCfg = Release|Any CPU
		{FB826993-BB6D-406F-B511-0502D1DAF36F}.Release|Any CPU.Build.0 = Release|Any CPU
		{FB826993-BB6D-406F-B511-0502D1DAF36F}.Stage|Any CPU.ActiveCfg = Debug|Any CPU
		{FB826993-BB6D-406F-B511-0502D1DAF36F}.Stage|Any CPU.Build.0 = Debug|Any CPU
		{FBBDA83E-2FD3-44EA-BDDC-A45D629B1779}.Debug|Any CPU.ActiveCfg = Debug|Any CPU
		{FBBDA83E-2FD3-44EA-BDDC-A45D629B1779}.Debug|Any CPU.Build.0 = Debug|Any CPU
		{FBBDA83E-2FD3-44EA-BDDC-A45D629B1779}.Release|Any CPU.ActiveCfg = Release|Any CPU
		{FBBDA83E-2FD3-44EA-BDDC-A45D629B1779}.Release|Any CPU.Build.0 = Release|Any CPU
		{FBBDA83E-2FD3-44EA-BDDC-A45D629B1779}.Stage|Any CPU.ActiveCfg = Debug|Any CPU
		{FBBDA83E-2FD3-44EA-BDDC-A45D629B1779}.Stage|Any CPU.Build.0 = Debug|Any CPU
		{E4B616F7-8761-48CD-9CBB-283D67424978}.Debug|Any CPU.ActiveCfg = Debug|Any CPU
		{E4B616F7-8761-48CD-9CBB-283D67424978}.Debug|Any CPU.Build.0 = Debug|Any CPU
		{E4B616F7-8761-48CD-9CBB-283D67424978}.Release|Any CPU.ActiveCfg = Release|Any CPU
		{E4B616F7-8761-48CD-9CBB-283D67424978}.Release|Any CPU.Build.0 = Release|Any CPU
		{E4B616F7-8761-48CD-9CBB-283D67424978}.Stage|Any CPU.ActiveCfg = Debug|Any CPU
		{E4B616F7-8761-48CD-9CBB-283D67424978}.Stage|Any CPU.Build.0 = Debug|Any CPU
		{A9077E08-B7E9-4B6E-B294-6E6F9AAC21CD}.Debug|Any CPU.ActiveCfg = Debug|Any CPU
		{A9077E08-B7E9-4B6E-B294-6E6F9AAC21CD}.Debug|Any CPU.Build.0 = Debug|Any CPU
		{A9077E08-B7E9-4B6E-B294-6E6F9AAC21CD}.Release|Any CPU.ActiveCfg = Release|Any CPU
		{A9077E08-B7E9-4B6E-B294-6E6F9AAC21CD}.Release|Any CPU.Build.0 = Release|Any CPU
		{A9077E08-B7E9-4B6E-B294-6E6F9AAC21CD}.Stage|Any CPU.ActiveCfg = Debug|Any CPU
		{A9077E08-B7E9-4B6E-B294-6E6F9AAC21CD}.Stage|Any CPU.Build.0 = Debug|Any CPU
		{B6B12A9D-E2F8-4DEF-BC84-ADFC435869BB}.Debug|Any CPU.ActiveCfg = Debug|Any CPU
		{B6B12A9D-E2F8-4DEF-BC84-ADFC435869BB}.Debug|Any CPU.Build.0 = Debug|Any CPU
		{B6B12A9D-E2F8-4DEF-BC84-ADFC435869BB}.Release|Any CPU.ActiveCfg = Release|Any CPU
		{B6B12A9D-E2F8-4DEF-BC84-ADFC435869BB}.Release|Any CPU.Build.0 = Release|Any CPU
		{B6B12A9D-E2F8-4DEF-BC84-ADFC435869BB}.Stage|Any CPU.ActiveCfg = Debug|Any CPU
		{B6B12A9D-E2F8-4DEF-BC84-ADFC435869BB}.Stage|Any CPU.Build.0 = Debug|Any CPU
		{DBDF2E18-4E29-4228-BDC6-756883BC5049}.Debug|Any CPU.ActiveCfg = Debug|Any CPU
		{DBDF2E18-4E29-4228-BDC6-756883BC5049}.Debug|Any CPU.Build.0 = Debug|Any CPU
		{DBDF2E18-4E29-4228-BDC6-756883BC5049}.Release|Any CPU.ActiveCfg = Release|Any CPU
		{DBDF2E18-4E29-4228-BDC6-756883BC5049}.Release|Any CPU.Build.0 = Release|Any CPU
		{DBDF2E18-4E29-4228-BDC6-756883BC5049}.Stage|Any CPU.ActiveCfg = Stage|Any CPU
		{DBDF2E18-4E29-4228-BDC6-756883BC5049}.Stage|Any CPU.Build.0 = Stage|Any CPU
		{135358A4-ACE2-4434-8E5C-362997296EA1}.Debug|Any CPU.ActiveCfg = Debug|Any CPU
		{135358A4-ACE2-4434-8E5C-362997296EA1}.Debug|Any CPU.Build.0 = Debug|Any CPU
		{135358A4-ACE2-4434-8E5C-362997296EA1}.Release|Any CPU.ActiveCfg = Release|Any CPU
		{135358A4-ACE2-4434-8E5C-362997296EA1}.Release|Any CPU.Build.0 = Release|Any CPU
		{135358A4-ACE2-4434-8E5C-362997296EA1}.Stage|Any CPU.ActiveCfg = Debug|Any CPU
		{135358A4-ACE2-4434-8E5C-362997296EA1}.Stage|Any CPU.Build.0 = Debug|Any CPU
		{B0E88B42-AF53-4238-8821-FE0D15FCFA76}.Debug|Any CPU.ActiveCfg = Debug|Any CPU
		{B0E88B42-AF53-4238-8821-FE0D15FCFA76}.Debug|Any CPU.Build.0 = Debug|Any CPU
		{B0E88B42-AF53-4238-8821-FE0D15FCFA76}.Release|Any CPU.ActiveCfg = Release|Any CPU
		{B0E88B42-AF53-4238-8821-FE0D15FCFA76}.Release|Any CPU.Build.0 = Release|Any CPU
		{B0E88B42-AF53-4238-8821-FE0D15FCFA76}.Stage|Any CPU.ActiveCfg = Debug|Any CPU
		{B0E88B42-AF53-4238-8821-FE0D15FCFA76}.Stage|Any CPU.Build.0 = Debug|Any CPU
		{91DC65B3-7885-4BC0-B636-0F4AD6F289B6}.Debug|Any CPU.ActiveCfg = Debug|Any CPU
		{91DC65B3-7885-4BC0-B636-0F4AD6F289B6}.Debug|Any CPU.Build.0 = Debug|Any CPU
		{91DC65B3-7885-4BC0-B636-0F4AD6F289B6}.Release|Any CPU.ActiveCfg = Release|Any CPU
		{91DC65B3-7885-4BC0-B636-0F4AD6F289B6}.Release|Any CPU.Build.0 = Release|Any CPU
		{91DC65B3-7885-4BC0-B636-0F4AD6F289B6}.Stage|Any CPU.ActiveCfg = Debug|Any CPU
		{91DC65B3-7885-4BC0-B636-0F4AD6F289B6}.Stage|Any CPU.Build.0 = Debug|Any CPU
		{1D930E11-4FF1-4614-90F6-23863C86EE49}.Debug|Any CPU.ActiveCfg = Debug|Any CPU
		{1D930E11-4FF1-4614-90F6-23863C86EE49}.Debug|Any CPU.Build.0 = Debug|Any CPU
		{1D930E11-4FF1-4614-90F6-23863C86EE49}.Release|Any CPU.ActiveCfg = Release|Any CPU
		{1D930E11-4FF1-4614-90F6-23863C86EE49}.Release|Any CPU.Build.0 = Release|Any CPU
		{1D930E11-4FF1-4614-90F6-23863C86EE49}.Stage|Any CPU.ActiveCfg = Debug|Any CPU
		{1D930E11-4FF1-4614-90F6-23863C86EE49}.Stage|Any CPU.Build.0 = Debug|Any CPU
		{C570B0BE-8743-45B1-93AD-82C05290ED06}.Debug|Any CPU.ActiveCfg = Debug|Any CPU
		{C570B0BE-8743-45B1-93AD-82C05290ED06}.Debug|Any CPU.Build.0 = Debug|Any CPU
		{C570B0BE-8743-45B1-93AD-82C05290ED06}.Release|Any CPU.ActiveCfg = Release|Any CPU
		{C570B0BE-8743-45B1-93AD-82C05290ED06}.Release|Any CPU.Build.0 = Release|Any CPU
		{C570B0BE-8743-45B1-93AD-82C05290ED06}.Stage|Any CPU.ActiveCfg = Debug|Any CPU
		{C570B0BE-8743-45B1-93AD-82C05290ED06}.Stage|Any CPU.Build.0 = Debug|Any CPU
		{32EC6FBC-4F25-4BDF-9E3F-866D44574849}.Debug|Any CPU.ActiveCfg = Debug|Any CPU
		{32EC6FBC-4F25-4BDF-9E3F-866D44574849}.Debug|Any CPU.Build.0 = Debug|Any CPU
		{32EC6FBC-4F25-4BDF-9E3F-866D44574849}.Release|Any CPU.ActiveCfg = Release|Any CPU
		{32EC6FBC-4F25-4BDF-9E3F-866D44574849}.Release|Any CPU.Build.0 = Release|Any CPU
		{32EC6FBC-4F25-4BDF-9E3F-866D44574849}.Stage|Any CPU.ActiveCfg = Debug|Any CPU
		{32EC6FBC-4F25-4BDF-9E3F-866D44574849}.Stage|Any CPU.Build.0 = Debug|Any CPU
		{4796302E-0940-4AD4-9CDC-41E24E4A9270}.Debug|Any CPU.ActiveCfg = Debug|Any CPU
		{4796302E-0940-4AD4-9CDC-41E24E4A9270}.Debug|Any CPU.Build.0 = Debug|Any CPU
		{4796302E-0940-4AD4-9CDC-41E24E4A9270}.Release|Any CPU.ActiveCfg = Release|Any CPU
		{4796302E-0940-4AD4-9CDC-41E24E4A9270}.Release|Any CPU.Build.0 = Release|Any CPU
		{4796302E-0940-4AD4-9CDC-41E24E4A9270}.Stage|Any CPU.ActiveCfg = Debug|Any CPU
		{4796302E-0940-4AD4-9CDC-41E24E4A9270}.Stage|Any CPU.Build.0 = Debug|Any CPU
	EndGlobalSection
	GlobalSection(SolutionProperties) = preSolution
		HideSolutionNode = FALSE
	EndGlobalSection
	GlobalSection(NestedProjects) = preSolution
		{E75A6593-EA57-45A2-AC38-EBBBD7E7465E} = {7AE24405-9DE2-4131-904B-F3ED0F6B104B}
		{F1554EFC-257E-4B7C-9FD2-49CF1E2AD3B6} = {7AE24405-9DE2-4131-904B-F3ED0F6B104B}
		{EC563E5C-D43C-436D-A40D-2D182B1594B6} = {7AE24405-9DE2-4131-904B-F3ED0F6B104B}
		{F92D0E7F-047D-40E0-A39A-428205AC5DF3} = {7AE24405-9DE2-4131-904B-F3ED0F6B104B}
		{8EC756D3-F787-4048-B1D9-88A9A5F4FB2D} = {7AE24405-9DE2-4131-904B-F3ED0F6B104B}
		{9083B567-B75A-4493-A7D8-4DED8C82FCDF} = {7AE24405-9DE2-4131-904B-F3ED0F6B104B}
		{AC3F8177-7048-4AED-8E13-9498DE646C64} = {7AE24405-9DE2-4131-904B-F3ED0F6B104B}
		{7F596461-2B6C-43FD-AABF-4691B8732AEF} = {7AE24405-9DE2-4131-904B-F3ED0F6B104B}
		{4B6C8C28-B2EC-4EDD-B6D8-F90B125CB109} = {7AE24405-9DE2-4131-904B-F3ED0F6B104B}
		{C1A9E7D3-08F4-400E-821D-BE23ED7C454B} = {7AE24405-9DE2-4131-904B-F3ED0F6B104B}
		{DF6A01E5-548B-4FD8-9305-5A6E87B48DC1} = {7AE24405-9DE2-4131-904B-F3ED0F6B104B}
		{58BB7663-9A72-4006-BF8C-3E6367BDCA99} = {7AE24405-9DE2-4131-904B-F3ED0F6B104B}
		{3D0F6210-272F-410D-AEAA-A5722E8C6D95} = {7AE24405-9DE2-4131-904B-F3ED0F6B104B}
		{F325328D-B366-4A2E-9644-90B26E2DD97F} = {7AE24405-9DE2-4131-904B-F3ED0F6B104B}
		{6FE2EAEF-E294-4D4D-BE94-A03D3ABC1653} = {7AE24405-9DE2-4131-904B-F3ED0F6B104B}
		{6F6983D9-4ABB-4623-88CA-31088CB29A39} = {7AE24405-9DE2-4131-904B-F3ED0F6B104B}
		{4B41FE8A-31BB-4245-8699-E32051EADB47} = {B51682FE-19A0-493E-A853-C2BC6DE0FE68}
		{15D0DFCB-A6F0-4607-B3F6-060B6062E62C} = {B51682FE-19A0-493E-A853-C2BC6DE0FE68}
		{14E2739D-1425-4B4C-905B-FDB0D4F13FD3} = {7F596461-2B6C-43FD-AABF-4691B8732AEF}
		{ADB9B07F-4757-42CC-8C4E-FA558DA84712} = {7F596461-2B6C-43FD-AABF-4691B8732AEF}
		{6EB650D2-CA95-4AC7-B828-788C3A77EF83} = {58BB7663-9A72-4006-BF8C-3E6367BDCA99}
		{82101844-F2A8-4F49-92E1-CA066A3489B5} = {4B6C8C28-B2EC-4EDD-B6D8-F90B125CB109}
		{A363133F-3405-4719-B8DC-0F79590191B3} = {4B6C8C28-B2EC-4EDD-B6D8-F90B125CB109}
		{74E8F9FA-69CF-4E39-8013-1FC2EE45DCA1} = {C1A9E7D3-08F4-400E-821D-BE23ED7C454B}
		{BF4B2200-4686-4455-A858-F9F3097E3429} = {C1A9E7D3-08F4-400E-821D-BE23ED7C454B}
		{3CA84AB5-D644-4D07-BAB9-03DD981B3F07} = {F92D0E7F-047D-40E0-A39A-428205AC5DF3}
		{28045FD5-07DD-4D49-8593-8888A49B867F} = {AC3F8177-7048-4AED-8E13-9498DE646C64}
		{FB6C1579-3C40-421A-8D12-5B07C147E132} = {AC3F8177-7048-4AED-8E13-9498DE646C64}
		{A9324646-DC89-493B-A212-B7A812BA66E5} = {AC3F8177-7048-4AED-8E13-9498DE646C64}
		{742E5831-32E3-4151-9924-BC1BECBA2FF8} = {8EC756D3-F787-4048-B1D9-88A9A5F4FB2D}
		{619A4626-93AE-4B7F-8EFC-E4D3DC024D34} = {9083B567-B75A-4493-A7D8-4DED8C82FCDF}
		{2B532AB2-48B6-4291-9EDB-53939A547CC1} = {9083B567-B75A-4493-A7D8-4DED8C82FCDF}
		{F46F02A5-85D5-4ACD-BA4E-0F76841057FF} = {DF6A01E5-548B-4FD8-9305-5A6E87B48DC1}
		{2433D363-94C9-4205-B7A0-BF6880F33F34} = {6F6983D9-4ABB-4623-88CA-31088CB29A39}
		{2C1F42A2-564B-48F2-85C9-25B24F02F2DB} = {E75A6593-EA57-45A2-AC38-EBBBD7E7465E}
		{FB826993-BB6D-406F-B511-0502D1DAF36F} = {E75A6593-EA57-45A2-AC38-EBBBD7E7465E}
		{FBBDA83E-2FD3-44EA-BDDC-A45D629B1779} = {E75A6593-EA57-45A2-AC38-EBBBD7E7465E}
		{E4B616F7-8761-48CD-9CBB-283D67424978} = {F325328D-B366-4A2E-9644-90B26E2DD97F}
		{A9077E08-B7E9-4B6E-B294-6E6F9AAC21CD} = {EC563E5C-D43C-436D-A40D-2D182B1594B6}
		{B6B12A9D-E2F8-4DEF-BC84-ADFC435869BB} = {6FE2EAEF-E294-4D4D-BE94-A03D3ABC1653}
		{DBDF2E18-4E29-4228-BDC6-756883BC5049} = {3D0F6210-272F-410D-AEAA-A5722E8C6D95}
		{135358A4-ACE2-4434-8E5C-362997296EA1} = {3D0F6210-272F-410D-AEAA-A5722E8C6D95}
		{B0E88B42-AF53-4238-8821-FE0D15FCFA76} = {F1554EFC-257E-4B7C-9FD2-49CF1E2AD3B6}
		{91DC65B3-7885-4BC0-B636-0F4AD6F289B6} = {7AE24405-9DE2-4131-904B-F3ED0F6B104B}
		{1D930E11-4FF1-4614-90F6-23863C86EE49} = {B51682FE-19A0-493E-A853-C2BC6DE0FE68}
		{8CA67A53-FA2E-4EC3-9768-8E337B62A522} = {7AE24405-9DE2-4131-904B-F3ED0F6B104B}
		{C570B0BE-8743-45B1-93AD-82C05290ED06} = {8CA67A53-FA2E-4EC3-9768-8E337B62A522}
		{EBB17592-514B-4220-986D-C924DAEEAA52} = {7AE24405-9DE2-4131-904B-F3ED0F6B104B}
		{32EC6FBC-4F25-4BDF-9E3F-866D44574849} = {EBB17592-514B-4220-986D-C924DAEEAA52}
		{4796302E-0940-4AD4-9CDC-41E24E4A9270} = {6FE2EAEF-E294-4D4D-BE94-A03D3ABC1653}
	EndGlobalSection
	GlobalSection(ExtensibilityGlobals) = postSolution
		SolutionGuid = {6A849486-D7B5-49D1-94F6-9D173ACBA581}
	EndGlobalSection
EndGlobal
