
Microsoft Visual Studio Solution File, Format Version 12.00
# Visual Studio Version 16
VisualStudioVersion = 16.0.28803.156
MinimumVisualStudioVersion = 10.0.40219.1
Project("{2150E333-8FDC-42A3-9474-1A3956D46DE8}") = "Application", "Application", "{B51682FE-19A0-493E-A853-C2BC6DE0FE68}"
EndProject
Project("{2150E333-8FDC-42A3-9474-1A3956D46DE8}") = "Infrastructure", "Infrastructure", "{7AE24405-9DE2-4131-904B-F3ED0F6B104B}"
EndProject
Project("{9A19103F-16F7-4668-BE54-9A1E7A4F7556}") = "ST.WebHost", "src\Application\ST.WebHost\ST.WebHost.csproj", "{40176C9E-00F0-4D6A-8F20-2C50980BD656}"
EndProject
Project("{9A19103F-16F7-4668-BE54-9A1E7A4F7556}") = "ST.ProcessEngine", "src\Application\ST.ProcessEngine\ST.ProcessEngine.csproj", "{8254C29C-252F-4F22-A5D4-6DBC58BD8E7D}"
EndProject
Project("{9A19103F-16F7-4668-BE54-9A1E7A4F7556}") = "ST.Audit", "src\Infrastructure\ST.Audit\ST.Audit.csproj", "{2941E6D2-DFE5-43EA-A2D0-49B7FB004036}"
EndProject
Project("{9A19103F-16F7-4668-BE54-9A1E7A4F7556}") = "ST.Entities", "src\Infrastructure\ST.Entities\ST.Entities.csproj", "{2E842ABE-6F78-4648-8281-BAFDC2E80A05}"
EndProject
Project("{9A19103F-16F7-4668-BE54-9A1E7A4F7556}") = "ST.Identity", "src\Infrastructure\ST.Identity\ST.Identity.csproj", "{07B3C009-594D-4785-B0D3-4E6DEA0643BF}"
EndProject
Project("{9A19103F-16F7-4668-BE54-9A1E7A4F7556}") = "ST.Notifications", "src\Infrastructure\ST.Notifications\ST.Notifications.csproj", "{2DE147E3-94C7-4F7E-86ED-D757CAF2EA8E}"
EndProject
Project("{9A19103F-16F7-4668-BE54-9A1E7A4F7556}") = "ST.Procesess", "src\Infrastructure\ST.Processes\ST.Procesess.csproj", "{4226259B-F16A-4609-AEC7-C85744495504}"
EndProject
Project("{9A19103F-16F7-4668-BE54-9A1E7A4F7556}") = "ST.MultiTenant", "src\Infrastructure\ST.Organization\ST.MultiTenant.csproj", "{C7E18167-8B8B-462C-8D50-11D1ED89C8E5}"
EndProject
Project("{9A19103F-16F7-4668-BE54-9A1E7A4F7556}") = "ST.Configuration", "src\Infrastructure\ST.Configuration\ST.Configuration.csproj", "{2466838A-9848-4098-BF2A-6100E765B7F9}"
EndProject
Project("{9A19103F-16F7-4668-BE54-9A1E7A4F7556}") = "ST.DynamicEntityStorage", "src\Infrastructure\ST.DynamicEntityStorage\ST.DynamicEntityStorage.csproj", "{E3FA4FBA-CC33-4FBF-8C14-4203620ACF40}"
EndProject
Project("{9A19103F-16F7-4668-BE54-9A1E7A4F7556}") = "ST.Identity.Razor", "src\Infrastructure\ST.Identity.Razor\ST.Identity.Razor.csproj", "{461445D2-A296-415E-8473-2E460D37BCC5}"
EndProject
Project("{9A19103F-16F7-4668-BE54-9A1E7A4F7556}") = "ST.Notifications.Abstractions", "src\Infrastructure\ST.Notifications.Abstractions\ST.Notifications.Abstractions.csproj", "{75769A59-0A24-4C37-82BB-4D35ED884C43}"
EndProject
Project("{9A19103F-16F7-4668-BE54-9A1E7A4F7556}") = "ST.Core", "src\Infrastructure\ST.Shared\ST.Core.csproj", "{87121EF2-1730-4D60-B598-1B797915D528}"
EndProject
Project("{9A19103F-16F7-4668-BE54-9A1E7A4F7556}") = "ST.DynamicEntityStorage.Abstractions", "src\Infrastructure\ST.DynamicEntityStorage.Abstractions\ST.DynamicEntityStorage.Abstractions.csproj", "{D0D21220-824F-40DF-904B-A468E88F3B3B}"
EndProject
Project("{9A19103F-16F7-4668-BE54-9A1E7A4F7556}") = "ST.Entities.Abstractions", "src\Infrastructure\ST.Entities.Abstractions\ST.Entities.Abstractions.csproj", "{494912F6-91CD-459A-9274-E4A4B0E2B016}"
EndProject
Project("{9A19103F-16F7-4668-BE54-9A1E7A4F7556}") = "ST.Localization.Razor", "src\Infrastructure\ST.Localization.Razor\ST.Localization.Razor.csproj", "{097DD4FA-41FD-445D-8087-7EC9C5D00E22}"
EndProject
Project("{9A19103F-16F7-4668-BE54-9A1E7A4F7556}") = "ST.PageRender.Razor", "src\Infrastructure\ST.PageRender.Razor\ST.PageRender.Razor.csproj", "{676F8EA3-4240-4580-916C-8407D41B2C27}"
EndProject
Project("{2150E333-8FDC-42A3-9474-1A3956D46DE8}") = "Identity", "Identity", "{E75A6593-EA57-45A2-AC38-EBBBD7E7465E}"
EndProject
Project("{2150E333-8FDC-42A3-9474-1A3956D46DE8}") = "Render.Razor", "Render.Razor", "{F1554EFC-257E-4B7C-9FD2-49CF1E2AD3B6}"
EndProject
Project("{2150E333-8FDC-42A3-9474-1A3956D46DE8}") = "Localization.Razor", "Localization.Razor", "{EC563E5C-D43C-436D-A40D-2D182B1594B6}"
EndProject
Project("{2150E333-8FDC-42A3-9474-1A3956D46DE8}") = "Abstractions", "Abstractions", "{8347A3F9-F58E-4EC6-BE16-4F7FCDD438BC}"
EndProject
Project("{2150E333-8FDC-42A3-9474-1A3956D46DE8}") = "Identity.Razor", "Identity.Razor", "{2C7A5DBC-40F5-4646-BB03-DCB2C45E08C1}"
EndProject
Project("{2150E333-8FDC-42A3-9474-1A3956D46DE8}") = "Communication.Razor", "Communication.Razor", "{F92D0E7F-047D-40E0-A39A-428205AC5DF3}"
EndProject
Project("{9A19103F-16F7-4668-BE54-9A1E7A4F7556}") = "ST.Email.Razor", "src\Infrastructure\Communication.Razor\ST.Email.Razor\ST.Email.Razor.csproj", "{40396479-F787-4A9D-8D03-EA4E27A048A0}"
EndProject
Project("{9A19103F-16F7-4668-BE54-9A1E7A4F7556}") = "ST.eCommerce", "src\Application\ST.eCommerce\ST.eCommerce.csproj", "{7C633457-9188-4611-9B84-34A08D9259B9}"
EndProject
Project("{9A19103F-16F7-4668-BE54-9A1E7A4F7556}") = "ST.Forms.Razor", "src\Infrastructure\ST.Form.Razor\ST.Forms.Razor.csproj", "{9F55B676-87A4-4494-BE09-ACD90D6E04BD}"
EndProject
Project("{9A19103F-16F7-4668-BE54-9A1E7A4F7556}") = "ST.Identity.Razor.Users", "src\Infrastructure\ST.Identity.Razor.Users\ST.Identity.Razor.Users.csproj", "{4BA6094A-7621-45DB-8447-4E3F4D964569}"
EndProject
Project("{9A19103F-16F7-4668-BE54-9A1E7A4F7556}") = "ST.Cache", "src\Infrastructure\ST.Cache\ST.Cache.csproj", "{75E7E823-E938-49EC-B129-67935F19E510}"
EndProject
Project("{9A19103F-16F7-4668-BE54-9A1E7A4F7556}") = "ST.Cache.Abstractions", "src\Infrastructure\ST.Cache.Abstractions\ST.Cache.Abstractions.csproj", "{7D19F588-4727-437C-AE8C-B9B338087569}"
EndProject
Project("{9A19103F-16F7-4668-BE54-9A1E7A4F7556}") = "ST.Cache.Razor", "src\Infrastructure\ST.Cache.Razor\ST.Cache.Razor.csproj", "{ADD6F75B-8BCC-459D-9F18-F6A1CBC44FE1}"
EndProject
Project("{9A19103F-16F7-4668-BE54-9A1E7A4F7556}") = "ST.Entities.Security", "src\Infrastructure\ST.Entities.Security\ST.Entities.Security.csproj", "{78FC1EC0-47C0-46A5-83C7-95E87733C8D6}"
EndProject
Project("{9A19103F-16F7-4668-BE54-9A1E7A4F7556}") = "ST.Identity.Abstractions", "src\Infrastructure\ST.Identity.Abstractions\ST.Identity.Abstractions.csproj", "{D462F202-4646-4DF9-8670-A47E9EA9B34E}"
EndProject
Project("{9A19103F-16F7-4668-BE54-9A1E7A4F7556}") = "ST.Process.Razor", "src\Infrastructure\ST.Process.Razor\ST.Process.Razor.csproj", "{08E1B492-B0F0-42B5-9F84-8F22BEEDEAB7}"
EndProject
Project("{9A19103F-16F7-4668-BE54-9A1E7A4F7556}") = "ST.Backup", "src\Infrastructure\ST.Backup\ST.Backup.csproj", "{13BC8BB8-92CA-49A7-A97D-E88FDE50B1D4}"
EndProject
Project("{9A19103F-16F7-4668-BE54-9A1E7A4F7556}") = "ST.Backup.Razor", "src\Infrastructure\ST.Backup.Razor\ST.Backup.Razor.csproj", "{F62C7297-0D81-4DC2-AE55-49D2F260BD16}"
EndProject
Global
	GlobalSection(SolutionConfigurationPlatforms) = preSolution
		Debug|Any CPU = Debug|Any CPU
		Release|Any CPU = Release|Any CPU
		Stage|Any CPU = Stage|Any CPU
	EndGlobalSection
	GlobalSection(ProjectConfigurationPlatforms) = postSolution
		{40176C9E-00F0-4D6A-8F20-2C50980BD656}.Debug|Any CPU.ActiveCfg = Debug|Any CPU
		{40176C9E-00F0-4D6A-8F20-2C50980BD656}.Debug|Any CPU.Build.0 = Debug|Any CPU
		{40176C9E-00F0-4D6A-8F20-2C50980BD656}.Release|Any CPU.ActiveCfg = Release|Any CPU
		{40176C9E-00F0-4D6A-8F20-2C50980BD656}.Release|Any CPU.Build.0 = Release|Any CPU
		{40176C9E-00F0-4D6A-8F20-2C50980BD656}.Stage|Any CPU.ActiveCfg = Debug|Any CPU
		{40176C9E-00F0-4D6A-8F20-2C50980BD656}.Stage|Any CPU.Build.0 = Debug|Any CPU
		{8254C29C-252F-4F22-A5D4-6DBC58BD8E7D}.Debug|Any CPU.ActiveCfg = Debug|Any CPU
		{8254C29C-252F-4F22-A5D4-6DBC58BD8E7D}.Debug|Any CPU.Build.0 = Debug|Any CPU
		{8254C29C-252F-4F22-A5D4-6DBC58BD8E7D}.Release|Any CPU.ActiveCfg = Release|Any CPU
		{8254C29C-252F-4F22-A5D4-6DBC58BD8E7D}.Release|Any CPU.Build.0 = Release|Any CPU
		{8254C29C-252F-4F22-A5D4-6DBC58BD8E7D}.Stage|Any CPU.ActiveCfg = Debug|Any CPU
		{8254C29C-252F-4F22-A5D4-6DBC58BD8E7D}.Stage|Any CPU.Build.0 = Debug|Any CPU
		{2941E6D2-DFE5-43EA-A2D0-49B7FB004036}.Debug|Any CPU.ActiveCfg = Debug|Any CPU
		{2941E6D2-DFE5-43EA-A2D0-49B7FB004036}.Debug|Any CPU.Build.0 = Debug|Any CPU
		{2941E6D2-DFE5-43EA-A2D0-49B7FB004036}.Release|Any CPU.ActiveCfg = Release|Any CPU
		{2941E6D2-DFE5-43EA-A2D0-49B7FB004036}.Release|Any CPU.Build.0 = Release|Any CPU
		{2941E6D2-DFE5-43EA-A2D0-49B7FB004036}.Stage|Any CPU.ActiveCfg = Stage|Any CPU
		{2941E6D2-DFE5-43EA-A2D0-49B7FB004036}.Stage|Any CPU.Build.0 = Stage|Any CPU
		{2E842ABE-6F78-4648-8281-BAFDC2E80A05}.Debug|Any CPU.ActiveCfg = Debug|Any CPU
		{2E842ABE-6F78-4648-8281-BAFDC2E80A05}.Debug|Any CPU.Build.0 = Debug|Any CPU
		{2E842ABE-6F78-4648-8281-BAFDC2E80A05}.Release|Any CPU.ActiveCfg = Release|Any CPU
		{2E842ABE-6F78-4648-8281-BAFDC2E80A05}.Release|Any CPU.Build.0 = Release|Any CPU
		{2E842ABE-6F78-4648-8281-BAFDC2E80A05}.Stage|Any CPU.ActiveCfg = Stage|Any CPU
		{2E842ABE-6F78-4648-8281-BAFDC2E80A05}.Stage|Any CPU.Build.0 = Stage|Any CPU
		{07B3C009-594D-4785-B0D3-4E6DEA0643BF}.Debug|Any CPU.ActiveCfg = Debug|Any CPU
		{07B3C009-594D-4785-B0D3-4E6DEA0643BF}.Debug|Any CPU.Build.0 = Debug|Any CPU
		{07B3C009-594D-4785-B0D3-4E6DEA0643BF}.Release|Any CPU.ActiveCfg = Release|Any CPU
		{07B3C009-594D-4785-B0D3-4E6DEA0643BF}.Release|Any CPU.Build.0 = Release|Any CPU
		{07B3C009-594D-4785-B0D3-4E6DEA0643BF}.Stage|Any CPU.ActiveCfg = Stage|Any CPU
		{07B3C009-594D-4785-B0D3-4E6DEA0643BF}.Stage|Any CPU.Build.0 = Stage|Any CPU
		{2DE147E3-94C7-4F7E-86ED-D757CAF2EA8E}.Debug|Any CPU.ActiveCfg = Debug|Any CPU
		{2DE147E3-94C7-4F7E-86ED-D757CAF2EA8E}.Debug|Any CPU.Build.0 = Debug|Any CPU
		{2DE147E3-94C7-4F7E-86ED-D757CAF2EA8E}.Release|Any CPU.ActiveCfg = Release|Any CPU
		{2DE147E3-94C7-4F7E-86ED-D757CAF2EA8E}.Release|Any CPU.Build.0 = Release|Any CPU
		{2DE147E3-94C7-4F7E-86ED-D757CAF2EA8E}.Stage|Any CPU.ActiveCfg = Stage|Any CPU
		{2DE147E3-94C7-4F7E-86ED-D757CAF2EA8E}.Stage|Any CPU.Build.0 = Stage|Any CPU
		{4226259B-F16A-4609-AEC7-C85744495504}.Debug|Any CPU.ActiveCfg = Debug|Any CPU
		{4226259B-F16A-4609-AEC7-C85744495504}.Debug|Any CPU.Build.0 = Debug|Any CPU
		{4226259B-F16A-4609-AEC7-C85744495504}.Release|Any CPU.ActiveCfg = Release|Any CPU
		{4226259B-F16A-4609-AEC7-C85744495504}.Release|Any CPU.Build.0 = Release|Any CPU
		{4226259B-F16A-4609-AEC7-C85744495504}.Stage|Any CPU.ActiveCfg = Stage|Any CPU
		{4226259B-F16A-4609-AEC7-C85744495504}.Stage|Any CPU.Build.0 = Stage|Any CPU
		{C7E18167-8B8B-462C-8D50-11D1ED89C8E5}.Debug|Any CPU.ActiveCfg = Debug|Any CPU
		{C7E18167-8B8B-462C-8D50-11D1ED89C8E5}.Debug|Any CPU.Build.0 = Debug|Any CPU
		{C7E18167-8B8B-462C-8D50-11D1ED89C8E5}.Release|Any CPU.ActiveCfg = Release|Any CPU
		{C7E18167-8B8B-462C-8D50-11D1ED89C8E5}.Release|Any CPU.Build.0 = Release|Any CPU
		{C7E18167-8B8B-462C-8D50-11D1ED89C8E5}.Stage|Any CPU.ActiveCfg = Debug|Any CPU
		{C7E18167-8B8B-462C-8D50-11D1ED89C8E5}.Stage|Any CPU.Build.0 = Debug|Any CPU
		{2466838A-9848-4098-BF2A-6100E765B7F9}.Debug|Any CPU.ActiveCfg = Debug|Any CPU
		{2466838A-9848-4098-BF2A-6100E765B7F9}.Debug|Any CPU.Build.0 = Debug|Any CPU
		{2466838A-9848-4098-BF2A-6100E765B7F9}.Release|Any CPU.ActiveCfg = Release|Any CPU
		{2466838A-9848-4098-BF2A-6100E765B7F9}.Release|Any CPU.Build.0 = Release|Any CPU
		{2466838A-9848-4098-BF2A-6100E765B7F9}.Stage|Any CPU.ActiveCfg = Debug|Any CPU
		{2466838A-9848-4098-BF2A-6100E765B7F9}.Stage|Any CPU.Build.0 = Debug|Any CPU
		{E3FA4FBA-CC33-4FBF-8C14-4203620ACF40}.Debug|Any CPU.ActiveCfg = Debug|Any CPU
		{E3FA4FBA-CC33-4FBF-8C14-4203620ACF40}.Debug|Any CPU.Build.0 = Debug|Any CPU
		{E3FA4FBA-CC33-4FBF-8C14-4203620ACF40}.Release|Any CPU.ActiveCfg = Release|Any CPU
		{E3FA4FBA-CC33-4FBF-8C14-4203620ACF40}.Release|Any CPU.Build.0 = Release|Any CPU
		{E3FA4FBA-CC33-4FBF-8C14-4203620ACF40}.Stage|Any CPU.ActiveCfg = Debug|Any CPU
		{E3FA4FBA-CC33-4FBF-8C14-4203620ACF40}.Stage|Any CPU.Build.0 = Debug|Any CPU
		{461445D2-A296-415E-8473-2E460D37BCC5}.Debug|Any CPU.ActiveCfg = Debug|Any CPU
		{461445D2-A296-415E-8473-2E460D37BCC5}.Debug|Any CPU.Build.0 = Debug|Any CPU
		{461445D2-A296-415E-8473-2E460D37BCC5}.Release|Any CPU.ActiveCfg = Release|Any CPU
		{461445D2-A296-415E-8473-2E460D37BCC5}.Release|Any CPU.Build.0 = Release|Any CPU
		{461445D2-A296-415E-8473-2E460D37BCC5}.Stage|Any CPU.ActiveCfg = Debug|Any CPU
		{461445D2-A296-415E-8473-2E460D37BCC5}.Stage|Any CPU.Build.0 = Debug|Any CPU
		{75769A59-0A24-4C37-82BB-4D35ED884C43}.Debug|Any CPU.ActiveCfg = Debug|Any CPU
		{75769A59-0A24-4C37-82BB-4D35ED884C43}.Debug|Any CPU.Build.0 = Debug|Any CPU
		{75769A59-0A24-4C37-82BB-4D35ED884C43}.Release|Any CPU.ActiveCfg = Release|Any CPU
		{75769A59-0A24-4C37-82BB-4D35ED884C43}.Release|Any CPU.Build.0 = Release|Any CPU
		{75769A59-0A24-4C37-82BB-4D35ED884C43}.Stage|Any CPU.ActiveCfg = Debug|Any CPU
		{75769A59-0A24-4C37-82BB-4D35ED884C43}.Stage|Any CPU.Build.0 = Debug|Any CPU
		{87121EF2-1730-4D60-B598-1B797915D528}.Debug|Any CPU.ActiveCfg = Debug|Any CPU
		{87121EF2-1730-4D60-B598-1B797915D528}.Debug|Any CPU.Build.0 = Debug|Any CPU
		{87121EF2-1730-4D60-B598-1B797915D528}.Release|Any CPU.ActiveCfg = Release|Any CPU
		{87121EF2-1730-4D60-B598-1B797915D528}.Release|Any CPU.Build.0 = Release|Any CPU
		{87121EF2-1730-4D60-B598-1B797915D528}.Stage|Any CPU.ActiveCfg = Debug|Any CPU
		{87121EF2-1730-4D60-B598-1B797915D528}.Stage|Any CPU.Build.0 = Debug|Any CPU
		{D0D21220-824F-40DF-904B-A468E88F3B3B}.Debug|Any CPU.ActiveCfg = Debug|Any CPU
		{D0D21220-824F-40DF-904B-A468E88F3B3B}.Debug|Any CPU.Build.0 = Debug|Any CPU
		{D0D21220-824F-40DF-904B-A468E88F3B3B}.Release|Any CPU.ActiveCfg = Release|Any CPU
		{D0D21220-824F-40DF-904B-A468E88F3B3B}.Release|Any CPU.Build.0 = Release|Any CPU
		{D0D21220-824F-40DF-904B-A468E88F3B3B}.Stage|Any CPU.ActiveCfg = Debug|Any CPU
		{D0D21220-824F-40DF-904B-A468E88F3B3B}.Stage|Any CPU.Build.0 = Debug|Any CPU
		{494912F6-91CD-459A-9274-E4A4B0E2B016}.Debug|Any CPU.ActiveCfg = Debug|Any CPU
		{494912F6-91CD-459A-9274-E4A4B0E2B016}.Debug|Any CPU.Build.0 = Debug|Any CPU
		{494912F6-91CD-459A-9274-E4A4B0E2B016}.Release|Any CPU.ActiveCfg = Release|Any CPU
		{494912F6-91CD-459A-9274-E4A4B0E2B016}.Release|Any CPU.Build.0 = Release|Any CPU
		{494912F6-91CD-459A-9274-E4A4B0E2B016}.Stage|Any CPU.ActiveCfg = Debug|Any CPU
		{494912F6-91CD-459A-9274-E4A4B0E2B016}.Stage|Any CPU.Build.0 = Debug|Any CPU
		{097DD4FA-41FD-445D-8087-7EC9C5D00E22}.Debug|Any CPU.ActiveCfg = Debug|Any CPU
		{097DD4FA-41FD-445D-8087-7EC9C5D00E22}.Debug|Any CPU.Build.0 = Debug|Any CPU
		{097DD4FA-41FD-445D-8087-7EC9C5D00E22}.Release|Any CPU.ActiveCfg = Release|Any CPU
		{097DD4FA-41FD-445D-8087-7EC9C5D00E22}.Release|Any CPU.Build.0 = Release|Any CPU
		{097DD4FA-41FD-445D-8087-7EC9C5D00E22}.Stage|Any CPU.ActiveCfg = Debug|Any CPU
		{097DD4FA-41FD-445D-8087-7EC9C5D00E22}.Stage|Any CPU.Build.0 = Debug|Any CPU
		{676F8EA3-4240-4580-916C-8407D41B2C27}.Debug|Any CPU.ActiveCfg = Debug|Any CPU
		{676F8EA3-4240-4580-916C-8407D41B2C27}.Debug|Any CPU.Build.0 = Debug|Any CPU
		{676F8EA3-4240-4580-916C-8407D41B2C27}.Release|Any CPU.ActiveCfg = Release|Any CPU
		{676F8EA3-4240-4580-916C-8407D41B2C27}.Release|Any CPU.Build.0 = Release|Any CPU
		{676F8EA3-4240-4580-916C-8407D41B2C27}.Stage|Any CPU.ActiveCfg = Debug|Any CPU
		{676F8EA3-4240-4580-916C-8407D41B2C27}.Stage|Any CPU.Build.0 = Debug|Any CPU
		{40396479-F787-4A9D-8D03-EA4E27A048A0}.Debug|Any CPU.ActiveCfg = Debug|Any CPU
		{40396479-F787-4A9D-8D03-EA4E27A048A0}.Debug|Any CPU.Build.0 = Debug|Any CPU
		{40396479-F787-4A9D-8D03-EA4E27A048A0}.Release|Any CPU.ActiveCfg = Release|Any CPU
		{40396479-F787-4A9D-8D03-EA4E27A048A0}.Release|Any CPU.Build.0 = Release|Any CPU
		{40396479-F787-4A9D-8D03-EA4E27A048A0}.Stage|Any CPU.ActiveCfg = Debug|Any CPU
		{40396479-F787-4A9D-8D03-EA4E27A048A0}.Stage|Any CPU.Build.0 = Debug|Any CPU
		{7C633457-9188-4611-9B84-34A08D9259B9}.Debug|Any CPU.ActiveCfg = Debug|Any CPU
		{7C633457-9188-4611-9B84-34A08D9259B9}.Debug|Any CPU.Build.0 = Debug|Any CPU
		{7C633457-9188-4611-9B84-34A08D9259B9}.Release|Any CPU.ActiveCfg = Release|Any CPU
		{7C633457-9188-4611-9B84-34A08D9259B9}.Release|Any CPU.Build.0 = Release|Any CPU
		{7C633457-9188-4611-9B84-34A08D9259B9}.Stage|Any CPU.ActiveCfg = Debug|Any CPU
		{7C633457-9188-4611-9B84-34A08D9259B9}.Stage|Any CPU.Build.0 = Debug|Any CPU
		{9F55B676-87A4-4494-BE09-ACD90D6E04BD}.Debug|Any CPU.ActiveCfg = Debug|Any CPU
		{9F55B676-87A4-4494-BE09-ACD90D6E04BD}.Debug|Any CPU.Build.0 = Debug|Any CPU
		{9F55B676-87A4-4494-BE09-ACD90D6E04BD}.Release|Any CPU.ActiveCfg = Release|Any CPU
		{9F55B676-87A4-4494-BE09-ACD90D6E04BD}.Release|Any CPU.Build.0 = Release|Any CPU
		{9F55B676-87A4-4494-BE09-ACD90D6E04BD}.Stage|Any CPU.ActiveCfg = Debug|Any CPU
		{9F55B676-87A4-4494-BE09-ACD90D6E04BD}.Stage|Any CPU.Build.0 = Debug|Any CPU
		{4BA6094A-7621-45DB-8447-4E3F4D964569}.Debug|Any CPU.ActiveCfg = Debug|Any CPU
		{4BA6094A-7621-45DB-8447-4E3F4D964569}.Debug|Any CPU.Build.0 = Debug|Any CPU
		{4BA6094A-7621-45DB-8447-4E3F4D964569}.Release|Any CPU.ActiveCfg = Release|Any CPU
		{4BA6094A-7621-45DB-8447-4E3F4D964569}.Release|Any CPU.Build.0 = Release|Any CPU
		{4BA6094A-7621-45DB-8447-4E3F4D964569}.Stage|Any CPU.ActiveCfg = Debug|Any CPU
		{4BA6094A-7621-45DB-8447-4E3F4D964569}.Stage|Any CPU.Build.0 = Debug|Any CPU
		{75E7E823-E938-49EC-B129-67935F19E510}.Debug|Any CPU.ActiveCfg = Debug|Any CPU
		{75E7E823-E938-49EC-B129-67935F19E510}.Debug|Any CPU.Build.0 = Debug|Any CPU
		{75E7E823-E938-49EC-B129-67935F19E510}.Release|Any CPU.ActiveCfg = Release|Any CPU
		{75E7E823-E938-49EC-B129-67935F19E510}.Release|Any CPU.Build.0 = Release|Any CPU
		{75E7E823-E938-49EC-B129-67935F19E510}.Stage|Any CPU.ActiveCfg = Debug|Any CPU
		{75E7E823-E938-49EC-B129-67935F19E510}.Stage|Any CPU.Build.0 = Debug|Any CPU
		{7D19F588-4727-437C-AE8C-B9B338087569}.Debug|Any CPU.ActiveCfg = Debug|Any CPU
		{7D19F588-4727-437C-AE8C-B9B338087569}.Debug|Any CPU.Build.0 = Debug|Any CPU
		{7D19F588-4727-437C-AE8C-B9B338087569}.Release|Any CPU.ActiveCfg = Release|Any CPU
		{7D19F588-4727-437C-AE8C-B9B338087569}.Release|Any CPU.Build.0 = Release|Any CPU
		{7D19F588-4727-437C-AE8C-B9B338087569}.Stage|Any CPU.ActiveCfg = Debug|Any CPU
		{7D19F588-4727-437C-AE8C-B9B338087569}.Stage|Any CPU.Build.0 = Debug|Any CPU
		{ADD6F75B-8BCC-459D-9F18-F6A1CBC44FE1}.Debug|Any CPU.ActiveCfg = Debug|Any CPU
		{ADD6F75B-8BCC-459D-9F18-F6A1CBC44FE1}.Debug|Any CPU.Build.0 = Debug|Any CPU
		{ADD6F75B-8BCC-459D-9F18-F6A1CBC44FE1}.Release|Any CPU.ActiveCfg = Release|Any CPU
		{ADD6F75B-8BCC-459D-9F18-F6A1CBC44FE1}.Release|Any CPU.Build.0 = Release|Any CPU
		{ADD6F75B-8BCC-459D-9F18-F6A1CBC44FE1}.Stage|Any CPU.ActiveCfg = Debug|Any CPU
		{ADD6F75B-8BCC-459D-9F18-F6A1CBC44FE1}.Stage|Any CPU.Build.0 = Debug|Any CPU
		{78FC1EC0-47C0-46A5-83C7-95E87733C8D6}.Debug|Any CPU.ActiveCfg = Debug|Any CPU
		{78FC1EC0-47C0-46A5-83C7-95E87733C8D6}.Debug|Any CPU.Build.0 = Debug|Any CPU
		{78FC1EC0-47C0-46A5-83C7-95E87733C8D6}.Release|Any CPU.ActiveCfg = Release|Any CPU
		{78FC1EC0-47C0-46A5-83C7-95E87733C8D6}.Release|Any CPU.Build.0 = Release|Any CPU
		{78FC1EC0-47C0-46A5-83C7-95E87733C8D6}.Stage|Any CPU.ActiveCfg = Debug|Any CPU
		{78FC1EC0-47C0-46A5-83C7-95E87733C8D6}.Stage|Any CPU.Build.0 = Debug|Any CPU
		{D462F202-4646-4DF9-8670-A47E9EA9B34E}.Debug|Any CPU.ActiveCfg = Debug|Any CPU
		{D462F202-4646-4DF9-8670-A47E9EA9B34E}.Debug|Any CPU.Build.0 = Debug|Any CPU
		{D462F202-4646-4DF9-8670-A47E9EA9B34E}.Release|Any CPU.ActiveCfg = Release|Any CPU
		{D462F202-4646-4DF9-8670-A47E9EA9B34E}.Release|Any CPU.Build.0 = Release|Any CPU
		{D462F202-4646-4DF9-8670-A47E9EA9B34E}.Stage|Any CPU.ActiveCfg = Debug|Any CPU
		{D462F202-4646-4DF9-8670-A47E9EA9B34E}.Stage|Any CPU.Build.0 = Debug|Any CPU
		{08E1B492-B0F0-42B5-9F84-8F22BEEDEAB7}.Debug|Any CPU.ActiveCfg = Debug|Any CPU
		{08E1B492-B0F0-42B5-9F84-8F22BEEDEAB7}.Debug|Any CPU.Build.0 = Debug|Any CPU
		{08E1B492-B0F0-42B5-9F84-8F22BEEDEAB7}.Release|Any CPU.ActiveCfg = Release|Any CPU
		{08E1B492-B0F0-42B5-9F84-8F22BEEDEAB7}.Release|Any CPU.Build.0 = Release|Any CPU
		{08E1B492-B0F0-42B5-9F84-8F22BEEDEAB7}.Stage|Any CPU.ActiveCfg = Debug|Any CPU
		{08E1B492-B0F0-42B5-9F84-8F22BEEDEAB7}.Stage|Any CPU.Build.0 = Debug|Any CPU
		{13BC8BB8-92CA-49A7-A97D-E88FDE50B1D4}.Debug|Any CPU.ActiveCfg = Debug|Any CPU
		{13BC8BB8-92CA-49A7-A97D-E88FDE50B1D4}.Debug|Any CPU.Build.0 = Debug|Any CPU
		{13BC8BB8-92CA-49A7-A97D-E88FDE50B1D4}.Release|Any CPU.ActiveCfg = Release|Any CPU
		{13BC8BB8-92CA-49A7-A97D-E88FDE50B1D4}.Release|Any CPU.Build.0 = Release|Any CPU
		{13BC8BB8-92CA-49A7-A97D-E88FDE50B1D4}.Stage|Any CPU.ActiveCfg = Debug|Any CPU
		{13BC8BB8-92CA-49A7-A97D-E88FDE50B1D4}.Stage|Any CPU.Build.0 = Debug|Any CPU
		{F62C7297-0D81-4DC2-AE55-49D2F260BD16}.Debug|Any CPU.ActiveCfg = Debug|Any CPU
		{F62C7297-0D81-4DC2-AE55-49D2F260BD16}.Debug|Any CPU.Build.0 = Debug|Any CPU
		{F62C7297-0D81-4DC2-AE55-49D2F260BD16}.Release|Any CPU.ActiveCfg = Release|Any CPU
		{F62C7297-0D81-4DC2-AE55-49D2F260BD16}.Release|Any CPU.Build.0 = Release|Any CPU
		{F62C7297-0D81-4DC2-AE55-49D2F260BD16}.Stage|Any CPU.ActiveCfg = Debug|Any CPU
		{F62C7297-0D81-4DC2-AE55-49D2F260BD16}.Stage|Any CPU.Build.0 = Debug|Any CPU
	EndGlobalSection
	GlobalSection(SolutionProperties) = preSolution
		HideSolutionNode = FALSE
	EndGlobalSection
	GlobalSection(NestedProjects) = preSolution
		{40176C9E-00F0-4D6A-8F20-2C50980BD656} = {B51682FE-19A0-493E-A853-C2BC6DE0FE68}
		{8254C29C-252F-4F22-A5D4-6DBC58BD8E7D} = {B51682FE-19A0-493E-A853-C2BC6DE0FE68}
		{2941E6D2-DFE5-43EA-A2D0-49B7FB004036} = {7AE24405-9DE2-4131-904B-F3ED0F6B104B}
		{2E842ABE-6F78-4648-8281-BAFDC2E80A05} = {7AE24405-9DE2-4131-904B-F3ED0F6B104B}
		{07B3C009-594D-4785-B0D3-4E6DEA0643BF} = {E75A6593-EA57-45A2-AC38-EBBBD7E7465E}
		{2DE147E3-94C7-4F7E-86ED-D757CAF2EA8E} = {7AE24405-9DE2-4131-904B-F3ED0F6B104B}
		{4226259B-F16A-4609-AEC7-C85744495504} = {7AE24405-9DE2-4131-904B-F3ED0F6B104B}
		{C7E18167-8B8B-462C-8D50-11D1ED89C8E5} = {E75A6593-EA57-45A2-AC38-EBBBD7E7465E}
		{2466838A-9848-4098-BF2A-6100E765B7F9} = {7AE24405-9DE2-4131-904B-F3ED0F6B104B}
		{E3FA4FBA-CC33-4FBF-8C14-4203620ACF40} = {7AE24405-9DE2-4131-904B-F3ED0F6B104B}
		{461445D2-A296-415E-8473-2E460D37BCC5} = {2C7A5DBC-40F5-4646-BB03-DCB2C45E08C1}
		{75769A59-0A24-4C37-82BB-4D35ED884C43} = {8347A3F9-F58E-4EC6-BE16-4F7FCDD438BC}
		{87121EF2-1730-4D60-B598-1B797915D528} = {7AE24405-9DE2-4131-904B-F3ED0F6B104B}
		{D0D21220-824F-40DF-904B-A468E88F3B3B} = {8347A3F9-F58E-4EC6-BE16-4F7FCDD438BC}
		{494912F6-91CD-459A-9274-E4A4B0E2B016} = {8347A3F9-F58E-4EC6-BE16-4F7FCDD438BC}
		{097DD4FA-41FD-445D-8087-7EC9C5D00E22} = {EC563E5C-D43C-436D-A40D-2D182B1594B6}
		{676F8EA3-4240-4580-916C-8407D41B2C27} = {F1554EFC-257E-4B7C-9FD2-49CF1E2AD3B6}
		{E75A6593-EA57-45A2-AC38-EBBBD7E7465E} = {7AE24405-9DE2-4131-904B-F3ED0F6B104B}
		{F1554EFC-257E-4B7C-9FD2-49CF1E2AD3B6} = {7AE24405-9DE2-4131-904B-F3ED0F6B104B}
		{EC563E5C-D43C-436D-A40D-2D182B1594B6} = {7AE24405-9DE2-4131-904B-F3ED0F6B104B}
		{8347A3F9-F58E-4EC6-BE16-4F7FCDD438BC} = {7AE24405-9DE2-4131-904B-F3ED0F6B104B}
		{2C7A5DBC-40F5-4646-BB03-DCB2C45E08C1} = {E75A6593-EA57-45A2-AC38-EBBBD7E7465E}
		{F92D0E7F-047D-40E0-A39A-428205AC5DF3} = {7AE24405-9DE2-4131-904B-F3ED0F6B104B}
		{40396479-F787-4A9D-8D03-EA4E27A048A0} = {F92D0E7F-047D-40E0-A39A-428205AC5DF3}
		{7C633457-9188-4611-9B84-34A08D9259B9} = {B51682FE-19A0-493E-A853-C2BC6DE0FE68}
		{9F55B676-87A4-4494-BE09-ACD90D6E04BD} = {F1554EFC-257E-4B7C-9FD2-49CF1E2AD3B6}
		{4BA6094A-7621-45DB-8447-4E3F4D964569} = {2C7A5DBC-40F5-4646-BB03-DCB2C45E08C1}
		{75E7E823-E938-49EC-B129-67935F19E510} = {7AE24405-9DE2-4131-904B-F3ED0F6B104B}
		{7D19F588-4727-437C-AE8C-B9B338087569} = {8347A3F9-F58E-4EC6-BE16-4F7FCDD438BC}
		{ADD6F75B-8BCC-459D-9F18-F6A1CBC44FE1} = {2C7A5DBC-40F5-4646-BB03-DCB2C45E08C1}
		{78FC1EC0-47C0-46A5-83C7-95E87733C8D6} = {7AE24405-9DE2-4131-904B-F3ED0F6B104B}
		{D462F202-4646-4DF9-8670-A47E9EA9B34E} = {8347A3F9-F58E-4EC6-BE16-4F7FCDD438BC}
		{08E1B492-B0F0-42B5-9F84-8F22BEEDEAB7} = {7AE24405-9DE2-4131-904B-F3ED0F6B104B}
		{13BC8BB8-92CA-49A7-A97D-E88FDE50B1D4} = {7AE24405-9DE2-4131-904B-F3ED0F6B104B}
		{F62C7297-0D81-4DC2-AE55-49D2F260BD16} = {7AE24405-9DE2-4131-904B-F3ED0F6B104B}
	EndGlobalSection
	GlobalSection(ExtensibilityGlobals) = postSolution
		SolutionGuid = {6A849486-D7B5-49D1-94F6-9D173ACBA581}
	EndGlobalSection
EndGlobal
